Microsoft Visual Studio Solution File, Format Version 11.00
# Visual Studio 2010
Project("{F184B08F-C81C-45F6-A57F-5ABD9991F28F}") = "57 VB Pentamino visuel", "57 VB Pentamino visuel.vbproj", "{3E844BA1-C7B3-47CA-A83E-AF725F6297FC}"
EndProject
Global
	GlobalSection(SolutionConfigurationPlatforms) = preSolution
		Debug|Any CPU = Debug|Any CPU
		Release|Any CPU = Release|Any CPU
	EndGlobalSection
	GlobalSection(ProjectConfigurationPlatforms) = postSolution
		{3E844BA1-C7B3-47CA-A83E-AF725F6297FC}.Debug|Any CPU.ActiveCfg = Debug|Any CPU
		{3E844BA1-C7B3-47CA-A83E-AF725F6297FC}.Debug|Any CPU.Build.0 = Debug|Any CPU
		{3E844BA1-C7B3-47CA-A83E-AF725F6297FC}.Release|Any CPU.ActiveCfg = Release|Any CPU
		{3E844BA1-C7B3-47CA-A83E-AF725F6297FC}.Release|Any CPU.Build.0 = Release|Any CPU
	EndGlobalSection
	GlobalSection(SolutionProperties) = preSolution
		HideSolutionNode = FALSE
	EndGlobalSection
EndGlobal
