Microsoft Visual Studio Solution File, Format Version 12.00
# Visual Studio Version 16
VisualStudioVersion = 16.0.29418.71
MinimumVisualStudioVersion = 10.0.40219.1
Project("{F184B08F-C81C-45F6-A57F-5ABD9991F28F}") = "057 VB Pentamino visuel", "057 VB Pentamino visuel.vbproj", "{B7F59B6C-3207-4BE9-A092-0B2D32C40796}"
EndProject
Global
	GlobalSection(SolutionConfigurationPlatforms) = preSolution
		Debug|Any CPU = Debug|Any CPU
		Debug|x86 = Debug|x86
		Release|Any CPU = Release|Any CPU
		Release|x86 = Release|x86
	EndGlobalSection
	GlobalSection(ProjectConfigurationPlatforms) = postSolution
		{B7F59B6C-3207-4BE9-A092-0B2D32C40796}.Debug|Any CPU.ActiveCfg = Debug|Any CPU
		{B7F59B6C-3207-4BE9-A092-0B2D32C40796}.Debug|Any CPU.Build.0 = Debug|Any CPU
		{B7F59B6C-3207-4BE9-A092-0B2D32C40796}.Debug|x86.ActiveCfg = Debug|x86
		{B7F59B6C-3207-4BE9-A092-0B2D32C40796}.Debug|x86.Build.0 = Debug|x86
		{B7F59B6C-3207-4BE9-A092-0B2D32C40796}.Release|Any CPU.ActiveCfg = Release|Any CPU
		{B7F59B6C-3207-4BE9-A092-0B2D32C40796}.Release|Any CPU.Build.0 = Release|Any CPU
		{B7F59B6C-3207-4BE9-A092-0B2D32C40796}.Release|x86.ActiveCfg = Release|x86
		{B7F59B6C-3207-4BE9-A092-0B2D32C40796}.Release|x86.Build.0 = Release|x86
	EndGlobalSection
	GlobalSection(SolutionProperties) = preSolution
		HideSolutionNode = FALSE
	EndGlobalSection
	GlobalSection(ExtensibilityGlobals) = postSolution
		SolutionGuid = {AAF8AA7E-5485-43FC-89EE-50303E402EB2}
	EndGlobalSection
EndGlobal
