
Microsoft Visual Studio Solution File, Format Version 12.00
# Visual Studio Version 16
VisualStudioVersion = 16.0.31702.278
MinimumVisualStudioVersion = 10.0.40219.1
Project("{778DAE3C-4631-46EA-AA77-85C1314464D9}") = "318 VB Linq to Objects", "318 VB Linq to Objects.vbproj", "{4E068D71-29CD-450D-9C2C-10182540ED67}"
EndProject
Global
	GlobalSection(SolutionConfigurationPlatforms) = preSolution
		Debug|Any CPU = Debug|Any CPU
		Release|Any CPU = Release|Any CPU
	EndGlobalSection
	GlobalSection(ProjectConfigurationPlatforms) = postSolution
		{4E068D71-29CD-450D-9C2C-10182540ED67}.Debug|Any CPU.ActiveCfg = Debug|Any CPU
		{4E068D71-29CD-450D-9C2C-10182540ED67}.Debug|Any CPU.Build.0 = Debug|Any CPU
		{4E068D71-29CD-450D-9C2C-10182540ED67}.Release|Any CPU.ActiveCfg = Release|Any CPU
		{4E068D71-29CD-450D-9C2C-10182540ED67}.Release|Any CPU.Build.0 = Release|Any CPU
	EndGlobalSection
	GlobalSection(SolutionProperties) = preSolution
		HideSolutionNode = FALSE
	EndGlobalSection
	GlobalSection(ExtensibilityGlobals) = postSolution
		SolutionGuid = {B74C255C-990A-4DC7-B979-A2978CF547C2}
	EndGlobalSection
EndGlobal
