Microsoft Visual Studio Solution File, Format Version 11.00
# Visual Studio 2010
Project("{F184B08F-C81C-45F6-A57F-5ABD9991F28F}") = "19 VB Forms", "019 VB Forms.vbproj", "{0A0906FC-25F3-4376-BFE0-0EC9612DF52C}"
EndProject
Global
	GlobalSection(SolutionConfigurationPlatforms) = preSolution
		Debug|Any CPU = Debug|Any CPU
		Release|Any CPU = Release|Any CPU
	EndGlobalSection
	GlobalSection(ProjectConfigurationPlatforms) = postSolution
		{0A0906FC-25F3-4376-BFE0-0EC9612DF52C}.Debug|Any CPU.ActiveCfg = Debug|Any CPU
		{0A0906FC-25F3-4376-BFE0-0EC9612DF52C}.Debug|Any CPU.Build.0 = Debug|Any CPU
		{0A0906FC-25F3-4376-BFE0-0EC9612DF52C}.Release|Any CPU.ActiveCfg = Release|Any CPU
		{0A0906FC-25F3-4376-BFE0-0EC9612DF52C}.Release|Any CPU.Build.0 = Release|Any CPU
	EndGlobalSection
	GlobalSection(SolutionProperties) = preSolution
		HideSolutionNode = FALSE
	EndGlobalSection
EndGlobal
