
Microsoft Visual Studio Solution File, Format Version 12.00
# Visual Studio Version 16
VisualStudioVersion = 16.0.30717.126
MinimumVisualStudioVersion = 10.0.40219.1
Project("{F184B08F-C81C-45F6-A57F-5ABD9991F28F}") = "244 astructw 3.0", "244 astructw 3.0\244 astructw 3.0.vbproj", "{77FC5565-24FB-4E10-829C-97FA7BA333B6}"
EndProject
Project("{F184B08F-C81C-45F6-A57F-5ABD9991F28F}") = "244 astructw 3.1", "244 astructw 3.1\244 astructw 3.1.vbproj", "{B793D68D-E35F-4C96-9235-30210B3B5563}"
EndProject
Project("{F184B08F-C81C-45F6-A57F-5ABD9991F28F}") = "244 astructw 3.10.0", "244 astructw 3.10.0\244 astructw 3.10.0.vbproj", "{F1739F86-8DBD-4E81-A1A4-53E0F511549A}"
EndProject
Project("{F184B08F-C81C-45F6-A57F-5ABD9991F28F}") = "244 astructw 3.11.0", "244 astructw 3.11.0\244 astructw 3.11.0.vbproj", "{6F6277B8-1405-43B9-B962-673F45016BA7}"
EndProject
Project("{F184B08F-C81C-45F6-A57F-5ABD9991F28F}") = "244 astructw 3.12.0", "244 astructw 3.12.0\244 astructw 3.12.0.vbproj", "{CC368936-5092-4BA3-96A9-A36A04A46117}"
EndProject
Project("{F184B08F-C81C-45F6-A57F-5ABD9991F28F}") = "244 astructw 3.2.1", "244 astructw 3.2.1\244 astructw 3.2.1.vbproj", "{17640DC4-4F35-43F9-8A3E-51CACC86CAF7}"
EndProject
Project("{F184B08F-C81C-45F6-A57F-5ABD9991F28F}") = "244 astructw 3.2", "244 astructw 3.2\244 astructw 3.2.vbproj", "{AB6B530E-A1D3-425D-9520-639539E7DD7F}"
EndProject
Project("{F184B08F-C81C-45F6-A57F-5ABD9991F28F}") = "244 astructw 3.3.0", "244 astructw 3.3.0\244 astructw 3.3.0.vbproj", "{BD1EB3CA-3CE1-4296-834D-D2C527F1AE7B}"
EndProject
Project("{F184B08F-C81C-45F6-A57F-5ABD9991F28F}") = "244 astructw 3.3.1", "244 astructw 3.3.1\244 astructw 3.3.1.vbproj", "{6CA47BB0-3D94-4FA0-ABF1-5A0C3EEF6A21}"
EndProject
Project("{F184B08F-C81C-45F6-A57F-5ABD9991F28F}") = "244 astructw 3.3.2", "244 astructw 3.3.2\244 astructw 3.3.2.vbproj", "{B6DA8F6F-9D03-4CE6-90EB-9F045C76D681}"
EndProject
Project("{F184B08F-C81C-45F6-A57F-5ABD9991F28F}") = "244 astructw 3.4", "244 astructw 3.4\244 astructw 3.4.vbproj", "{B33F23B9-04E7-44E9-BFB7-0D70023EE8D0}"
EndProject
Project("{F184B08F-C81C-45F6-A57F-5ABD9991F28F}") = "244 astructw 3.5.3", "244 astructw 3.5.3\244 astructw 3.5.3.vbproj", "{15350436-F739-4DEC-856B-8BD761D7B420}"
EndProject
Project("{F184B08F-C81C-45F6-A57F-5ABD9991F28F}") = "244 astructw 3.5", "244 astructw 3.5\244 astructw 3.5.vbproj", "{00CA6B77-FC87-4313-9ABC-1B03494F3C29}"
EndProject
Project("{F184B08F-C81C-45F6-A57F-5ABD9991F28F}") = "244 astructw 3.6.1", "244 astructw 3.6.1\244 astructw 3.6.1.vbproj", "{0AA2F574-C225-4CC2-AE00-3F33B748DD00}"
EndProject
Project("{F184B08F-C81C-45F6-A57F-5ABD9991F28F}") = "244 astructw 3.6.2", "244 astructw 3.6.2\244 astructw 3.6.2.vbproj", "{35DBC22E-616A-4012-989B-75E90D27B0BE}"
EndProject
Project("{F184B08F-C81C-45F6-A57F-5ABD9991F28F}") = "244 astructw 3.6", "244 astructw 3.6\244 astructw 3.6.vbproj", "{1B3860F1-9E86-4A33-9068-AE1A7CD688A0}"
EndProject
Project("{F184B08F-C81C-45F6-A57F-5ABD9991F28F}") = "244 astructw 3.7.1", "244 astructw 3.7.1\244 astructw 3.7.1.vbproj", "{2CE5D675-C6B6-45DD-B054-16D63DBDF698}"
EndProject
Project("{F184B08F-C81C-45F6-A57F-5ABD9991F28F}") = "244 astructw 3.7.2", "244 astructw 3.7.2\244 astructw 3.7.2.vbproj", "{9A2E3BC3-52D9-4141-93A9-94C763EC846D}"
EndProject
Project("{F184B08F-C81C-45F6-A57F-5ABD9991F28F}") = "244 astructw 3.7.3", "244 astructw 3.7.3\244 astructw 3.7.3.vbproj", "{19DAEFF0-253D-4D24-91F4-75D303573768}"
EndProject
Project("{F184B08F-C81C-45F6-A57F-5ABD9991F28F}") = "244 astructw 3.7", "244 astructw 3.7\244 astructw 3.7.vbproj", "{F42117EC-D8FC-4199-B4CE-401149D16B91}"
EndProject
Project("{F184B08F-C81C-45F6-A57F-5ABD9991F28F}") = "244 astructw 3.8.0", "244 astructw 3.8.0\244 astructw 3.8.0.vbproj", "{822BF167-1654-49F9-83ED-AE9BBFCBDA7C}"
EndProject
Project("{F184B08F-C81C-45F6-A57F-5ABD9991F28F}") = "244 astructw 3.9.0", "244 astructw 3.9.0\244 astructw 3.9.0.vbproj", "{6F8992EA-6A28-424D-A9F5-2B55BD737417}"
EndProject
Project("{F184B08F-C81C-45F6-A57F-5ABD9991F28F}") = "244 astructw 3.9.1", "244 astructw 3.9.1\244 astructw 3.9.1.vbproj", "{4F8AEABF-EE90-4E3D-BE17-268F3BA2FDA1}"
EndProject
Project("{F184B08F-C81C-45F6-A57F-5ABD9991F28F}") = "244 astructw 3.12.2", "244 astructw 3.12.2\244 astructw 3.12.2.vbproj", "{55D3CB9B-3622-4C46-B52D-A3F4EEE2CCE1}"
EndProject
Project("{F184B08F-C81C-45F6-A57F-5ABD9991F28F}") = "244 astructw 3.13", "244 astructw 3.13.0\244 astructw 3.13.vbproj", "{43CFC98C-FDAD-4BE9-8E08-C6874E19C663}"
EndProject
Global
	GlobalSection(SolutionConfigurationPlatforms) = preSolution
		Debug|Any CPU = Debug|Any CPU
		Debug|x86 = Debug|x86
		Release|Any CPU = Release|Any CPU
		Release|x86 = Release|x86
	EndGlobalSection
	GlobalSection(ProjectConfigurationPlatforms) = postSolution
		{77FC5565-24FB-4E10-829C-97FA7BA333B6}.Debug|Any CPU.ActiveCfg = Debug|Any CPU
		{77FC5565-24FB-4E10-829C-97FA7BA333B6}.Debug|Any CPU.Build.0 = Debug|Any CPU
		{77FC5565-24FB-4E10-829C-97FA7BA333B6}.Debug|x86.ActiveCfg = Debug|x86
		{77FC5565-24FB-4E10-829C-97FA7BA333B6}.Debug|x86.Build.0 = Debug|x86
		{77FC5565-24FB-4E10-829C-97FA7BA333B6}.Release|Any CPU.ActiveCfg = Release|Any CPU
		{77FC5565-24FB-4E10-829C-97FA7BA333B6}.Release|Any CPU.Build.0 = Release|Any CPU
		{77FC5565-24FB-4E10-829C-97FA7BA333B6}.Release|x86.ActiveCfg = Release|x86
		{77FC5565-24FB-4E10-829C-97FA7BA333B6}.Release|x86.Build.0 = Release|x86
		{B793D68D-E35F-4C96-9235-30210B3B5563}.Debug|Any CPU.ActiveCfg = Debug|Any CPU
		{B793D68D-E35F-4C96-9235-30210B3B5563}.Debug|Any CPU.Build.0 = Debug|Any CPU
		{B793D68D-E35F-4C96-9235-30210B3B5563}.Debug|x86.ActiveCfg = Debug|Any CPU
		{B793D68D-E35F-4C96-9235-30210B3B5563}.Debug|x86.Build.0 = Debug|Any CPU
		{B793D68D-E35F-4C96-9235-30210B3B5563}.Release|Any CPU.ActiveCfg = Release|Any CPU
		{B793D68D-E35F-4C96-9235-30210B3B5563}.Release|Any CPU.Build.0 = Release|Any CPU
		{B793D68D-E35F-4C96-9235-30210B3B5563}.Release|x86.ActiveCfg = Release|Any CPU
		{B793D68D-E35F-4C96-9235-30210B3B5563}.Release|x86.Build.0 = Release|Any CPU
		{F1739F86-8DBD-4E81-A1A4-53E0F511549A}.Debug|Any CPU.ActiveCfg = Debug|Any CPU
		{F1739F86-8DBD-4E81-A1A4-53E0F511549A}.Debug|Any CPU.Build.0 = Debug|Any CPU
		{F1739F86-8DBD-4E81-A1A4-53E0F511549A}.Debug|x86.ActiveCfg = Debug|Any CPU
		{F1739F86-8DBD-4E81-A1A4-53E0F511549A}.Debug|x86.Build.0 = Debug|Any CPU
		{F1739F86-8DBD-4E81-A1A4-53E0F511549A}.Release|Any CPU.ActiveCfg = Release|Any CPU
		{F1739F86-8DBD-4E81-A1A4-53E0F511549A}.Release|Any CPU.Build.0 = Release|Any CPU
		{F1739F86-8DBD-4E81-A1A4-53E0F511549A}.Release|x86.ActiveCfg = Release|Any CPU
		{F1739F86-8DBD-4E81-A1A4-53E0F511549A}.Release|x86.Build.0 = Release|Any CPU
		{6F6277B8-1405-43B9-B962-673F45016BA7}.Debug|Any CPU.ActiveCfg = Debug|Any CPU
		{6F6277B8-1405-43B9-B962-673F45016BA7}.Debug|Any CPU.Build.0 = Debug|Any CPU
		{6F6277B8-1405-43B9-B962-673F45016BA7}.Debug|x86.ActiveCfg = Debug|Any CPU
		{6F6277B8-1405-43B9-B962-673F45016BA7}.Debug|x86.Build.0 = Debug|Any CPU
		{6F6277B8-1405-43B9-B962-673F45016BA7}.Release|Any CPU.ActiveCfg = Release|Any CPU
		{6F6277B8-1405-43B9-B962-673F45016BA7}.Release|Any CPU.Build.0 = Release|Any CPU
		{6F6277B8-1405-43B9-B962-673F45016BA7}.Release|x86.ActiveCfg = Release|Any CPU
		{6F6277B8-1405-43B9-B962-673F45016BA7}.Release|x86.Build.0 = Release|Any CPU
		{CC368936-5092-4BA3-96A9-A36A04A46117}.Debug|Any CPU.ActiveCfg = Debug|Any CPU
		{CC368936-5092-4BA3-96A9-A36A04A46117}.Debug|Any CPU.Build.0 = Debug|Any CPU
		{CC368936-5092-4BA3-96A9-A36A04A46117}.Debug|x86.ActiveCfg = Debug|Any CPU
		{CC368936-5092-4BA3-96A9-A36A04A46117}.Debug|x86.Build.0 = Debug|Any CPU
		{CC368936-5092-4BA3-96A9-A36A04A46117}.Release|Any CPU.ActiveCfg = Release|Any CPU
		{CC368936-5092-4BA3-96A9-A36A04A46117}.Release|Any CPU.Build.0 = Release|Any CPU
		{CC368936-5092-4BA3-96A9-A36A04A46117}.Release|x86.ActiveCfg = Release|Any CPU
		{CC368936-5092-4BA3-96A9-A36A04A46117}.Release|x86.Build.0 = Release|Any CPU
		{17640DC4-4F35-43F9-8A3E-51CACC86CAF7}.Debug|Any CPU.ActiveCfg = Debug|Any CPU
		{17640DC4-4F35-43F9-8A3E-51CACC86CAF7}.Debug|Any CPU.Build.0 = Debug|Any CPU
		{17640DC4-4F35-43F9-8A3E-51CACC86CAF7}.Debug|x86.ActiveCfg = Debug|Any CPU
		{17640DC4-4F35-43F9-8A3E-51CACC86CAF7}.Debug|x86.Build.0 = Debug|Any CPU
		{17640DC4-4F35-43F9-8A3E-51CACC86CAF7}.Release|Any CPU.ActiveCfg = Release|Any CPU
		{17640DC4-4F35-43F9-8A3E-51CACC86CAF7}.Release|Any CPU.Build.0 = Release|Any CPU
		{17640DC4-4F35-43F9-8A3E-51CACC86CAF7}.Release|x86.ActiveCfg = Release|Any CPU
		{17640DC4-4F35-43F9-8A3E-51CACC86CAF7}.Release|x86.Build.0 = Release|Any CPU
		{AB6B530E-A1D3-425D-9520-639539E7DD7F}.Debug|Any CPU.ActiveCfg = Debug|Any CPU
		{AB6B530E-A1D3-425D-9520-639539E7DD7F}.Debug|Any CPU.Build.0 = Debug|Any CPU
		{AB6B530E-A1D3-425D-9520-639539E7DD7F}.Debug|x86.ActiveCfg = Debug|Any CPU
		{AB6B530E-A1D3-425D-9520-639539E7DD7F}.Debug|x86.Build.0 = Debug|Any CPU
		{AB6B530E-A1D3-425D-9520-639539E7DD7F}.Release|Any CPU.ActiveCfg = Release|Any CPU
		{AB6B530E-A1D3-425D-9520-639539E7DD7F}.Release|Any CPU.Build.0 = Release|Any CPU
		{AB6B530E-A1D3-425D-9520-639539E7DD7F}.Release|x86.ActiveCfg = Release|Any CPU
		{AB6B530E-A1D3-425D-9520-639539E7DD7F}.Release|x86.Build.0 = Release|Any CPU
		{BD1EB3CA-3CE1-4296-834D-D2C527F1AE7B}.Debug|Any CPU.ActiveCfg = Debug|Any CPU
		{BD1EB3CA-3CE1-4296-834D-D2C527F1AE7B}.Debug|Any CPU.Build.0 = Debug|Any CPU
		{BD1EB3CA-3CE1-4296-834D-D2C527F1AE7B}.Debug|x86.ActiveCfg = Debug|Any CPU
		{BD1EB3CA-3CE1-4296-834D-D2C527F1AE7B}.Debug|x86.Build.0 = Debug|Any CPU
		{BD1EB3CA-3CE1-4296-834D-D2C527F1AE7B}.Release|Any CPU.ActiveCfg = Release|Any CPU
		{BD1EB3CA-3CE1-4296-834D-D2C527F1AE7B}.Release|Any CPU.Build.0 = Release|Any CPU
		{BD1EB3CA-3CE1-4296-834D-D2C527F1AE7B}.Release|x86.ActiveCfg = Release|Any CPU
		{BD1EB3CA-3CE1-4296-834D-D2C527F1AE7B}.Release|x86.Build.0 = Release|Any CPU
		{6CA47BB0-3D94-4FA0-ABF1-5A0C3EEF6A21}.Debug|Any CPU.ActiveCfg = Debug|Any CPU
		{6CA47BB0-3D94-4FA0-ABF1-5A0C3EEF6A21}.Debug|Any CPU.Build.0 = Debug|Any CPU
		{6CA47BB0-3D94-4FA0-ABF1-5A0C3EEF6A21}.Debug|x86.ActiveCfg = Debug|Any CPU
		{6CA47BB0-3D94-4FA0-ABF1-5A0C3EEF6A21}.Debug|x86.Build.0 = Debug|Any CPU
		{6CA47BB0-3D94-4FA0-ABF1-5A0C3EEF6A21}.Release|Any CPU.ActiveCfg = Release|Any CPU
		{6CA47BB0-3D94-4FA0-ABF1-5A0C3EEF6A21}.Release|Any CPU.Build.0 = Release|Any CPU
		{6CA47BB0-3D94-4FA0-ABF1-5A0C3EEF6A21}.Release|x86.ActiveCfg = Release|Any CPU
		{6CA47BB0-3D94-4FA0-ABF1-5A0C3EEF6A21}.Release|x86.Build.0 = Release|Any CPU
		{B6DA8F6F-9D03-4CE6-90EB-9F045C76D681}.Debug|Any CPU.ActiveCfg = Debug|Any CPU
		{B6DA8F6F-9D03-4CE6-90EB-9F045C76D681}.Debug|Any CPU.Build.0 = Debug|Any CPU
		{B6DA8F6F-9D03-4CE6-90EB-9F045C76D681}.Debug|x86.ActiveCfg = Debug|Any CPU
		{B6DA8F6F-9D03-4CE6-90EB-9F045C76D681}.Debug|x86.Build.0 = Debug|Any CPU
		{B6DA8F6F-9D03-4CE6-90EB-9F045C76D681}.Release|Any CPU.ActiveCfg = Release|Any CPU
		{B6DA8F6F-9D03-4CE6-90EB-9F045C76D681}.Release|Any CPU.Build.0 = Release|Any CPU
		{B6DA8F6F-9D03-4CE6-90EB-9F045C76D681}.Release|x86.ActiveCfg = Release|Any CPU
		{B6DA8F6F-9D03-4CE6-90EB-9F045C76D681}.Release|x86.Build.0 = Release|Any CPU
		{B33F23B9-04E7-44E9-BFB7-0D70023EE8D0}.Debug|Any CPU.ActiveCfg = Debug|Any CPU
		{B33F23B9-04E7-44E9-BFB7-0D70023EE8D0}.Debug|Any CPU.Build.0 = Debug|Any CPU
		{B33F23B9-04E7-44E9-BFB7-0D70023EE8D0}.Debug|x86.ActiveCfg = Debug|Any CPU
		{B33F23B9-04E7-44E9-BFB7-0D70023EE8D0}.Debug|x86.Build.0 = Debug|Any CPU
		{B33F23B9-04E7-44E9-BFB7-0D70023EE8D0}.Release|Any CPU.ActiveCfg = Release|Any CPU
		{B33F23B9-04E7-44E9-BFB7-0D70023EE8D0}.Release|Any CPU.Build.0 = Release|Any CPU
		{B33F23B9-04E7-44E9-BFB7-0D70023EE8D0}.Release|x86.ActiveCfg = Release|Any CPU
		{B33F23B9-04E7-44E9-BFB7-0D70023EE8D0}.Release|x86.Build.0 = Release|Any CPU
		{15350436-F739-4DEC-856B-8BD761D7B420}.Debug|Any CPU.ActiveCfg = Debug|Any CPU
		{15350436-F739-4DEC-856B-8BD761D7B420}.Debug|Any CPU.Build.0 = Debug|Any CPU
		{15350436-F739-4DEC-856B-8BD761D7B420}.Debug|x86.ActiveCfg = Debug|Any CPU
		{15350436-F739-4DEC-856B-8BD761D7B420}.Debug|x86.Build.0 = Debug|Any CPU
		{15350436-F739-4DEC-856B-8BD761D7B420}.Release|Any CPU.ActiveCfg = Release|Any CPU
		{15350436-F739-4DEC-856B-8BD761D7B420}.Release|Any CPU.Build.0 = Release|Any CPU
		{15350436-F739-4DEC-856B-8BD761D7B420}.Release|x86.ActiveCfg = Release|Any CPU
		{15350436-F739-4DEC-856B-8BD761D7B420}.Release|x86.Build.0 = Release|Any CPU
		{00CA6B77-FC87-4313-9ABC-1B03494F3C29}.Debug|Any CPU.ActiveCfg = Debug|Any CPU
		{00CA6B77-FC87-4313-9ABC-1B03494F3C29}.Debug|Any CPU.Build.0 = Debug|Any CPU
		{00CA6B77-FC87-4313-9ABC-1B03494F3C29}.Debug|x86.ActiveCfg = Debug|Any CPU
		{00CA6B77-FC87-4313-9ABC-1B03494F3C29}.Debug|x86.Build.0 = Debug|Any CPU
		{00CA6B77-FC87-4313-9ABC-1B03494F3C29}.Release|Any CPU.ActiveCfg = Release|Any CPU
		{00CA6B77-FC87-4313-9ABC-1B03494F3C29}.Release|Any CPU.Build.0 = Release|Any CPU
		{00CA6B77-FC87-4313-9ABC-1B03494F3C29}.Release|x86.ActiveCfg = Release|Any CPU
		{00CA6B77-FC87-4313-9ABC-1B03494F3C29}.Release|x86.Build.0 = Release|Any CPU
		{0AA2F574-C225-4CC2-AE00-3F33B748DD00}.Debug|Any CPU.ActiveCfg = Debug|Any CPU
		{0AA2F574-C225-4CC2-AE00-3F33B748DD00}.Debug|Any CPU.Build.0 = Debug|Any CPU
		{0AA2F574-C225-4CC2-AE00-3F33B748DD00}.Debug|x86.ActiveCfg = Debug|Any CPU
		{0AA2F574-C225-4CC2-AE00-3F33B748DD00}.Debug|x86.Build.0 = Debug|Any CPU
		{0AA2F574-C225-4CC2-AE00-3F33B748DD00}.Release|Any CPU.ActiveCfg = Release|Any CPU
		{0AA2F574-C225-4CC2-AE00-3F33B748DD00}.Release|Any CPU.Build.0 = Release|Any CPU
		{0AA2F574-C225-4CC2-AE00-3F33B748DD00}.Release|x86.ActiveCfg = Release|Any CPU
		{0AA2F574-C225-4CC2-AE00-3F33B748DD00}.Release|x86.Build.0 = Release|Any CPU
		{35DBC22E-616A-4012-989B-75E90D27B0BE}.Debug|Any CPU.ActiveCfg = Debug|Any CPU
		{35DBC22E-616A-4012-989B-75E90D27B0BE}.Debug|Any CPU.Build.0 = Debug|Any CPU
		{35DBC22E-616A-4012-989B-75E90D27B0BE}.Debug|x86.ActiveCfg = Debug|Any CPU
		{35DBC22E-616A-4012-989B-75E90D27B0BE}.Debug|x86.Build.0 = Debug|Any CPU
		{35DBC22E-616A-4012-989B-75E90D27B0BE}.Release|Any CPU.ActiveCfg = Release|Any CPU
		{35DBC22E-616A-4012-989B-75E90D27B0BE}.Release|Any CPU.Build.0 = Release|Any CPU
		{35DBC22E-616A-4012-989B-75E90D27B0BE}.Release|x86.ActiveCfg = Release|Any CPU
		{35DBC22E-616A-4012-989B-75E90D27B0BE}.Release|x86.Build.0 = Release|Any CPU
		{1B3860F1-9E86-4A33-9068-AE1A7CD688A0}.Debug|Any CPU.ActiveCfg = Debug|Any CPU
		{1B3860F1-9E86-4A33-9068-AE1A7CD688A0}.Debug|Any CPU.Build.0 = Debug|Any CPU
		{1B3860F1-9E86-4A33-9068-AE1A7CD688A0}.Debug|x86.ActiveCfg = Debug|Any CPU
		{1B3860F1-9E86-4A33-9068-AE1A7CD688A0}.Debug|x86.Build.0 = Debug|Any CPU
		{1B3860F1-9E86-4A33-9068-AE1A7CD688A0}.Release|Any CPU.ActiveCfg = Release|Any CPU
		{1B3860F1-9E86-4A33-9068-AE1A7CD688A0}.Release|Any CPU.Build.0 = Release|Any CPU
		{1B3860F1-9E86-4A33-9068-AE1A7CD688A0}.Release|x86.ActiveCfg = Release|Any CPU
		{1B3860F1-9E86-4A33-9068-AE1A7CD688A0}.Release|x86.Build.0 = Release|Any CPU
		{2CE5D675-C6B6-45DD-B054-16D63DBDF698}.Debug|Any CPU.ActiveCfg = Debug|Any CPU
		{2CE5D675-C6B6-45DD-B054-16D63DBDF698}.Debug|Any CPU.Build.0 = Debug|Any CPU
		{2CE5D675-C6B6-45DD-B054-16D63DBDF698}.Debug|x86.ActiveCfg = Debug|Any CPU
		{2CE5D675-C6B6-45DD-B054-16D63DBDF698}.Debug|x86.Build.0 = Debug|Any CPU
		{2CE5D675-C6B6-45DD-B054-16D63DBDF698}.Release|Any CPU.ActiveCfg = Release|Any CPU
		{2CE5D675-C6B6-45DD-B054-16D63DBDF698}.Release|Any CPU.Build.0 = Release|Any CPU
		{2CE5D675-C6B6-45DD-B054-16D63DBDF698}.Release|x86.ActiveCfg = Release|Any CPU
		{2CE5D675-C6B6-45DD-B054-16D63DBDF698}.Release|x86.Build.0 = Release|Any CPU
		{9A2E3BC3-52D9-4141-93A9-94C763EC846D}.Debug|Any CPU.ActiveCfg = Debug|Any CPU
		{9A2E3BC3-52D9-4141-93A9-94C763EC846D}.Debug|Any CPU.Build.0 = Debug|Any CPU
		{9A2E3BC3-52D9-4141-93A9-94C763EC846D}.Debug|x86.ActiveCfg = Debug|Any CPU
		{9A2E3BC3-52D9-4141-93A9-94C763EC846D}.Debug|x86.Build.0 = Debug|Any CPU
		{9A2E3BC3-52D9-4141-93A9-94C763EC846D}.Release|Any CPU.ActiveCfg = Release|Any CPU
		{9A2E3BC3-52D9-4141-93A9-94C763EC846D}.Release|Any CPU.Build.0 = Release|Any CPU
		{9A2E3BC3-52D9-4141-93A9-94C763EC846D}.Release|x86.ActiveCfg = Release|Any CPU
		{9A2E3BC3-52D9-4141-93A9-94C763EC846D}.Release|x86.Build.0 = Release|Any CPU
		{19DAEFF0-253D-4D24-91F4-75D303573768}.Debug|Any CPU.ActiveCfg = Debug|Any CPU
		{19DAEFF0-253D-4D24-91F4-75D303573768}.Debug|Any CPU.Build.0 = Debug|Any CPU
		{19DAEFF0-253D-4D24-91F4-75D303573768}.Debug|x86.ActiveCfg = Debug|Any CPU
		{19DAEFF0-253D-4D24-91F4-75D303573768}.Debug|x86.Build.0 = Debug|Any CPU
		{19DAEFF0-253D-4D24-91F4-75D303573768}.Release|Any CPU.ActiveCfg = Release|Any CPU
		{19DAEFF0-253D-4D24-91F4-75D303573768}.Release|Any CPU.Build.0 = Release|Any CPU
		{19DAEFF0-253D-4D24-91F4-75D303573768}.Release|x86.ActiveCfg = Release|Any CPU
		{19DAEFF0-253D-4D24-91F4-75D303573768}.Release|x86.Build.0 = Release|Any CPU
		{F42117EC-D8FC-4199-B4CE-401149D16B91}.Debug|Any CPU.ActiveCfg = Debug|Any CPU
		{F42117EC-D8FC-4199-B4CE-401149D16B91}.Debug|Any CPU.Build.0 = Debug|Any CPU
		{F42117EC-D8FC-4199-B4CE-401149D16B91}.Debug|x86.ActiveCfg = Debug|Any CPU
		{F42117EC-D8FC-4199-B4CE-401149D16B91}.Debug|x86.Build.0 = Debug|Any CPU
		{F42117EC-D8FC-4199-B4CE-401149D16B91}.Release|Any CPU.ActiveCfg = Release|Any CPU
		{F42117EC-D8FC-4199-B4CE-401149D16B91}.Release|Any CPU.Build.0 = Release|Any CPU
		{F42117EC-D8FC-4199-B4CE-401149D16B91}.Release|x86.ActiveCfg = Release|Any CPU
		{F42117EC-D8FC-4199-B4CE-401149D16B91}.Release|x86.Build.0 = Release|Any CPU
		{822BF167-1654-49F9-83ED-AE9BBFCBDA7C}.Debug|Any CPU.ActiveCfg = Debug|Any CPU
		{822BF167-1654-49F9-83ED-AE9BBFCBDA7C}.Debug|Any CPU.Build.0 = Debug|Any CPU
		{822BF167-1654-49F9-83ED-AE9BBFCBDA7C}.Debug|x86.ActiveCfg = Debug|Any CPU
		{822BF167-1654-49F9-83ED-AE9BBFCBDA7C}.Debug|x86.Build.0 = Debug|Any CPU
		{822BF167-1654-49F9-83ED-AE9BBFCBDA7C}.Release|Any CPU.ActiveCfg = Release|Any CPU
		{822BF167-1654-49F9-83ED-AE9BBFCBDA7C}.Release|Any CPU.Build.0 = Release|Any CPU
		{822BF167-1654-49F9-83ED-AE9BBFCBDA7C}.Release|x86.ActiveCfg = Release|Any CPU
		{822BF167-1654-49F9-83ED-AE9BBFCBDA7C}.Release|x86.Build.0 = Release|Any CPU
		{6F8992EA-6A28-424D-A9F5-2B55BD737417}.Debug|Any CPU.ActiveCfg = Debug|Any CPU
		{6F8992EA-6A28-424D-A9F5-2B55BD737417}.Debug|Any CPU.Build.0 = Debug|Any CPU
		{6F8992EA-6A28-424D-A9F5-2B55BD737417}.Debug|x86.ActiveCfg = Debug|Any CPU
		{6F8992EA-6A28-424D-A9F5-2B55BD737417}.Debug|x86.Build.0 = Debug|Any CPU
		{6F8992EA-6A28-424D-A9F5-2B55BD737417}.Release|Any CPU.ActiveCfg = Release|Any CPU
		{6F8992EA-6A28-424D-A9F5-2B55BD737417}.Release|Any CPU.Build.0 = Release|Any CPU
		{6F8992EA-6A28-424D-A9F5-2B55BD737417}.Release|x86.ActiveCfg = Release|Any CPU
		{6F8992EA-6A28-424D-A9F5-2B55BD737417}.Release|x86.Build.0 = Release|Any CPU
		{4F8AEABF-EE90-4E3D-BE17-268F3BA2FDA1}.Debug|Any CPU.ActiveCfg = Debug|Any CPU
		{4F8AEABF-EE90-4E3D-BE17-268F3BA2FDA1}.Debug|Any CPU.Build.0 = Debug|Any CPU
		{4F8AEABF-EE90-4E3D-BE17-268F3BA2FDA1}.Debug|x86.ActiveCfg = Debug|Any CPU
		{4F8AEABF-EE90-4E3D-BE17-268F3BA2FDA1}.Debug|x86.Build.0 = Debug|Any CPU
		{4F8AEABF-EE90-4E3D-BE17-268F3BA2FDA1}.Release|Any CPU.ActiveCfg = Release|Any CPU
		{4F8AEABF-EE90-4E3D-BE17-268F3BA2FDA1}.Release|Any CPU.Build.0 = Release|Any CPU
		{4F8AEABF-EE90-4E3D-BE17-268F3BA2FDA1}.Release|x86.ActiveCfg = Release|Any CPU
		{4F8AEABF-EE90-4E3D-BE17-268F3BA2FDA1}.Release|x86.Build.0 = Release|Any CPU
		{55D3CB9B-3622-4C46-B52D-A3F4EEE2CCE1}.Debug|Any CPU.ActiveCfg = Debug|Any CPU
		{55D3CB9B-3622-4C46-B52D-A3F4EEE2CCE1}.Debug|Any CPU.Build.0 = Debug|Any CPU
		{55D3CB9B-3622-4C46-B52D-A3F4EEE2CCE1}.Debug|x86.ActiveCfg = Debug|x86
		{55D3CB9B-3622-4C46-B52D-A3F4EEE2CCE1}.Debug|x86.Build.0 = Debug|x86
		{55D3CB9B-3622-4C46-B52D-A3F4EEE2CCE1}.Release|Any CPU.ActiveCfg = Release|Any CPU
		{55D3CB9B-3622-4C46-B52D-A3F4EEE2CCE1}.Release|Any CPU.Build.0 = Release|Any CPU
		{55D3CB9B-3622-4C46-B52D-A3F4EEE2CCE1}.Release|x86.ActiveCfg = Release|x86
		{55D3CB9B-3622-4C46-B52D-A3F4EEE2CCE1}.Release|x86.Build.0 = Release|x86
		{43CFC98C-FDAD-4BE9-8E08-C6874E19C663}.Debug|Any CPU.ActiveCfg = Debug|Any CPU
		{43CFC98C-FDAD-4BE9-8E08-C6874E19C663}.Debug|Any CPU.Build.0 = Debug|Any CPU
		{43CFC98C-FDAD-4BE9-8E08-C6874E19C663}.Debug|x86.ActiveCfg = Debug|x86
		{43CFC98C-FDAD-4BE9-8E08-C6874E19C663}.Debug|x86.Build.0 = Debug|x86
		{43CFC98C-FDAD-4BE9-8E08-C6874E19C663}.Release|Any CPU.ActiveCfg = Release|Any CPU
		{43CFC98C-FDAD-4BE9-8E08-C6874E19C663}.Release|Any CPU.Build.0 = Release|Any CPU
		{43CFC98C-FDAD-4BE9-8E08-C6874E19C663}.Release|x86.ActiveCfg = Release|x86
		{43CFC98C-FDAD-4BE9-8E08-C6874E19C663}.Release|x86.Build.0 = Release|x86
	EndGlobalSection
	GlobalSection(SolutionProperties) = preSolution
		HideSolutionNode = FALSE
	EndGlobalSection
	GlobalSection(ExtensibilityGlobals) = postSolution
		SolutionGuid = {8D6F9913-10CA-4163-97DF-096AD4986495}
	EndGlobalSection
EndGlobal
