
Microsoft Visual Studio Solution File, Format Version 12.00
# Visual Studio Version 16
VisualStudioVersion = 16.0.31702.278
MinimumVisualStudioVersion = 10.0.40219.1
Project("{9A19103F-16F7-4668-BE54-9A1E7A4F7556}") = "421 CS Recursive Iterator and Data Pipeline", "421 CS Recursive Iterator and Data Pipeline.csproj", "{5C677E23-1977-4591-BCC9-1D8A6B604D96}"
EndProject
Global
	GlobalSection(SolutionConfigurationPlatforms) = preSolution
		Debug|Any CPU = Debug|Any CPU
		Release|Any CPU = Release|Any CPU
	EndGlobalSection
	GlobalSection(ProjectConfigurationPlatforms) = postSolution
		{5C677E23-1977-4591-BCC9-1D8A6B604D96}.Debug|Any CPU.ActiveCfg = Debug|Any CPU
		{5C677E23-1977-4591-BCC9-1D8A6B604D96}.Debug|Any CPU.Build.0 = Debug|Any CPU
		{5C677E23-1977-4591-BCC9-1D8A6B604D96}.Release|Any CPU.ActiveCfg = Release|Any CPU
		{5C677E23-1977-4591-BCC9-1D8A6B604D96}.Release|Any CPU.Build.0 = Release|Any CPU
	EndGlobalSection
	GlobalSection(SolutionProperties) = preSolution
		HideSolutionNode = FALSE
	EndGlobalSection
	GlobalSection(ExtensibilityGlobals) = postSolution
		SolutionGuid = {C39A27B0-02A6-463D-81CC-022295AB1984}
	EndGlobalSection
EndGlobal
