
Microsoft Visual Studio Solution File, Format Version 12.00
# Visual Studio Version 16
VisualStudioVersion = 16.0.31702.278
MinimumVisualStudioVersion = 10.0.40219.1
Project("{8BC9CEB8-8B4A-11D0-8D11-00A0C91BC942}") = "539 C Order", "539 C Order\Project1.vcxproj", "{C8291783-CE66-417B-8AB6-770474911F38}"
EndProject
Project("{778DAE3C-4631-46EA-AA77-85C1314464D9}") = "543 VB Arrays", "543 VB Arrays\543 VB Arrays.vbproj", "{9CDB3953-B6A8-4DB4-ABEC-F7E52655224A}"
EndProject
Project("{9A19103F-16F7-4668-BE54-9A1E7A4F7556}") = "549 CS Strcmp Accent and Case insensitive", "549 CS Strcmp Accent and Case insensitive\549 CS Strcmp Accent and Case insensitive.csproj", "{A204312B-EF42-4487-A0BA-D6BE69395495}"
EndProject
Project("{9A19103F-16F7-4668-BE54-9A1E7A4F7556}") = "547 CS Array initialization and CS Interactive", "547 CS Array initialization and CS Interactive\547 CS Array initialization and CS Interactive.csproj", "{6D183C99-CB84-4618-9304-94F8EA43A291}"
EndProject
Project("{9A19103F-16F7-4668-BE54-9A1E7A4F7556}") = "544 CS SkipAt Choice GetRange Shuffle", "544 CS SkipAt and Choice\544 CS SkipAt Choice GetRange Shuffle.csproj", "{9689D8C1-7F29-4B93-8FDA-4D1A0304A5CA}"
EndProject
Project("{9A19103F-16F7-4668-BE54-9A1E7A4F7556}") = "543 CS Arrays", "543 CS Arrays\543 CS Arrays.csproj", "{8CDEA4FB-1EDD-42CD-945B-9609618E9955}"
EndProject
Project("{9A19103F-16F7-4668-BE54-9A1E7A4F7556}") = "542 CS Arrays ByRef", "542 CS Arrays ByRef\542 CS Arrays ByRef.csproj", "{70AF1AFD-24DB-4F61-8F5A-C34FC500E411}"
EndProject
Project("{9A19103F-16F7-4668-BE54-9A1E7A4F7556}") = "541 CS BitVector32", "541 CS BitVector32\541 CS BitVector32.csproj", "{361886EA-D2D4-4EDA-8986-76EE5B754FA5}"
EndProject
Project("{9A19103F-16F7-4668-BE54-9A1E7A4F7556}") = "540 CS Synchronization", "540 CS Synchronization\540 CS Synchronization.csproj", "{F42D378E-1F86-43C0-85F3-1843FED6B47D}"
EndProject
Project("{9A19103F-16F7-4668-BE54-9A1E7A4F7556}") = "537 CS Validate xml using xsd Schema", "537 CS Validate xml using xsd Schema\537 CS Validate xml using xsd Schema.csproj", "{0E3562E7-ED27-43BF-97D4-512F1741A820}"
EndProject
Project("{9A19103F-16F7-4668-BE54-9A1E7A4F7556}") = "536 CS DLL Settings and Resources Test", "536 CS DLL Settings and Resources\TestApplication\536 CS DLL Settings and Resources Test.csproj", "{4A4370A2-1189-42DF-8923-20FDBF37AD74}"
EndProject
Project("{9A19103F-16F7-4668-BE54-9A1E7A4F7556}") = "536 CS DLL Settings and Resources", "536 CS DLL Settings and Resources\Arithmetic\536 CS DLL Settings and Resources.csproj", "{CBA2B00F-9F71-4797-B6CB-F6C1DF48271E}"
EndProject
Project("{9A19103F-16F7-4668-BE54-9A1E7A4F7556}") = "535 CS DoubleAlmostEqual", "535 CS DoubleAlmostEqual\535 CS DoubleAlmostEqual.csproj", "{75F796D6-994A-4EA1-8A98-D30144AF8449}"
EndProject
Project("{9A19103F-16F7-4668-BE54-9A1E7A4F7556}") = "534 CS Normalized Filesystem", "534 CS Normalized Filesystem\534 CS Normalized Filesystem.csproj", "{FF1188DA-6DE5-44C4-A4FC-B131F706B017}"
EndProject
Project("{9A19103F-16F7-4668-BE54-9A1E7A4F7556}") = "533 CS String Distance", "533 CS String Distance\533 CS String Distance.csproj", "{D912A649-72D3-4633-883B-E9C5C745DDB4}"
EndProject
Project("{9A19103F-16F7-4668-BE54-9A1E7A4F7556}") = "532 CS VS2015 New", "532 CS VS2015 New\532 CS VS2015 New.csproj", "{351D2768-4BC7-4813-92E8-35F2E70ABBCF}"
EndProject
Project("{9A19103F-16F7-4668-BE54-9A1E7A4F7556}") = "531 CS Vietnamese Puzzle", "531 CS Vietnamese Puzzle\531 CS Vietnamese Puzzle.csproj", "{CC8780BC-1C35-49F1-94EA-C62BE45BEB46}"
EndProject
Project("{9A19103F-16F7-4668-BE54-9A1E7A4F7556}") = "530 CS Hilbert Text", "530 CS Hilbert Text\530 CS Hilbert Text.csproj", "{AE8B9667-8A1D-4CFE-9A86-DA5F9FBA9F8B}"
EndProject
Project("{9A19103F-16F7-4668-BE54-9A1E7A4F7556}") = "529 CS Boxes", "529 CS Boxes\529 CS Boxes.csproj", "{F7E88297-6568-4908-BF6B-7F06FFC50A16}"
EndProject
Project("{9A19103F-16F7-4668-BE54-9A1E7A4F7556}") = "528 CS This Is A String", "528 CS This Is A String\528 CS This Is A String.csproj", "{61F0E68C-D506-4867-AD63-9FE5D749426C}"
EndProject
Project("{9A19103F-16F7-4668-BE54-9A1E7A4F7556}") = "527 CS List Serialization", "527 CS List Serialization\527 CS List Serialization.csproj", "{F30008F7-F5A7-4052-9BE9-358B504A7134}"
EndProject
Project("{9A19103F-16F7-4668-BE54-9A1E7A4F7556}") = "526 CS Nombres de Friedman", "526 CS Nombres de Friedman\526 CS Nombres de Friedman.csproj", "{EB2CA78F-FD9E-4368-AB32-A2C520471684}"
EndProject
Project("{9A19103F-16F7-4668-BE54-9A1E7A4F7556}") = "525 CS Suite de Rowland", "525 CS Suite de Rowland\525 CS Suite de Rowland.csproj", "{1DFC8805-560C-40A9-B321-B1DFA3F00732}"
EndProject
Project("{9A19103F-16F7-4668-BE54-9A1E7A4F7556}") = "524b CS Cordic HalfTrig", "524b CS Cordic HalfTrig\524b CS Cordic HalfTrig.csproj", "{29436A17-EC8D-47A4-9910-C4EDE47F5C33}"
EndProject
Project("{9A19103F-16F7-4668-BE54-9A1E7A4F7556}") = "524 CS Cordic", "524 CS Cordic\524 CS Cordic.csproj", "{650F2155-C01C-4B3D-97DC-E81C6C677511}"
EndProject
Project("{9A19103F-16F7-4668-BE54-9A1E7A4F7556}") = "523 CS UnblockMe Solver Visual", "523_2 CS UnblockMe Visual Solver\523 CS UnblockMe Solver Visual.csproj", "{78F52324-714D-49AE-8EEE-6D2032387273}"
EndProject
Project("{9A19103F-16F7-4668-BE54-9A1E7A4F7556}") = "523_1 CS UnblockMe Solver", "523_1 CS UnblockMe Solver\523_1 CS UnblockMe Solver.csproj", "{5C559674-AD08-465F-B5D6-37BB1D92DE73}"
EndProject
Project("{9A19103F-16F7-4668-BE54-9A1E7A4F7556}") = "522 CS Ed850", "522 CS Ed850\522 CS Ed850.csproj", "{1DEA634A-7B2A-4C03-93B6-212D4530BD61}"
EndProject
Project("{9A19103F-16F7-4668-BE54-9A1E7A4F7556}") = "520 CS StringDecomposition", "520 CS StringDecomposition\520 CS StringDecomposition.csproj", "{1C7E2243-C728-419F-903B-4A5C951750E4}"
EndProject
Global
	GlobalSection(SolutionConfigurationPlatforms) = preSolution
		Debug|Any CPU = Debug|Any CPU
		Debug|x64 = Debug|x64
		Debug|x86 = Debug|x86
		Release|Any CPU = Release|Any CPU
		Release|x64 = Release|x64
		Release|x86 = Release|x86
	EndGlobalSection
	GlobalSection(ProjectConfigurationPlatforms) = postSolution
		{C8291783-CE66-417B-8AB6-770474911F38}.Debug|Any CPU.ActiveCfg = Debug|Win32
		{C8291783-CE66-417B-8AB6-770474911F38}.Debug|x64.ActiveCfg = Debug|x64
		{C8291783-CE66-417B-8AB6-770474911F38}.Debug|x64.Build.0 = Debug|x64
		{C8291783-CE66-417B-8AB6-770474911F38}.Debug|x86.ActiveCfg = Debug|Win32
		{C8291783-CE66-417B-8AB6-770474911F38}.Debug|x86.Build.0 = Debug|Win32
		{C8291783-CE66-417B-8AB6-770474911F38}.Release|Any CPU.ActiveCfg = Release|Win32
		{C8291783-CE66-417B-8AB6-770474911F38}.Release|x64.ActiveCfg = Release|x64
		{C8291783-CE66-417B-8AB6-770474911F38}.Release|x64.Build.0 = Release|x64
		{C8291783-CE66-417B-8AB6-770474911F38}.Release|x86.ActiveCfg = Release|Win32
		{C8291783-CE66-417B-8AB6-770474911F38}.Release|x86.Build.0 = Release|Win32
		{9CDB3953-B6A8-4DB4-ABEC-F7E52655224A}.Debug|Any CPU.ActiveCfg = Debug|Any CPU
		{9CDB3953-B6A8-4DB4-ABEC-F7E52655224A}.Debug|Any CPU.Build.0 = Debug|Any CPU
		{9CDB3953-B6A8-4DB4-ABEC-F7E52655224A}.Debug|x64.ActiveCfg = Debug|Any CPU
		{9CDB3953-B6A8-4DB4-ABEC-F7E52655224A}.Debug|x64.Build.0 = Debug|Any CPU
		{9CDB3953-B6A8-4DB4-ABEC-F7E52655224A}.Debug|x86.ActiveCfg = Debug|Any CPU
		{9CDB3953-B6A8-4DB4-ABEC-F7E52655224A}.Debug|x86.Build.0 = Debug|Any CPU
		{9CDB3953-B6A8-4DB4-ABEC-F7E52655224A}.Release|Any CPU.ActiveCfg = Release|Any CPU
		{9CDB3953-B6A8-4DB4-ABEC-F7E52655224A}.Release|Any CPU.Build.0 = Release|Any CPU
		{9CDB3953-B6A8-4DB4-ABEC-F7E52655224A}.Release|x64.ActiveCfg = Release|Any CPU
		{9CDB3953-B6A8-4DB4-ABEC-F7E52655224A}.Release|x64.Build.0 = Release|Any CPU
		{9CDB3953-B6A8-4DB4-ABEC-F7E52655224A}.Release|x86.ActiveCfg = Release|Any CPU
		{9CDB3953-B6A8-4DB4-ABEC-F7E52655224A}.Release|x86.Build.0 = Release|Any CPU
		{A204312B-EF42-4487-A0BA-D6BE69395495}.Debug|Any CPU.ActiveCfg = Debug|Any CPU
		{A204312B-EF42-4487-A0BA-D6BE69395495}.Debug|Any CPU.Build.0 = Debug|Any CPU
		{A204312B-EF42-4487-A0BA-D6BE69395495}.Debug|x64.ActiveCfg = Debug|Any CPU
		{A204312B-EF42-4487-A0BA-D6BE69395495}.Debug|x64.Build.0 = Debug|Any CPU
		{A204312B-EF42-4487-A0BA-D6BE69395495}.Debug|x86.ActiveCfg = Debug|Any CPU
		{A204312B-EF42-4487-A0BA-D6BE69395495}.Debug|x86.Build.0 = Debug|Any CPU
		{A204312B-EF42-4487-A0BA-D6BE69395495}.Release|Any CPU.ActiveCfg = Release|Any CPU
		{A204312B-EF42-4487-A0BA-D6BE69395495}.Release|Any CPU.Build.0 = Release|Any CPU
		{A204312B-EF42-4487-A0BA-D6BE69395495}.Release|x64.ActiveCfg = Release|Any CPU
		{A204312B-EF42-4487-A0BA-D6BE69395495}.Release|x64.Build.0 = Release|Any CPU
		{A204312B-EF42-4487-A0BA-D6BE69395495}.Release|x86.ActiveCfg = Release|Any CPU
		{A204312B-EF42-4487-A0BA-D6BE69395495}.Release|x86.Build.0 = Release|Any CPU
		{6D183C99-CB84-4618-9304-94F8EA43A291}.Debug|Any CPU.ActiveCfg = Debug|Any CPU
		{6D183C99-CB84-4618-9304-94F8EA43A291}.Debug|Any CPU.Build.0 = Debug|Any CPU
		{6D183C99-CB84-4618-9304-94F8EA43A291}.Debug|x64.ActiveCfg = Debug|Any CPU
		{6D183C99-CB84-4618-9304-94F8EA43A291}.Debug|x64.Build.0 = Debug|Any CPU
		{6D183C99-CB84-4618-9304-94F8EA43A291}.Debug|x86.ActiveCfg = Debug|Any CPU
		{6D183C99-CB84-4618-9304-94F8EA43A291}.Debug|x86.Build.0 = Debug|Any CPU
		{6D183C99-CB84-4618-9304-94F8EA43A291}.Release|Any CPU.ActiveCfg = Release|Any CPU
		{6D183C99-CB84-4618-9304-94F8EA43A291}.Release|Any CPU.Build.0 = Release|Any CPU
		{6D183C99-CB84-4618-9304-94F8EA43A291}.Release|x64.ActiveCfg = Release|Any CPU
		{6D183C99-CB84-4618-9304-94F8EA43A291}.Release|x64.Build.0 = Release|Any CPU
		{6D183C99-CB84-4618-9304-94F8EA43A291}.Release|x86.ActiveCfg = Release|Any CPU
		{6D183C99-CB84-4618-9304-94F8EA43A291}.Release|x86.Build.0 = Release|Any CPU
		{9689D8C1-7F29-4B93-8FDA-4D1A0304A5CA}.Debug|Any CPU.ActiveCfg = Debug|Any CPU
		{9689D8C1-7F29-4B93-8FDA-4D1A0304A5CA}.Debug|Any CPU.Build.0 = Debug|Any CPU
		{9689D8C1-7F29-4B93-8FDA-4D1A0304A5CA}.Debug|x64.ActiveCfg = Debug|Any CPU
		{9689D8C1-7F29-4B93-8FDA-4D1A0304A5CA}.Debug|x64.Build.0 = Debug|Any CPU
		{9689D8C1-7F29-4B93-8FDA-4D1A0304A5CA}.Debug|x86.ActiveCfg = Debug|Any CPU
		{9689D8C1-7F29-4B93-8FDA-4D1A0304A5CA}.Debug|x86.Build.0 = Debug|Any CPU
		{9689D8C1-7F29-4B93-8FDA-4D1A0304A5CA}.Release|Any CPU.ActiveCfg = Release|Any CPU
		{9689D8C1-7F29-4B93-8FDA-4D1A0304A5CA}.Release|Any CPU.Build.0 = Release|Any CPU
		{9689D8C1-7F29-4B93-8FDA-4D1A0304A5CA}.Release|x64.ActiveCfg = Release|Any CPU
		{9689D8C1-7F29-4B93-8FDA-4D1A0304A5CA}.Release|x64.Build.0 = Release|Any CPU
		{9689D8C1-7F29-4B93-8FDA-4D1A0304A5CA}.Release|x86.ActiveCfg = Release|Any CPU
		{9689D8C1-7F29-4B93-8FDA-4D1A0304A5CA}.Release|x86.Build.0 = Release|Any CPU
		{8CDEA4FB-1EDD-42CD-945B-9609618E9955}.Debug|Any CPU.ActiveCfg = Debug|Any CPU
		{8CDEA4FB-1EDD-42CD-945B-9609618E9955}.Debug|Any CPU.Build.0 = Debug|Any CPU
		{8CDEA4FB-1EDD-42CD-945B-9609618E9955}.Debug|x64.ActiveCfg = Debug|Any CPU
		{8CDEA4FB-1EDD-42CD-945B-9609618E9955}.Debug|x64.Build.0 = Debug|Any CPU
		{8CDEA4FB-1EDD-42CD-945B-9609618E9955}.Debug|x86.ActiveCfg = Debug|Any CPU
		{8CDEA4FB-1EDD-42CD-945B-9609618E9955}.Debug|x86.Build.0 = Debug|Any CPU
		{8CDEA4FB-1EDD-42CD-945B-9609618E9955}.Release|Any CPU.ActiveCfg = Release|Any CPU
		{8CDEA4FB-1EDD-42CD-945B-9609618E9955}.Release|Any CPU.Build.0 = Release|Any CPU
		{8CDEA4FB-1EDD-42CD-945B-9609618E9955}.Release|x64.ActiveCfg = Release|Any CPU
		{8CDEA4FB-1EDD-42CD-945B-9609618E9955}.Release|x64.Build.0 = Release|Any CPU
		{8CDEA4FB-1EDD-42CD-945B-9609618E9955}.Release|x86.ActiveCfg = Release|Any CPU
		{8CDEA4FB-1EDD-42CD-945B-9609618E9955}.Release|x86.Build.0 = Release|Any CPU
		{70AF1AFD-24DB-4F61-8F5A-C34FC500E411}.Debug|Any CPU.ActiveCfg = Debug|Any CPU
		{70AF1AFD-24DB-4F61-8F5A-C34FC500E411}.Debug|Any CPU.Build.0 = Debug|Any CPU
		{70AF1AFD-24DB-4F61-8F5A-C34FC500E411}.Debug|x64.ActiveCfg = Debug|Any CPU
		{70AF1AFD-24DB-4F61-8F5A-C34FC500E411}.Debug|x64.Build.0 = Debug|Any CPU
		{70AF1AFD-24DB-4F61-8F5A-C34FC500E411}.Debug|x86.ActiveCfg = Debug|Any CPU
		{70AF1AFD-24DB-4F61-8F5A-C34FC500E411}.Debug|x86.Build.0 = Debug|Any CPU
		{70AF1AFD-24DB-4F61-8F5A-C34FC500E411}.Release|Any CPU.ActiveCfg = Release|Any CPU
		{70AF1AFD-24DB-4F61-8F5A-C34FC500E411}.Release|Any CPU.Build.0 = Release|Any CPU
		{70AF1AFD-24DB-4F61-8F5A-C34FC500E411}.Release|x64.ActiveCfg = Release|Any CPU
		{70AF1AFD-24DB-4F61-8F5A-C34FC500E411}.Release|x64.Build.0 = Release|Any CPU
		{70AF1AFD-24DB-4F61-8F5A-C34FC500E411}.Release|x86.ActiveCfg = Release|Any CPU
		{70AF1AFD-24DB-4F61-8F5A-C34FC500E411}.Release|x86.Build.0 = Release|Any CPU
		{361886EA-D2D4-4EDA-8986-76EE5B754FA5}.Debug|Any CPU.ActiveCfg = Debug|Any CPU
		{361886EA-D2D4-4EDA-8986-76EE5B754FA5}.Debug|Any CPU.Build.0 = Debug|Any CPU
		{361886EA-D2D4-4EDA-8986-76EE5B754FA5}.Debug|x64.ActiveCfg = Debug|Any CPU
		{361886EA-D2D4-4EDA-8986-76EE5B754FA5}.Debug|x64.Build.0 = Debug|Any CPU
		{361886EA-D2D4-4EDA-8986-76EE5B754FA5}.Debug|x86.ActiveCfg = Debug|Any CPU
		{361886EA-D2D4-4EDA-8986-76EE5B754FA5}.Debug|x86.Build.0 = Debug|Any CPU
		{361886EA-D2D4-4EDA-8986-76EE5B754FA5}.Release|Any CPU.ActiveCfg = Release|Any CPU
		{361886EA-D2D4-4EDA-8986-76EE5B754FA5}.Release|Any CPU.Build.0 = Release|Any CPU
		{361886EA-D2D4-4EDA-8986-76EE5B754FA5}.Release|x64.ActiveCfg = Release|Any CPU
		{361886EA-D2D4-4EDA-8986-76EE5B754FA5}.Release|x64.Build.0 = Release|Any CPU
		{361886EA-D2D4-4EDA-8986-76EE5B754FA5}.Release|x86.ActiveCfg = Release|Any CPU
		{361886EA-D2D4-4EDA-8986-76EE5B754FA5}.Release|x86.Build.0 = Release|Any CPU
		{F42D378E-1F86-43C0-85F3-1843FED6B47D}.Debug|Any CPU.ActiveCfg = Debug|Any CPU
		{F42D378E-1F86-43C0-85F3-1843FED6B47D}.Debug|Any CPU.Build.0 = Debug|Any CPU
		{F42D378E-1F86-43C0-85F3-1843FED6B47D}.Debug|x64.ActiveCfg = Debug|Any CPU
		{F42D378E-1F86-43C0-85F3-1843FED6B47D}.Debug|x64.Build.0 = Debug|Any CPU
		{F42D378E-1F86-43C0-85F3-1843FED6B47D}.Debug|x86.ActiveCfg = Debug|Any CPU
		{F42D378E-1F86-43C0-85F3-1843FED6B47D}.Debug|x86.Build.0 = Debug|Any CPU
		{F42D378E-1F86-43C0-85F3-1843FED6B47D}.Release|Any CPU.ActiveCfg = Release|Any CPU
		{F42D378E-1F86-43C0-85F3-1843FED6B47D}.Release|Any CPU.Build.0 = Release|Any CPU
		{F42D378E-1F86-43C0-85F3-1843FED6B47D}.Release|x64.ActiveCfg = Release|Any CPU
		{F42D378E-1F86-43C0-85F3-1843FED6B47D}.Release|x64.Build.0 = Release|Any CPU
		{F42D378E-1F86-43C0-85F3-1843FED6B47D}.Release|x86.ActiveCfg = Release|Any CPU
		{F42D378E-1F86-43C0-85F3-1843FED6B47D}.Release|x86.Build.0 = Release|Any CPU
		{0E3562E7-ED27-43BF-97D4-512F1741A820}.Debug|Any CPU.ActiveCfg = Debug|Any CPU
		{0E3562E7-ED27-43BF-97D4-512F1741A820}.Debug|Any CPU.Build.0 = Debug|Any CPU
		{0E3562E7-ED27-43BF-97D4-512F1741A820}.Debug|x64.ActiveCfg = Debug|Any CPU
		{0E3562E7-ED27-43BF-97D4-512F1741A820}.Debug|x64.Build.0 = Debug|Any CPU
		{0E3562E7-ED27-43BF-97D4-512F1741A820}.Debug|x86.ActiveCfg = Debug|Any CPU
		{0E3562E7-ED27-43BF-97D4-512F1741A820}.Debug|x86.Build.0 = Debug|Any CPU
		{0E3562E7-ED27-43BF-97D4-512F1741A820}.Release|Any CPU.ActiveCfg = Release|Any CPU
		{0E3562E7-ED27-43BF-97D4-512F1741A820}.Release|Any CPU.Build.0 = Release|Any CPU
		{0E3562E7-ED27-43BF-97D4-512F1741A820}.Release|x64.ActiveCfg = Release|Any CPU
		{0E3562E7-ED27-43BF-97D4-512F1741A820}.Release|x64.Build.0 = Release|Any CPU
		{0E3562E7-ED27-43BF-97D4-512F1741A820}.Release|x86.ActiveCfg = Release|Any CPU
		{0E3562E7-ED27-43BF-97D4-512F1741A820}.Release|x86.Build.0 = Release|Any CPU
		{4A4370A2-1189-42DF-8923-20FDBF37AD74}.Debug|Any CPU.ActiveCfg = Debug|Any CPU
		{4A4370A2-1189-42DF-8923-20FDBF37AD74}.Debug|Any CPU.Build.0 = Debug|Any CPU
		{4A4370A2-1189-42DF-8923-20FDBF37AD74}.Debug|x64.ActiveCfg = Debug|Any CPU
		{4A4370A2-1189-42DF-8923-20FDBF37AD74}.Debug|x64.Build.0 = Debug|Any CPU
		{4A4370A2-1189-42DF-8923-20FDBF37AD74}.Debug|x86.ActiveCfg = Debug|Any CPU
		{4A4370A2-1189-42DF-8923-20FDBF37AD74}.Debug|x86.Build.0 = Debug|Any CPU
		{4A4370A2-1189-42DF-8923-20FDBF37AD74}.Release|Any CPU.ActiveCfg = Release|Any CPU
		{4A4370A2-1189-42DF-8923-20FDBF37AD74}.Release|Any CPU.Build.0 = Release|Any CPU
		{4A4370A2-1189-42DF-8923-20FDBF37AD74}.Release|x64.ActiveCfg = Release|Any CPU
		{4A4370A2-1189-42DF-8923-20FDBF37AD74}.Release|x64.Build.0 = Release|Any CPU
		{4A4370A2-1189-42DF-8923-20FDBF37AD74}.Release|x86.ActiveCfg = Release|Any CPU
		{4A4370A2-1189-42DF-8923-20FDBF37AD74}.Release|x86.Build.0 = Release|Any CPU
		{CBA2B00F-9F71-4797-B6CB-F6C1DF48271E}.Debug|Any CPU.ActiveCfg = Debug|Any CPU
		{CBA2B00F-9F71-4797-B6CB-F6C1DF48271E}.Debug|Any CPU.Build.0 = Debug|Any CPU
		{CBA2B00F-9F71-4797-B6CB-F6C1DF48271E}.Debug|x64.ActiveCfg = Debug|Any CPU
		{CBA2B00F-9F71-4797-B6CB-F6C1DF48271E}.Debug|x64.Build.0 = Debug|Any CPU
		{CBA2B00F-9F71-4797-B6CB-F6C1DF48271E}.Debug|x86.ActiveCfg = Debug|Any CPU
		{CBA2B00F-9F71-4797-B6CB-F6C1DF48271E}.Debug|x86.Build.0 = Debug|Any CPU
		{CBA2B00F-9F71-4797-B6CB-F6C1DF48271E}.Release|Any CPU.ActiveCfg = Release|Any CPU
		{CBA2B00F-9F71-4797-B6CB-F6C1DF48271E}.Release|Any CPU.Build.0 = Release|Any CPU
		{CBA2B00F-9F71-4797-B6CB-F6C1DF48271E}.Release|x64.ActiveCfg = Release|Any CPU
		{CBA2B00F-9F71-4797-B6CB-F6C1DF48271E}.Release|x64.Build.0 = Release|Any CPU
		{CBA2B00F-9F71-4797-B6CB-F6C1DF48271E}.Release|x86.ActiveCfg = Release|Any CPU
		{CBA2B00F-9F71-4797-B6CB-F6C1DF48271E}.Release|x86.Build.0 = Release|Any CPU
		{75F796D6-994A-4EA1-8A98-D30144AF8449}.Debug|Any CPU.ActiveCfg = Debug|Any CPU
		{75F796D6-994A-4EA1-8A98-D30144AF8449}.Debug|Any CPU.Build.0 = Debug|Any CPU
		{75F796D6-994A-4EA1-8A98-D30144AF8449}.Debug|x64.ActiveCfg = Debug|Any CPU
		{75F796D6-994A-4EA1-8A98-D30144AF8449}.Debug|x64.Build.0 = Debug|Any CPU
		{75F796D6-994A-4EA1-8A98-D30144AF8449}.Debug|x86.ActiveCfg = Debug|Any CPU
		{75F796D6-994A-4EA1-8A98-D30144AF8449}.Debug|x86.Build.0 = Debug|Any CPU
		{75F796D6-994A-4EA1-8A98-D30144AF8449}.Release|Any CPU.ActiveCfg = Release|Any CPU
		{75F796D6-994A-4EA1-8A98-D30144AF8449}.Release|Any CPU.Build.0 = Release|Any CPU
		{75F796D6-994A-4EA1-8A98-D30144AF8449}.Release|x64.ActiveCfg = Release|Any CPU
		{75F796D6-994A-4EA1-8A98-D30144AF8449}.Release|x64.Build.0 = Release|Any CPU
		{75F796D6-994A-4EA1-8A98-D30144AF8449}.Release|x86.ActiveCfg = Release|Any CPU
		{75F796D6-994A-4EA1-8A98-D30144AF8449}.Release|x86.Build.0 = Release|Any CPU
		{FF1188DA-6DE5-44C4-A4FC-B131F706B017}.Debug|Any CPU.ActiveCfg = Debug|Any CPU
		{FF1188DA-6DE5-44C4-A4FC-B131F706B017}.Debug|Any CPU.Build.0 = Debug|Any CPU
		{FF1188DA-6DE5-44C4-A4FC-B131F706B017}.Debug|x64.ActiveCfg = Debug|Any CPU
		{FF1188DA-6DE5-44C4-A4FC-B131F706B017}.Debug|x64.Build.0 = Debug|Any CPU
		{FF1188DA-6DE5-44C4-A4FC-B131F706B017}.Debug|x86.ActiveCfg = Debug|Any CPU
		{FF1188DA-6DE5-44C4-A4FC-B131F706B017}.Debug|x86.Build.0 = Debug|Any CPU
		{FF1188DA-6DE5-44C4-A4FC-B131F706B017}.Release|Any CPU.ActiveCfg = Release|Any CPU
		{FF1188DA-6DE5-44C4-A4FC-B131F706B017}.Release|Any CPU.Build.0 = Release|Any CPU
		{FF1188DA-6DE5-44C4-A4FC-B131F706B017}.Release|x64.ActiveCfg = Release|Any CPU
		{FF1188DA-6DE5-44C4-A4FC-B131F706B017}.Release|x64.Build.0 = Release|Any CPU
		{FF1188DA-6DE5-44C4-A4FC-B131F706B017}.Release|x86.ActiveCfg = Release|Any CPU
		{FF1188DA-6DE5-44C4-A4FC-B131F706B017}.Release|x86.Build.0 = Release|Any CPU
		{D912A649-72D3-4633-883B-E9C5C745DDB4}.Debug|Any CPU.ActiveCfg = Debug|Any CPU
		{D912A649-72D3-4633-883B-E9C5C745DDB4}.Debug|Any CPU.Build.0 = Debug|Any CPU
		{D912A649-72D3-4633-883B-E9C5C745DDB4}.Debug|x64.ActiveCfg = Debug|Any CPU
		{D912A649-72D3-4633-883B-E9C5C745DDB4}.Debug|x64.Build.0 = Debug|Any CPU
		{D912A649-72D3-4633-883B-E9C5C745DDB4}.Debug|x86.ActiveCfg = Debug|Any CPU
		{D912A649-72D3-4633-883B-E9C5C745DDB4}.Debug|x86.Build.0 = Debug|Any CPU
		{D912A649-72D3-4633-883B-E9C5C745DDB4}.Release|Any CPU.ActiveCfg = Release|Any CPU
		{D912A649-72D3-4633-883B-E9C5C745DDB4}.Release|Any CPU.Build.0 = Release|Any CPU
		{D912A649-72D3-4633-883B-E9C5C745DDB4}.Release|x64.ActiveCfg = Release|Any CPU
		{D912A649-72D3-4633-883B-E9C5C745DDB4}.Release|x64.Build.0 = Release|Any CPU
		{D912A649-72D3-4633-883B-E9C5C745DDB4}.Release|x86.ActiveCfg = Release|Any CPU
		{D912A649-72D3-4633-883B-E9C5C745DDB4}.Release|x86.Build.0 = Release|Any CPU
		{351D2768-4BC7-4813-92E8-35F2E70ABBCF}.Debug|Any CPU.ActiveCfg = Debug|Any CPU
		{351D2768-4BC7-4813-92E8-35F2E70ABBCF}.Debug|Any CPU.Build.0 = Debug|Any CPU
		{351D2768-4BC7-4813-92E8-35F2E70ABBCF}.Debug|x64.ActiveCfg = Debug|Any CPU
		{351D2768-4BC7-4813-92E8-35F2E70ABBCF}.Debug|x64.Build.0 = Debug|Any CPU
		{351D2768-4BC7-4813-92E8-35F2E70ABBCF}.Debug|x86.ActiveCfg = Debug|Any CPU
		{351D2768-4BC7-4813-92E8-35F2E70ABBCF}.Debug|x86.Build.0 = Debug|Any CPU
		{351D2768-4BC7-4813-92E8-35F2E70ABBCF}.Release|Any CPU.ActiveCfg = Release|Any CPU
		{351D2768-4BC7-4813-92E8-35F2E70ABBCF}.Release|Any CPU.Build.0 = Release|Any CPU
		{351D2768-4BC7-4813-92E8-35F2E70ABBCF}.Release|x64.ActiveCfg = Release|Any CPU
		{351D2768-4BC7-4813-92E8-35F2E70ABBCF}.Release|x64.Build.0 = Release|Any CPU
		{351D2768-4BC7-4813-92E8-35F2E70ABBCF}.Release|x86.ActiveCfg = Release|Any CPU
		{351D2768-4BC7-4813-92E8-35F2E70ABBCF}.Release|x86.Build.0 = Release|Any CPU
		{CC8780BC-1C35-49F1-94EA-C62BE45BEB46}.Debug|Any CPU.ActiveCfg = Debug|Any CPU
		{CC8780BC-1C35-49F1-94EA-C62BE45BEB46}.Debug|Any CPU.Build.0 = Debug|Any CPU
		{CC8780BC-1C35-49F1-94EA-C62BE45BEB46}.Debug|x64.ActiveCfg = Debug|Any CPU
		{CC8780BC-1C35-49F1-94EA-C62BE45BEB46}.Debug|x64.Build.0 = Debug|Any CPU
		{CC8780BC-1C35-49F1-94EA-C62BE45BEB46}.Debug|x86.ActiveCfg = Debug|Any CPU
		{CC8780BC-1C35-49F1-94EA-C62BE45BEB46}.Debug|x86.Build.0 = Debug|Any CPU
		{CC8780BC-1C35-49F1-94EA-C62BE45BEB46}.Release|Any CPU.ActiveCfg = Release|Any CPU
		{CC8780BC-1C35-49F1-94EA-C62BE45BEB46}.Release|Any CPU.Build.0 = Release|Any CPU
		{CC8780BC-1C35-49F1-94EA-C62BE45BEB46}.Release|x64.ActiveCfg = Release|Any CPU
		{CC8780BC-1C35-49F1-94EA-C62BE45BEB46}.Release|x64.Build.0 = Release|Any CPU
		{CC8780BC-1C35-49F1-94EA-C62BE45BEB46}.Release|x86.ActiveCfg = Release|Any CPU
		{CC8780BC-1C35-49F1-94EA-C62BE45BEB46}.Release|x86.Build.0 = Release|Any CPU
		{AE8B9667-8A1D-4CFE-9A86-DA5F9FBA9F8B}.Debug|Any CPU.ActiveCfg = Debug|Any CPU
		{AE8B9667-8A1D-4CFE-9A86-DA5F9FBA9F8B}.Debug|Any CPU.Build.0 = Debug|Any CPU
		{AE8B9667-8A1D-4CFE-9A86-DA5F9FBA9F8B}.Debug|x64.ActiveCfg = Debug|Any CPU
		{AE8B9667-8A1D-4CFE-9A86-DA5F9FBA9F8B}.Debug|x64.Build.0 = Debug|Any CPU
		{AE8B9667-8A1D-4CFE-9A86-DA5F9FBA9F8B}.Debug|x86.ActiveCfg = Debug|Any CPU
		{AE8B9667-8A1D-4CFE-9A86-DA5F9FBA9F8B}.Debug|x86.Build.0 = Debug|Any CPU
		{AE8B9667-8A1D-4CFE-9A86-DA5F9FBA9F8B}.Release|Any CPU.ActiveCfg = Release|Any CPU
		{AE8B9667-8A1D-4CFE-9A86-DA5F9FBA9F8B}.Release|Any CPU.Build.0 = Release|Any CPU
		{AE8B9667-8A1D-4CFE-9A86-DA5F9FBA9F8B}.Release|x64.ActiveCfg = Release|Any CPU
		{AE8B9667-8A1D-4CFE-9A86-DA5F9FBA9F8B}.Release|x64.Build.0 = Release|Any CPU
		{AE8B9667-8A1D-4CFE-9A86-DA5F9FBA9F8B}.Release|x86.ActiveCfg = Release|Any CPU
		{AE8B9667-8A1D-4CFE-9A86-DA5F9FBA9F8B}.Release|x86.Build.0 = Release|Any CPU
		{F7E88297-6568-4908-BF6B-7F06FFC50A16}.Debug|Any CPU.ActiveCfg = Debug|Any CPU
		{F7E88297-6568-4908-BF6B-7F06FFC50A16}.Debug|Any CPU.Build.0 = Debug|Any CPU
		{F7E88297-6568-4908-BF6B-7F06FFC50A16}.Debug|x64.ActiveCfg = Debug|Any CPU
		{F7E88297-6568-4908-BF6B-7F06FFC50A16}.Debug|x64.Build.0 = Debug|Any CPU
		{F7E88297-6568-4908-BF6B-7F06FFC50A16}.Debug|x86.ActiveCfg = Debug|Any CPU
		{F7E88297-6568-4908-BF6B-7F06FFC50A16}.Debug|x86.Build.0 = Debug|Any CPU
		{F7E88297-6568-4908-BF6B-7F06FFC50A16}.Release|Any CPU.ActiveCfg = Release|Any CPU
		{F7E88297-6568-4908-BF6B-7F06FFC50A16}.Release|Any CPU.Build.0 = Release|Any CPU
		{F7E88297-6568-4908-BF6B-7F06FFC50A16}.Release|x64.ActiveCfg = Release|Any CPU
		{F7E88297-6568-4908-BF6B-7F06FFC50A16}.Release|x64.Build.0 = Release|Any CPU
		{F7E88297-6568-4908-BF6B-7F06FFC50A16}.Release|x86.ActiveCfg = Release|Any CPU
		{F7E88297-6568-4908-BF6B-7F06FFC50A16}.Release|x86.Build.0 = Release|Any CPU
		{61F0E68C-D506-4867-AD63-9FE5D749426C}.Debug|Any CPU.ActiveCfg = Debug|Any CPU
		{61F0E68C-D506-4867-AD63-9FE5D749426C}.Debug|Any CPU.Build.0 = Debug|Any CPU
		{61F0E68C-D506-4867-AD63-9FE5D749426C}.Debug|x64.ActiveCfg = Debug|Any CPU
		{61F0E68C-D506-4867-AD63-9FE5D749426C}.Debug|x64.Build.0 = Debug|Any CPU
		{61F0E68C-D506-4867-AD63-9FE5D749426C}.Debug|x86.ActiveCfg = Debug|Any CPU
		{61F0E68C-D506-4867-AD63-9FE5D749426C}.Debug|x86.Build.0 = Debug|Any CPU
		{61F0E68C-D506-4867-AD63-9FE5D749426C}.Release|Any CPU.ActiveCfg = Release|Any CPU
		{61F0E68C-D506-4867-AD63-9FE5D749426C}.Release|Any CPU.Build.0 = Release|Any CPU
		{61F0E68C-D506-4867-AD63-9FE5D749426C}.Release|x64.ActiveCfg = Release|Any CPU
		{61F0E68C-D506-4867-AD63-9FE5D749426C}.Release|x64.Build.0 = Release|Any CPU
		{61F0E68C-D506-4867-AD63-9FE5D749426C}.Release|x86.ActiveCfg = Release|Any CPU
		{61F0E68C-D506-4867-AD63-9FE5D749426C}.Release|x86.Build.0 = Release|Any CPU
		{F30008F7-F5A7-4052-9BE9-358B504A7134}.Debug|Any CPU.ActiveCfg = Debug|Any CPU
		{F30008F7-F5A7-4052-9BE9-358B504A7134}.Debug|Any CPU.Build.0 = Debug|Any CPU
		{F30008F7-F5A7-4052-9BE9-358B504A7134}.Debug|x64.ActiveCfg = Debug|Any CPU
		{F30008F7-F5A7-4052-9BE9-358B504A7134}.Debug|x64.Build.0 = Debug|Any CPU
		{F30008F7-F5A7-4052-9BE9-358B504A7134}.Debug|x86.ActiveCfg = Debug|Any CPU
		{F30008F7-F5A7-4052-9BE9-358B504A7134}.Debug|x86.Build.0 = Debug|Any CPU
		{F30008F7-F5A7-4052-9BE9-358B504A7134}.Release|Any CPU.ActiveCfg = Release|Any CPU
		{F30008F7-F5A7-4052-9BE9-358B504A7134}.Release|Any CPU.Build.0 = Release|Any CPU
		{F30008F7-F5A7-4052-9BE9-358B504A7134}.Release|x64.ActiveCfg = Release|Any CPU
		{F30008F7-F5A7-4052-9BE9-358B504A7134}.Release|x64.Build.0 = Release|Any CPU
		{F30008F7-F5A7-4052-9BE9-358B504A7134}.Release|x86.ActiveCfg = Release|Any CPU
		{F30008F7-F5A7-4052-9BE9-358B504A7134}.Release|x86.Build.0 = Release|Any CPU
		{EB2CA78F-FD9E-4368-AB32-A2C520471684}.Debug|Any CPU.ActiveCfg = Debug|Any CPU
		{EB2CA78F-FD9E-4368-AB32-A2C520471684}.Debug|Any CPU.Build.0 = Debug|Any CPU
		{EB2CA78F-FD9E-4368-AB32-A2C520471684}.Debug|x64.ActiveCfg = Debug|Any CPU
		{EB2CA78F-FD9E-4368-AB32-A2C520471684}.Debug|x64.Build.0 = Debug|Any CPU
		{EB2CA78F-FD9E-4368-AB32-A2C520471684}.Debug|x86.ActiveCfg = Debug|Any CPU
		{EB2CA78F-FD9E-4368-AB32-A2C520471684}.Debug|x86.Build.0 = Debug|Any CPU
		{EB2CA78F-FD9E-4368-AB32-A2C520471684}.Release|Any CPU.ActiveCfg = Release|Any CPU
		{EB2CA78F-FD9E-4368-AB32-A2C520471684}.Release|Any CPU.Build.0 = Release|Any CPU
		{EB2CA78F-FD9E-4368-AB32-A2C520471684}.Release|x64.ActiveCfg = Release|Any CPU
		{EB2CA78F-FD9E-4368-AB32-A2C520471684}.Release|x64.Build.0 = Release|Any CPU
		{EB2CA78F-FD9E-4368-AB32-A2C520471684}.Release|x86.ActiveCfg = Release|Any CPU
		{EB2CA78F-FD9E-4368-AB32-A2C520471684}.Release|x86.Build.0 = Release|Any CPU
		{1DFC8805-560C-40A9-B321-B1DFA3F00732}.Debug|Any CPU.ActiveCfg = Debug|Any CPU
		{1DFC8805-560C-40A9-B321-B1DFA3F00732}.Debug|Any CPU.Build.0 = Debug|Any CPU
		{1DFC8805-560C-40A9-B321-B1DFA3F00732}.Debug|x64.ActiveCfg = Debug|Any CPU
		{1DFC8805-560C-40A9-B321-B1DFA3F00732}.Debug|x64.Build.0 = Debug|Any CPU
		{1DFC8805-560C-40A9-B321-B1DFA3F00732}.Debug|x86.ActiveCfg = Debug|Any CPU
		{1DFC8805-560C-40A9-B321-B1DFA3F00732}.Debug|x86.Build.0 = Debug|Any CPU
		{1DFC8805-560C-40A9-B321-B1DFA3F00732}.Release|Any CPU.ActiveCfg = Release|Any CPU
		{1DFC8805-560C-40A9-B321-B1DFA3F00732}.Release|Any CPU.Build.0 = Release|Any CPU
		{1DFC8805-560C-40A9-B321-B1DFA3F00732}.Release|x64.ActiveCfg = Release|Any CPU
		{1DFC8805-560C-40A9-B321-B1DFA3F00732}.Release|x64.Build.0 = Release|Any CPU
		{1DFC8805-560C-40A9-B321-B1DFA3F00732}.Release|x86.ActiveCfg = Release|Any CPU
		{1DFC8805-560C-40A9-B321-B1DFA3F00732}.Release|x86.Build.0 = Release|Any CPU
		{29436A17-EC8D-47A4-9910-C4EDE47F5C33}.Debug|Any CPU.ActiveCfg = Debug|Any CPU
		{29436A17-EC8D-47A4-9910-C4EDE47F5C33}.Debug|Any CPU.Build.0 = Debug|Any CPU
		{29436A17-EC8D-47A4-9910-C4EDE47F5C33}.Debug|x64.ActiveCfg = Debug|Any CPU
		{29436A17-EC8D-47A4-9910-C4EDE47F5C33}.Debug|x64.Build.0 = Debug|Any CPU
		{29436A17-EC8D-47A4-9910-C4EDE47F5C33}.Debug|x86.ActiveCfg = Debug|Any CPU
		{29436A17-EC8D-47A4-9910-C4EDE47F5C33}.Debug|x86.Build.0 = Debug|Any CPU
		{29436A17-EC8D-47A4-9910-C4EDE47F5C33}.Release|Any CPU.ActiveCfg = Release|Any CPU
		{29436A17-EC8D-47A4-9910-C4EDE47F5C33}.Release|Any CPU.Build.0 = Release|Any CPU
		{29436A17-EC8D-47A4-9910-C4EDE47F5C33}.Release|x64.ActiveCfg = Release|Any CPU
		{29436A17-EC8D-47A4-9910-C4EDE47F5C33}.Release|x64.Build.0 = Release|Any CPU
		{29436A17-EC8D-47A4-9910-C4EDE47F5C33}.Release|x86.ActiveCfg = Release|Any CPU
		{29436A17-EC8D-47A4-9910-C4EDE47F5C33}.Release|x86.Build.0 = Release|Any CPU
		{650F2155-C01C-4B3D-97DC-E81C6C677511}.Debug|Any CPU.ActiveCfg = Debug|Any CPU
		{650F2155-C01C-4B3D-97DC-E81C6C677511}.Debug|Any CPU.Build.0 = Debug|Any CPU
		{650F2155-C01C-4B3D-97DC-E81C6C677511}.Debug|x64.ActiveCfg = Debug|Any CPU
		{650F2155-C01C-4B3D-97DC-E81C6C677511}.Debug|x64.Build.0 = Debug|Any CPU
		{650F2155-C01C-4B3D-97DC-E81C6C677511}.Debug|x86.ActiveCfg = Debug|Any CPU
		{650F2155-C01C-4B3D-97DC-E81C6C677511}.Debug|x86.Build.0 = Debug|Any CPU
		{650F2155-C01C-4B3D-97DC-E81C6C677511}.Release|Any CPU.ActiveCfg = Release|Any CPU
		{650F2155-C01C-4B3D-97DC-E81C6C677511}.Release|Any CPU.Build.0 = Release|Any CPU
		{650F2155-C01C-4B3D-97DC-E81C6C677511}.Release|x64.ActiveCfg = Release|Any CPU
		{650F2155-C01C-4B3D-97DC-E81C6C677511}.Release|x64.Build.0 = Release|Any CPU
		{650F2155-C01C-4B3D-97DC-E81C6C677511}.Release|x86.ActiveCfg = Release|Any CPU
		{650F2155-C01C-4B3D-97DC-E81C6C677511}.Release|x86.Build.0 = Release|Any CPU
		{78F52324-714D-49AE-8EEE-6D2032387273}.Debug|Any CPU.ActiveCfg = Debug|Any CPU
		{78F52324-714D-49AE-8EEE-6D2032387273}.Debug|Any CPU.Build.0 = Debug|Any CPU
		{78F52324-714D-49AE-8EEE-6D2032387273}.Debug|x64.ActiveCfg = Debug|Any CPU
		{78F52324-714D-49AE-8EEE-6D2032387273}.Debug|x64.Build.0 = Debug|Any CPU
		{78F52324-714D-49AE-8EEE-6D2032387273}.Debug|x86.ActiveCfg = Debug|Any CPU
		{78F52324-714D-49AE-8EEE-6D2032387273}.Debug|x86.Build.0 = Debug|Any CPU
		{78F52324-714D-49AE-8EEE-6D2032387273}.Release|Any CPU.ActiveCfg = Release|Any CPU
		{78F52324-714D-49AE-8EEE-6D2032387273}.Release|Any CPU.Build.0 = Release|Any CPU
		{78F52324-714D-49AE-8EEE-6D2032387273}.Release|x64.ActiveCfg = Release|Any CPU
		{78F52324-714D-49AE-8EEE-6D2032387273}.Release|x64.Build.0 = Release|Any CPU
		{78F52324-714D-49AE-8EEE-6D2032387273}.Release|x86.ActiveCfg = Release|Any CPU
		{78F52324-714D-49AE-8EEE-6D2032387273}.Release|x86.Build.0 = Release|Any CPU
		{5C559674-AD08-465F-B5D6-37BB1D92DE73}.Debug|Any CPU.ActiveCfg = Debug|Any CPU
		{5C559674-AD08-465F-B5D6-37BB1D92DE73}.Debug|Any CPU.Build.0 = Debug|Any CPU
		{5C559674-AD08-465F-B5D6-37BB1D92DE73}.Debug|x64.ActiveCfg = Debug|Any CPU
		{5C559674-AD08-465F-B5D6-37BB1D92DE73}.Debug|x64.Build.0 = Debug|Any CPU
		{5C559674-AD08-465F-B5D6-37BB1D92DE73}.Debug|x86.ActiveCfg = Debug|Any CPU
		{5C559674-AD08-465F-B5D6-37BB1D92DE73}.Debug|x86.Build.0 = Debug|Any CPU
		{5C559674-AD08-465F-B5D6-37BB1D92DE73}.Release|Any CPU.ActiveCfg = Release|Any CPU
		{5C559674-AD08-465F-B5D6-37BB1D92DE73}.Release|Any CPU.Build.0 = Release|Any CPU
		{5C559674-AD08-465F-B5D6-37BB1D92DE73}.Release|x64.ActiveCfg = Release|Any CPU
		{5C559674-AD08-465F-B5D6-37BB1D92DE73}.Release|x64.Build.0 = Release|Any CPU
		{5C559674-AD08-465F-B5D6-37BB1D92DE73}.Release|x86.ActiveCfg = Release|Any CPU
		{5C559674-AD08-465F-B5D6-37BB1D92DE73}.Release|x86.Build.0 = Release|Any CPU
		{1DEA634A-7B2A-4C03-93B6-212D4530BD61}.Debug|Any CPU.ActiveCfg = Debug|Any CPU
		{1DEA634A-7B2A-4C03-93B6-212D4530BD61}.Debug|Any CPU.Build.0 = Debug|Any CPU
		{1DEA634A-7B2A-4C03-93B6-212D4530BD61}.Debug|x64.ActiveCfg = Debug|Any CPU
		{1DEA634A-7B2A-4C03-93B6-212D4530BD61}.Debug|x64.Build.0 = Debug|Any CPU
		{1DEA634A-7B2A-4C03-93B6-212D4530BD61}.Debug|x86.ActiveCfg = Debug|Any CPU
		{1DEA634A-7B2A-4C03-93B6-212D4530BD61}.Debug|x86.Build.0 = Debug|Any CPU
		{1DEA634A-7B2A-4C03-93B6-212D4530BD61}.Release|Any CPU.ActiveCfg = Release|Any CPU
		{1DEA634A-7B2A-4C03-93B6-212D4530BD61}.Release|Any CPU.Build.0 = Release|Any CPU
		{1DEA634A-7B2A-4C03-93B6-212D4530BD61}.Release|x64.ActiveCfg = Release|Any CPU
		{1DEA634A-7B2A-4C03-93B6-212D4530BD61}.Release|x64.Build.0 = Release|Any CPU
		{1DEA634A-7B2A-4C03-93B6-212D4530BD61}.Release|x86.ActiveCfg = Release|Any CPU
		{1DEA634A-7B2A-4C03-93B6-212D4530BD61}.Release|x86.Build.0 = Release|Any CPU
		{1C7E2243-C728-419F-903B-4A5C951750E4}.Debug|Any CPU.ActiveCfg = Debug|Any CPU
		{1C7E2243-C728-419F-903B-4A5C951750E4}.Debug|Any CPU.Build.0 = Debug|Any CPU
		{1C7E2243-C728-419F-903B-4A5C951750E4}.Debug|x64.ActiveCfg = Debug|Any CPU
		{1C7E2243-C728-419F-903B-4A5C951750E4}.Debug|x64.Build.0 = Debug|Any CPU
		{1C7E2243-C728-419F-903B-4A5C951750E4}.Debug|x86.ActiveCfg = Debug|Any CPU
		{1C7E2243-C728-419F-903B-4A5C951750E4}.Debug|x86.Build.0 = Debug|Any CPU
		{1C7E2243-C728-419F-903B-4A5C951750E4}.Release|Any CPU.ActiveCfg = Release|Any CPU
		{1C7E2243-C728-419F-903B-4A5C951750E4}.Release|Any CPU.Build.0 = Release|Any CPU
		{1C7E2243-C728-419F-903B-4A5C951750E4}.Release|x64.ActiveCfg = Release|Any CPU
		{1C7E2243-C728-419F-903B-4A5C951750E4}.Release|x64.Build.0 = Release|Any CPU
		{1C7E2243-C728-419F-903B-4A5C951750E4}.Release|x86.ActiveCfg = Release|Any CPU
		{1C7E2243-C728-419F-903B-4A5C951750E4}.Release|x86.Build.0 = Release|Any CPU
	EndGlobalSection
	GlobalSection(SolutionProperties) = preSolution
		HideSolutionNode = FALSE
	EndGlobalSection
	GlobalSection(ExtensibilityGlobals) = postSolution
		SolutionGuid = {C7B2858F-2BAB-4F92-BA47-3676D9CB56FB}
	EndGlobalSection
EndGlobal
