
Microsoft Visual Studio Solution File, Format Version 12.00
# Visual Studio Version 16
VisualStudioVersion = 16.0.31702.278
MinimumVisualStudioVersion = 10.0.40219.1
Project("{778DAE3C-4631-46EA-AA77-85C1314464D9}") = "209 VB Protected abuse", "209 VB Protected abuse\209 VB Protected abuse.vbproj", "{81A2EF4D-3E4A-4E2D-8200-336262BB679B}"
EndProject
Project("{778DAE3C-4631-46EA-AA77-85C1314464D9}") = "208 VB PartialClass2", "208 VB PartialClass2\208 VB PartialClass2.vbproj", "{286A1985-A9FA-4FE6-B479-2E89972E6576}"
EndProject
Project("{778DAE3C-4631-46EA-AA77-85C1314464D9}") = "207 VB Generics", "207 VB Generics\207 VB Generics.vbproj", "{C33B9C67-F558-4C81-B87E-9C7A84019B65}"
EndProject
Project("{778DAE3C-4631-46EA-AA77-85C1314464D9}") = "206 VB Reference to Exe", "206 VB Reference to Exe\206 VB Reference to Exe.vbproj", "{91D42335-8005-466C-8CCF-CEFCF6159D8A}"
EndProject
Project("{778DAE3C-4631-46EA-AA77-85C1314464D9}") = "205 VB Divers Snippets and XSL", "205 VB Divers Snippets and XSL\205 VB Divers Snippets and XSL.vbproj", "{266CA7A6-BE95-4349-B6BD-0C90F997BA32}"
EndProject
Project("{778DAE3C-4631-46EA-AA77-85C1314464D9}") = "204 VB Partial Class", "204 VB Partial Class\204 VB Partial Class.vbproj", "{C45BEF14-F5B0-4921-A3D6-0FD4CA18E90C}"
EndProject
Project("{778DAE3C-4631-46EA-AA77-85C1314464D9}") = "203 VB Inherited Events (Chien)", "203 VB Inherited Events (Chien)\203 VB Inherited Events (Chien).vbproj", "{B0F42DF1-2D3E-4171-B0CB-83028C8AD83A}"
EndProject
Project("{778DAE3C-4631-46EA-AA77-85C1314464D9}") = "202 VB AllEvents WinForms Form", "202 VB AllEvents WinForms Form\202 VB AllEvents WinForms Form.vbproj", "{D71301B9-D713-42DC-A602-BCA38961C318}"
EndProject
Project("{778DAE3C-4631-46EA-AA77-85C1314464D9}") = "201 VB BookXM", "201 VB BookXML\201 VB BookXM.vbproj", "{3D1AEB39-FEBF-4BF0-A0C4-502C676D48F8}"
EndProject
Project("{778DAE3C-4631-46EA-AA77-85C1314464D9}") = "104d VB FileSystemWatch tests", "104d VB FileSystemWatch tests\104d VB FileSystemWatch tests.vbproj", "{01F2AEB8-D192-400C-9B06-4304C2D033AF}"
EndProject
Project("{778DAE3C-4631-46EA-AA77-85C1314464D9}") = "104c VB Test Form Inheritance", "104c VB Test Form Inheritance\104c VB Test Form Inheritance.vbproj", "{CA993055-A08A-42DE-8114-249B3D14DF86}"
EndProject
Project("{778DAE3C-4631-46EA-AA77-85C1314464D9}") = "104b VB Essais Design MugShot", "104b VB Essais Design MugShot\104b VB Essais Design MugShot.vbproj", "{F33A4B5A-CE3F-41CF-A853-192FBD96046E}"
EndProject
Project("{778DAE3C-4631-46EA-AA77-85C1314464D9}") = "104a VB ImageTool", "104a VB ImageTool\104a VB ImageTool.vbproj", "{A6479C83-FCE9-487E-B47E-16796E541032}"
EndProject
Project("{778DAE3C-4631-46EA-AA77-85C1314464D9}") = "103 VB AutoScroll and ScrollBars", "103 VB AutoScroll and ScrollBars\103 VB AutoScroll and ScrollBars.vbproj", "{EBD1B488-BEA0-4677-970D-FA2998970B17}"
EndProject
Project("{778DAE3C-4631-46EA-AA77-85C1314464D9}") = "102 VB AnalyseUsers", "102b VB AnalyseUsers\102 VB AnalyseUsers.vbproj", "{3D9B38E2-B11B-4A5A-960A-B9A147587FF2}"
EndProject
Project("{778DAE3C-4631-46EA-AA77-85C1314464D9}") = "102 VB AnalyseComputers", "102a VB AnalyseComputers\102 VB AnalyseComputers.vbproj", "{61FFF8B0-D0E7-48A2-BCF8-9213347A0A5D}"
EndProject
Project("{778DAE3C-4631-46EA-AA77-85C1314464D9}") = "100 VB DotNet COM Class", "100 VB DotNet COM Class\100 VB DotNet COM Class.vbproj", "{77102E8B-B11D-4972-8930-C3003654218D}"
EndProject
Project("{9A19103F-16F7-4668-BE54-9A1E7A4F7556}") = "203 CS Simple Event", "203 CS Simple Event\203 CS Simple Event.csproj", "{BD033C65-4E99-4FF4-A7D1-6EAFA4092ED7}"
EndProject
Project("{9A19103F-16F7-4668-BE54-9A1E7A4F7556}") = "203 CS Inherited Events (Chien)", "203 CS Inherited Events (Chien)\203 CS Inherited Events (Chien).csproj", "{28A70E3E-2D36-42FC-9CF7-B9CBBE47173B}"
EndProject
Project("{9A19103F-16F7-4668-BE54-9A1E7A4F7556}") = "202 CS AllEvents WPF Window", "202 CS AllEvents WPF Window\202 CS AllEvents WPF Window.csproj", "{D09ADBC6-7C5E-413B-BF66-F8BC3ABF2E03}"
EndProject
Project("{9A19103F-16F7-4668-BE54-9A1E7A4F7556}") = "101 CS File", "101 CS File\101 CS File.csproj", "{EAB36209-C609-45E8-AB31-731C3E4C10D7}"
EndProject
Global
	GlobalSection(SolutionConfigurationPlatforms) = preSolution
		Debug|Any CPU = Debug|Any CPU
		Release|Any CPU = Release|Any CPU
	EndGlobalSection
	GlobalSection(ProjectConfigurationPlatforms) = postSolution
		{81A2EF4D-3E4A-4E2D-8200-336262BB679B}.Debug|Any CPU.ActiveCfg = Debug|Any CPU
		{81A2EF4D-3E4A-4E2D-8200-336262BB679B}.Debug|Any CPU.Build.0 = Debug|Any CPU
		{81A2EF4D-3E4A-4E2D-8200-336262BB679B}.Release|Any CPU.ActiveCfg = Release|Any CPU
		{81A2EF4D-3E4A-4E2D-8200-336262BB679B}.Release|Any CPU.Build.0 = Release|Any CPU
		{286A1985-A9FA-4FE6-B479-2E89972E6576}.Debug|Any CPU.ActiveCfg = Debug|Any CPU
		{286A1985-A9FA-4FE6-B479-2E89972E6576}.Debug|Any CPU.Build.0 = Debug|Any CPU
		{286A1985-A9FA-4FE6-B479-2E89972E6576}.Release|Any CPU.ActiveCfg = Release|Any CPU
		{286A1985-A9FA-4FE6-B479-2E89972E6576}.Release|Any CPU.Build.0 = Release|Any CPU
		{C33B9C67-F558-4C81-B87E-9C7A84019B65}.Debug|Any CPU.ActiveCfg = Debug|Any CPU
		{C33B9C67-F558-4C81-B87E-9C7A84019B65}.Debug|Any CPU.Build.0 = Debug|Any CPU
		{C33B9C67-F558-4C81-B87E-9C7A84019B65}.Release|Any CPU.ActiveCfg = Release|Any CPU
		{C33B9C67-F558-4C81-B87E-9C7A84019B65}.Release|Any CPU.Build.0 = Release|Any CPU
		{91D42335-8005-466C-8CCF-CEFCF6159D8A}.Debug|Any CPU.ActiveCfg = Debug|Any CPU
		{91D42335-8005-466C-8CCF-CEFCF6159D8A}.Debug|Any CPU.Build.0 = Debug|Any CPU
		{91D42335-8005-466C-8CCF-CEFCF6159D8A}.Release|Any CPU.ActiveCfg = Release|Any CPU
		{91D42335-8005-466C-8CCF-CEFCF6159D8A}.Release|Any CPU.Build.0 = Release|Any CPU
		{266CA7A6-BE95-4349-B6BD-0C90F997BA32}.Debug|Any CPU.ActiveCfg = Debug|Any CPU
		{266CA7A6-BE95-4349-B6BD-0C90F997BA32}.Debug|Any CPU.Build.0 = Debug|Any CPU
		{266CA7A6-BE95-4349-B6BD-0C90F997BA32}.Release|Any CPU.ActiveCfg = Release|Any CPU
		{266CA7A6-BE95-4349-B6BD-0C90F997BA32}.Release|Any CPU.Build.0 = Release|Any CPU
		{C45BEF14-F5B0-4921-A3D6-0FD4CA18E90C}.Debug|Any CPU.ActiveCfg = Debug|Any CPU
		{C45BEF14-F5B0-4921-A3D6-0FD4CA18E90C}.Debug|Any CPU.Build.0 = Debug|Any CPU
		{C45BEF14-F5B0-4921-A3D6-0FD4CA18E90C}.Release|Any CPU.ActiveCfg = Release|Any CPU
		{C45BEF14-F5B0-4921-A3D6-0FD4CA18E90C}.Release|Any CPU.Build.0 = Release|Any CPU
		{B0F42DF1-2D3E-4171-B0CB-83028C8AD83A}.Debug|Any CPU.ActiveCfg = Debug|Any CPU
		{B0F42DF1-2D3E-4171-B0CB-83028C8AD83A}.Debug|Any CPU.Build.0 = Debug|Any CPU
		{B0F42DF1-2D3E-4171-B0CB-83028C8AD83A}.Release|Any CPU.ActiveCfg = Release|Any CPU
		{B0F42DF1-2D3E-4171-B0CB-83028C8AD83A}.Release|Any CPU.Build.0 = Release|Any CPU
		{D71301B9-D713-42DC-A602-BCA38961C318}.Debug|Any CPU.ActiveCfg = Debug|Any CPU
		{D71301B9-D713-42DC-A602-BCA38961C318}.Debug|Any CPU.Build.0 = Debug|Any CPU
		{D71301B9-D713-42DC-A602-BCA38961C318}.Release|Any CPU.ActiveCfg = Release|Any CPU
		{D71301B9-D713-42DC-A602-BCA38961C318}.Release|Any CPU.Build.0 = Release|Any CPU
		{3D1AEB39-FEBF-4BF0-A0C4-502C676D48F8}.Debug|Any CPU.ActiveCfg = Debug|Any CPU
		{3D1AEB39-FEBF-4BF0-A0C4-502C676D48F8}.Debug|Any CPU.Build.0 = Debug|Any CPU
		{3D1AEB39-FEBF-4BF0-A0C4-502C676D48F8}.Release|Any CPU.ActiveCfg = Release|Any CPU
		{3D1AEB39-FEBF-4BF0-A0C4-502C676D48F8}.Release|Any CPU.Build.0 = Release|Any CPU
		{01F2AEB8-D192-400C-9B06-4304C2D033AF}.Debug|Any CPU.ActiveCfg = Debug|Any CPU
		{01F2AEB8-D192-400C-9B06-4304C2D033AF}.Debug|Any CPU.Build.0 = Debug|Any CPU
		{01F2AEB8-D192-400C-9B06-4304C2D033AF}.Release|Any CPU.ActiveCfg = Release|Any CPU
		{01F2AEB8-D192-400C-9B06-4304C2D033AF}.Release|Any CPU.Build.0 = Release|Any CPU
		{CA993055-A08A-42DE-8114-249B3D14DF86}.Debug|Any CPU.ActiveCfg = Debug|Any CPU
		{CA993055-A08A-42DE-8114-249B3D14DF86}.Debug|Any CPU.Build.0 = Debug|Any CPU
		{CA993055-A08A-42DE-8114-249B3D14DF86}.Release|Any CPU.ActiveCfg = Release|Any CPU
		{CA993055-A08A-42DE-8114-249B3D14DF86}.Release|Any CPU.Build.0 = Release|Any CPU
		{F33A4B5A-CE3F-41CF-A853-192FBD96046E}.Debug|Any CPU.ActiveCfg = Debug|Any CPU
		{F33A4B5A-CE3F-41CF-A853-192FBD96046E}.Debug|Any CPU.Build.0 = Debug|Any CPU
		{F33A4B5A-CE3F-41CF-A853-192FBD96046E}.Release|Any CPU.ActiveCfg = Release|Any CPU
		{F33A4B5A-CE3F-41CF-A853-192FBD96046E}.Release|Any CPU.Build.0 = Release|Any CPU
		{A6479C83-FCE9-487E-B47E-16796E541032}.Debug|Any CPU.ActiveCfg = Debug|Any CPU
		{A6479C83-FCE9-487E-B47E-16796E541032}.Debug|Any CPU.Build.0 = Debug|Any CPU
		{A6479C83-FCE9-487E-B47E-16796E541032}.Release|Any CPU.ActiveCfg = Release|Any CPU
		{A6479C83-FCE9-487E-B47E-16796E541032}.Release|Any CPU.Build.0 = Release|Any CPU
		{EBD1B488-BEA0-4677-970D-FA2998970B17}.Debug|Any CPU.ActiveCfg = Debug|Any CPU
		{EBD1B488-BEA0-4677-970D-FA2998970B17}.Debug|Any CPU.Build.0 = Debug|Any CPU
		{EBD1B488-BEA0-4677-970D-FA2998970B17}.Release|Any CPU.ActiveCfg = Release|Any CPU
		{EBD1B488-BEA0-4677-970D-FA2998970B17}.Release|Any CPU.Build.0 = Release|Any CPU
		{3D9B38E2-B11B-4A5A-960A-B9A147587FF2}.Debug|Any CPU.ActiveCfg = Debug|Any CPU
		{3D9B38E2-B11B-4A5A-960A-B9A147587FF2}.Debug|Any CPU.Build.0 = Debug|Any CPU
		{3D9B38E2-B11B-4A5A-960A-B9A147587FF2}.Release|Any CPU.ActiveCfg = Release|Any CPU
		{3D9B38E2-B11B-4A5A-960A-B9A147587FF2}.Release|Any CPU.Build.0 = Release|Any CPU
		{61FFF8B0-D0E7-48A2-BCF8-9213347A0A5D}.Debug|Any CPU.ActiveCfg = Debug|Any CPU
		{61FFF8B0-D0E7-48A2-BCF8-9213347A0A5D}.Debug|Any CPU.Build.0 = Debug|Any CPU
		{61FFF8B0-D0E7-48A2-BCF8-9213347A0A5D}.Release|Any CPU.ActiveCfg = Release|Any CPU
		{61FFF8B0-D0E7-48A2-BCF8-9213347A0A5D}.Release|Any CPU.Build.0 = Release|Any CPU
		{77102E8B-B11D-4972-8930-C3003654218D}.Debug|Any CPU.ActiveCfg = Debug|Any CPU
		{77102E8B-B11D-4972-8930-C3003654218D}.Debug|Any CPU.Build.0 = Debug|Any CPU
		{77102E8B-B11D-4972-8930-C3003654218D}.Release|Any CPU.ActiveCfg = Release|Any CPU
		{77102E8B-B11D-4972-8930-C3003654218D}.Release|Any CPU.Build.0 = Release|Any CPU
		{BD033C65-4E99-4FF4-A7D1-6EAFA4092ED7}.Debug|Any CPU.ActiveCfg = Debug|Any CPU
		{BD033C65-4E99-4FF4-A7D1-6EAFA4092ED7}.Debug|Any CPU.Build.0 = Debug|Any CPU
		{BD033C65-4E99-4FF4-A7D1-6EAFA4092ED7}.Release|Any CPU.ActiveCfg = Release|Any CPU
		{BD033C65-4E99-4FF4-A7D1-6EAFA4092ED7}.Release|Any CPU.Build.0 = Release|Any CPU
		{28A70E3E-2D36-42FC-9CF7-B9CBBE47173B}.Debug|Any CPU.ActiveCfg = Debug|Any CPU
		{28A70E3E-2D36-42FC-9CF7-B9CBBE47173B}.Debug|Any CPU.Build.0 = Debug|Any CPU
		{28A70E3E-2D36-42FC-9CF7-B9CBBE47173B}.Release|Any CPU.ActiveCfg = Release|Any CPU
		{28A70E3E-2D36-42FC-9CF7-B9CBBE47173B}.Release|Any CPU.Build.0 = Release|Any CPU
		{D09ADBC6-7C5E-413B-BF66-F8BC3ABF2E03}.Debug|Any CPU.ActiveCfg = Debug|Any CPU
		{D09ADBC6-7C5E-413B-BF66-F8BC3ABF2E03}.Debug|Any CPU.Build.0 = Debug|Any CPU
		{D09ADBC6-7C5E-413B-BF66-F8BC3ABF2E03}.Release|Any CPU.ActiveCfg = Release|Any CPU
		{D09ADBC6-7C5E-413B-BF66-F8BC3ABF2E03}.Release|Any CPU.Build.0 = Release|Any CPU
		{EAB36209-C609-45E8-AB31-731C3E4C10D7}.Debug|Any CPU.ActiveCfg = Debug|Any CPU
		{EAB36209-C609-45E8-AB31-731C3E4C10D7}.Debug|Any CPU.Build.0 = Debug|Any CPU
		{EAB36209-C609-45E8-AB31-731C3E4C10D7}.Release|Any CPU.ActiveCfg = Release|Any CPU
		{EAB36209-C609-45E8-AB31-731C3E4C10D7}.Release|Any CPU.Build.0 = Release|Any CPU
	EndGlobalSection
	GlobalSection(SolutionProperties) = preSolution
		HideSolutionNode = FALSE
	EndGlobalSection
	GlobalSection(ExtensibilityGlobals) = postSolution
		SolutionGuid = {4E195C50-9BF6-4840-AAFA-4387809E9606}
	EndGlobalSection
EndGlobal
