
Microsoft Visual Studio Solution File, Format Version 12.00
# Visual Studio 11
Project("{FAE04EC0-301F-11D3-BF4B-00C04F79EFBC}") = "501 CS async implementation", "501 CS async implementation.csproj", "{640AA4E1-4905-4B0D-AC98-35B3079AC6BF}"
EndProject
Global
	GlobalSection(SolutionConfigurationPlatforms) = preSolution
		Debug|Any CPU = Debug|Any CPU
		Release|Any CPU = Release|Any CPU
	EndGlobalSection
	GlobalSection(ProjectConfigurationPlatforms) = postSolution
		{640AA4E1-4905-4B0D-AC98-35B3079AC6BF}.Debug|Any CPU.ActiveCfg = Debug|Any CPU
		{640AA4E1-4905-4B0D-AC98-35B3079AC6BF}.Debug|Any CPU.Build.0 = Debug|Any CPU
		{640AA4E1-4905-4B0D-AC98-35B3079AC6BF}.Release|Any CPU.ActiveCfg = Release|Any CPU
		{640AA4E1-4905-4B0D-AC98-35B3079AC6BF}.Release|Any CPU.Build.0 = Release|Any CPU
	EndGlobalSection
	GlobalSection(SolutionProperties) = preSolution
		HideSolutionNode = FALSE
	EndGlobalSection
EndGlobal
