Microsoft Visual Studio Solution File, Format Version 11.00
# Visual Studio 2010
Project("{F184B08F-C81C-45F6-A57F-5ABD9991F28F}") = "44 VB Attributes", "44 VB Attributes.vbproj", "{22632BBE-38BE-45E0-B1CC-E9662EE1BCEB}"
EndProject
Global
	GlobalSection(SolutionConfigurationPlatforms) = preSolution
		Debug|Any CPU = Debug|Any CPU
		Release|Any CPU = Release|Any CPU
	EndGlobalSection
	GlobalSection(ProjectConfigurationPlatforms) = postSolution
		{22632BBE-38BE-45E0-B1CC-E9662EE1BCEB}.Debug|Any CPU.ActiveCfg = Debug|Any CPU
		{22632BBE-38BE-45E0-B1CC-E9662EE1BCEB}.Debug|Any CPU.Build.0 = Debug|Any CPU
		{22632BBE-38BE-45E0-B1CC-E9662EE1BCEB}.Release|Any CPU.ActiveCfg = Release|Any CPU
		{22632BBE-38BE-45E0-B1CC-E9662EE1BCEB}.Release|Any CPU.Build.0 = Release|Any CPU
	EndGlobalSection
	GlobalSection(SolutionProperties) = preSolution
		HideSolutionNode = FALSE
	EndGlobalSection
EndGlobal
