
Microsoft Visual Studio Solution File, Format Version 12.00
# Visual Studio Version 17
VisualStudioVersion = 17.0.31710.8
MinimumVisualStudioVersion = 10.0.40219.1
Project("{778DAE3C-4631-46EA-AA77-85C1314464D9}") = "201 VB BookXM", "201 VB BookXM.vbproj", "{BC1059AC-755E-47E3-B9D0-A1A162C1D7F5}"
EndProject
Global
	GlobalSection(SolutionConfigurationPlatforms) = preSolution
		Debug|Any CPU = Debug|Any CPU
		Release|Any CPU = Release|Any CPU
	EndGlobalSection
	GlobalSection(ProjectConfigurationPlatforms) = postSolution
		{BC1059AC-755E-47E3-B9D0-A1A162C1D7F5}.Debug|Any CPU.ActiveCfg = Debug|Any CPU
		{BC1059AC-755E-47E3-B9D0-A1A162C1D7F5}.Debug|Any CPU.Build.0 = Debug|Any CPU
		{BC1059AC-755E-47E3-B9D0-A1A162C1D7F5}.Release|Any CPU.ActiveCfg = Release|Any CPU
		{BC1059AC-755E-47E3-B9D0-A1A162C1D7F5}.Release|Any CPU.Build.0 = Release|Any CPU
	EndGlobalSection
	GlobalSection(SolutionProperties) = preSolution
		HideSolutionNode = FALSE
	EndGlobalSection
	GlobalSection(ExtensibilityGlobals) = postSolution
		SolutionGuid = {E0E3D764-2BB3-4A30-941E-C9FA9124ECC7}
	EndGlobalSection
EndGlobal
