Microsoft Visual Studio Solution File, Format Version 11.00
# Visual Studio 2010
Project("{FAE04EC0-301F-11D3-BF4B-00C04F79EFBC}") = "15 C# System.Diagnostics", "015 CS System.Diagnostics.csproj", "{C8E297EA-AA8A-47C8-B60C-85A3835DCF94}"
EndProject
Global
	GlobalSection(SolutionConfigurationPlatforms) = preSolution
		Debug|Any CPU = Debug|Any CPU
		Release|Any CPU = Release|Any CPU
	EndGlobalSection
	GlobalSection(ProjectConfigurationPlatforms) = postSolution
		{C8E297EA-AA8A-47C8-B60C-85A3835DCF94}.Debug|Any CPU.ActiveCfg = Debug|Any CPU
		{C8E297EA-AA8A-47C8-B60C-85A3835DCF94}.Debug|Any CPU.Build.0 = Debug|Any CPU
		{C8E297EA-AA8A-47C8-B60C-85A3835DCF94}.Release|Any CPU.ActiveCfg = Release|Any CPU
		{C8E297EA-AA8A-47C8-B60C-85A3835DCF94}.Release|Any CPU.Build.0 = Release|Any CPU
	EndGlobalSection
	GlobalSection(SolutionProperties) = preSolution
		HideSolutionNode = FALSE
	EndGlobalSection
EndGlobal
