
Microsoft Visual Studio Solution File, Format Version 12.00
# Visual Studio Version 17
VisualStudioVersion = 17.0.31710.8
MinimumVisualStudioVersion = 10.0.40219.1
Project("{9A19103F-16F7-4668-BE54-9A1E7A4F7556}") = "049 CS Fichiers", "049 CS Fichiers.csproj", "{310FAE76-8255-435A-98B6-F7847B0F4402}"
EndProject
Global
	GlobalSection(SolutionConfigurationPlatforms) = preSolution
		Debug|Any CPU = Debug|Any CPU
		Release|Any CPU = Release|Any CPU
	EndGlobalSection
	GlobalSection(ProjectConfigurationPlatforms) = postSolution
		{310FAE76-8255-435A-98B6-F7847B0F4402}.Debug|Any CPU.ActiveCfg = Debug|Any CPU
		{310FAE76-8255-435A-98B6-F7847B0F4402}.Debug|Any CPU.Build.0 = Debug|Any CPU
		{310FAE76-8255-435A-98B6-F7847B0F4402}.Release|Any CPU.ActiveCfg = Release|Any CPU
		{310FAE76-8255-435A-98B6-F7847B0F4402}.Release|Any CPU.Build.0 = Release|Any CPU
	EndGlobalSection
	GlobalSection(SolutionProperties) = preSolution
		HideSolutionNode = FALSE
	EndGlobalSection
	GlobalSection(ExtensibilityGlobals) = postSolution
		SolutionGuid = {6880B975-244B-4B82-82B3-7DDCF4202C8B}
	EndGlobalSection
EndGlobal
