
Microsoft Visual Studio Solution File, Format Version 12.00
# Visual Studio Version 16
VisualStudioVersion = 16.0.31702.278
MinimumVisualStudioVersion = 10.0.40219.1
Project("{9A19103F-16F7-4668-BE54-9A1E7A4F7556}") = "536 CS DLL Settings and Resources", "Arithmetic\536 CS DLL Settings and Resources.csproj", "{D3563846-677D-419E-9E64-23ACDB78313B}"
EndProject
Project("{9A19103F-16F7-4668-BE54-9A1E7A4F7556}") = "536 CS DLL Settings and Resources Test", "TestApplication\536 CS DLL Settings and Resources Test.csproj", "{8DA67014-E3B3-45A0-B6DB-B2DB690A606A}"
EndProject
Global
	GlobalSection(SolutionConfigurationPlatforms) = preSolution
		Debug|Any CPU = Debug|Any CPU
		Release|Any CPU = Release|Any CPU
	EndGlobalSection
	GlobalSection(ProjectConfigurationPlatforms) = postSolution
		{D3563846-677D-419E-9E64-23ACDB78313B}.Debug|Any CPU.ActiveCfg = Debug|Any CPU
		{D3563846-677D-419E-9E64-23ACDB78313B}.Debug|Any CPU.Build.0 = Debug|Any CPU
		{D3563846-677D-419E-9E64-23ACDB78313B}.Release|Any CPU.ActiveCfg = Release|Any CPU
		{D3563846-677D-419E-9E64-23ACDB78313B}.Release|Any CPU.Build.0 = Release|Any CPU
		{8DA67014-E3B3-45A0-B6DB-B2DB690A606A}.Debug|Any CPU.ActiveCfg = Debug|Any CPU
		{8DA67014-E3B3-45A0-B6DB-B2DB690A606A}.Debug|Any CPU.Build.0 = Debug|Any CPU
		{8DA67014-E3B3-45A0-B6DB-B2DB690A606A}.Release|Any CPU.ActiveCfg = Release|Any CPU
		{8DA67014-E3B3-45A0-B6DB-B2DB690A606A}.Release|Any CPU.Build.0 = Release|Any CPU
	EndGlobalSection
	GlobalSection(SolutionProperties) = preSolution
		HideSolutionNode = FALSE
	EndGlobalSection
	GlobalSection(ExtensibilityGlobals) = postSolution
		SolutionGuid = {F4B539E1-6032-4854-A9D3-7F866DF42289}
	EndGlobalSection
EndGlobal
