
Microsoft Visual Studio Solution File, Format Version 12.00
# Visual Studio Version 16
VisualStudioVersion = 16.0.31702.278
MinimumVisualStudioVersion = 10.0.40219.1
Project("{9A19103F-16F7-4668-BE54-9A1E7A4F7556}") = "511 CS CreateVignette3", "511c CS CreateVignette3.csproj", "{95044896-0304-430C-8549-BD3AE595A4B5}"
EndProject
Global
	GlobalSection(SolutionConfigurationPlatforms) = preSolution
		Debug|Any CPU = Debug|Any CPU
		Release|Any CPU = Release|Any CPU
	EndGlobalSection
	GlobalSection(ProjectConfigurationPlatforms) = postSolution
		{95044896-0304-430C-8549-BD3AE595A4B5}.Debug|Any CPU.ActiveCfg = Debug|Any CPU
		{95044896-0304-430C-8549-BD3AE595A4B5}.Debug|Any CPU.Build.0 = Debug|Any CPU
		{95044896-0304-430C-8549-BD3AE595A4B5}.Release|Any CPU.ActiveCfg = Release|Any CPU
		{95044896-0304-430C-8549-BD3AE595A4B5}.Release|Any CPU.Build.0 = Release|Any CPU
	EndGlobalSection
	GlobalSection(SolutionProperties) = preSolution
		HideSolutionNode = FALSE
	EndGlobalSection
	GlobalSection(ExtensibilityGlobals) = postSolution
		SolutionGuid = {4DF90885-A699-4E99-8552-B350C7DF2EAE}
	EndGlobalSection
EndGlobal
