
Microsoft Visual Studio Solution File, Format Version 12.00
# Visual Studio Version 16
VisualStudioVersion = 16.0.31702.278
MinimumVisualStudioVersion = 10.0.40219.1
Project("{9A19103F-16F7-4668-BE54-9A1E7A4F7556}") = "541 CS BitVector32", "541 CS BitVector32.csproj", "{DCB7BC9A-E8B0-4877-90DF-79EC66AD2E41}"
EndProject
Global
	GlobalSection(SolutionConfigurationPlatforms) = preSolution
		Debug|Any CPU = Debug|Any CPU
		Release|Any CPU = Release|Any CPU
	EndGlobalSection
	GlobalSection(ProjectConfigurationPlatforms) = postSolution
		{DCB7BC9A-E8B0-4877-90DF-79EC66AD2E41}.Debug|Any CPU.ActiveCfg = Debug|Any CPU
		{DCB7BC9A-E8B0-4877-90DF-79EC66AD2E41}.Debug|Any CPU.Build.0 = Debug|Any CPU
		{DCB7BC9A-E8B0-4877-90DF-79EC66AD2E41}.Release|Any CPU.ActiveCfg = Release|Any CPU
		{DCB7BC9A-E8B0-4877-90DF-79EC66AD2E41}.Release|Any CPU.Build.0 = Release|Any CPU
	EndGlobalSection
	GlobalSection(SolutionProperties) = preSolution
		HideSolutionNode = FALSE
	EndGlobalSection
	GlobalSection(ExtensibilityGlobals) = postSolution
		SolutionGuid = {40658B3C-5993-4431-9C04-412F22DC1DD0}
	EndGlobalSection
EndGlobal
