Microsoft Visual Studio Solution File, Format Version 11.00
# Visual Studio 2010
Project("{FAE04EC0-301F-11D3-BF4B-00C04F79EFBC}") = "33 C# ILDASM", "33 C# ILDASM.csproj", "{D2FF24C5-79EF-426A-8C4F-472B9A41E875}"
EndProject
Project("{FAE04EC0-301F-11D3-BF4B-00C04F79EFBC}") = "Bibliotheque", "Bibliotheque.csproj", "{BFC9A59E-F232-42D3-BDF0-93D1404A6DF0}"
EndProject
Global
	GlobalSection(SolutionConfigurationPlatforms) = preSolution
		Debug|Any CPU = Debug|Any CPU
		Release|Any CPU = Release|Any CPU
	EndGlobalSection
	GlobalSection(ProjectConfigurationPlatforms) = postSolution
		{D2FF24C5-79EF-426A-8C4F-472B9A41E875}.Debug|Any CPU.ActiveCfg = Debug|Any CPU
		{D2FF24C5-79EF-426A-8C4F-472B9A41E875}.Debug|Any CPU.Build.0 = Debug|Any CPU
		{D2FF24C5-79EF-426A-8C4F-472B9A41E875}.Release|Any CPU.ActiveCfg = Release|Any CPU
		{D2FF24C5-79EF-426A-8C4F-472B9A41E875}.Release|Any CPU.Build.0 = Release|Any CPU
		{BFC9A59E-F232-42D3-BDF0-93D1404A6DF0}.Debug|Any CPU.ActiveCfg = Debug|Any CPU
		{BFC9A59E-F232-42D3-BDF0-93D1404A6DF0}.Debug|Any CPU.Build.0 = Debug|Any CPU
		{BFC9A59E-F232-42D3-BDF0-93D1404A6DF0}.Release|Any CPU.ActiveCfg = Release|Any CPU
		{BFC9A59E-F232-42D3-BDF0-93D1404A6DF0}.Release|Any CPU.Build.0 = Release|Any CPU
	EndGlobalSection
	GlobalSection(SolutionProperties) = preSolution
		HideSolutionNode = FALSE
	EndGlobalSection
EndGlobal
