
Microsoft Visual Studio Solution File, Format Version 12.00
# Visual Studio Version 17
VisualStudioVersion = 17.0.31717.71
MinimumVisualStudioVersion = 10.0.40219.1
Project("{8BC9CEB8-8B4A-11D0-8D11-00A0C91BC942}") = "602 C Trigraphs", "602 C Visual Studio 2017 Trigraphs\602 C Visual Studio 2017 Trigraphs.vcxproj", "{EE31EDF9-BF3C-4B6E-97EF-0C242515D93D}"
EndProject
Project("{9A19103F-16F7-4668-BE54-9A1E7A4F7556}") = "637 CS Enumerate", "637 CS Enumerate\637 CS Enumerate.csproj", "{F429E4D9-5481-4AC6-9C34-DBC60E749288}"
EndProject
Project("{9A19103F-16F7-4668-BE54-9A1E7A4F7556}") = "636 CS SelectMany", "636 CS SelectMany\636 CS SelectMany.csproj", "{0C6ECE4E-BB85-4F02-9346-0657281008CD}"
EndProject
Project("{9A19103F-16F7-4668-BE54-9A1E7A4F7556}") = "635 CS IComparable and IComparer", "635 CS IComparable and IComparer\635 CS IComparable and IComparer.csproj", "{680DB079-9266-4511-B7A5-1BD0D334C456}"
EndProject
Project("{8BC9CEB8-8B4A-11D0-8D11-00A0C91BC942}") = "634 CPP LambdaCPP", "634 CS CPP Lambda\634 CPP LambdaCPP\634 CPP LambdaCPP.vcxproj", "{92F00049-2670-471E-A5FA-FB342E11F03D}"
EndProject
Project("{9A19103F-16F7-4668-BE54-9A1E7A4F7556}") = "634 CS LambdaCS", "634 CS CPP Lambda\634 CS LambdaCS\634 CS LambdaCS.csproj", "{E828271B-54EF-48FB-9B01-3E3AEA33489E}"
EndProject
Project("{9A19103F-16F7-4668-BE54-9A1E7A4F7556}") = "632 CS ReadOnly Collections", "632 CS ReadOnly Collections\632 CS ReadOnly Collections.csproj", "{0643E5FC-F1BA-4D34-B44D-64882F936488}"
EndProject
Project("{9A19103F-16F7-4668-BE54-9A1E7A4F7556}") = "619 CS Populate Array UnitTests", "619 CS Populate Array\CS Populate ArrayUnitTests\619 CS Populate Array UnitTests.csproj", "{DA9316BB-6B61-4549-AE8C-CCD11B56881A}"
EndProject
Project("{9A19103F-16F7-4668-BE54-9A1E7A4F7556}") = "619 CS Populate Array", "619 CS Populate Array\CS Populate Array\619 CS Populate Array.csproj", "{D6A4F4EB-B8F9-4A40-8268-892A270B9DE4}"
EndProject
Project("{9A19103F-16F7-4668-BE54-9A1E7A4F7556}") = "611b CS NewLaby LiveTest", "611b CS NewLaby LiveTest\NewLaby UnitTests\611b CS NewLaby LiveTest.csproj", "{44564D86-1F3E-4B2A-AF50-EB42D23799DE}"
EndProject
Project("{9A19103F-16F7-4668-BE54-9A1E7A4F7556}") = "CS611 NewLaby", "611b CS NewLaby LiveTest\611 CS NewLaby\CS611 NewLaby.csproj", "{2431761B-9EA4-4294-B3A3-824AE4CD66C4}"
EndProject
Project("{9A19103F-16F7-4668-BE54-9A1E7A4F7556}") = "611 CS NewLaby", "611 CS NewLaby\611 CS NewLaby.csproj", "{C045EFA5-1111-4E67-80C2-9CD39B924F67}"
EndProject
Project("{9A19103F-16F7-4668-BE54-9A1E7A4F7556}") = "609b CS Arith2", "609b CS Arith2\609b CS Arith2.csproj", "{EA622F73-E6F7-4725-A3D0-1BAA4C32EA89}"
EndProject
Project("{9A19103F-16F7-4668-BE54-9A1E7A4F7556}") = "609 CS Arith2", "609 CS Arith2\609 CS Arith2.csproj", "{8D041D71-CCAB-41E6-BFF3-FB544FE29B3F}"
EndProject
Project("{9A19103F-16F7-4668-BE54-9A1E7A4F7556}") = "608 CS phi and phi", "608 CS phi and phi\608 CS phi and phi.csproj", "{5B2CFA63-5BAD-4B31-9BFE-6B8DE63B0C35}"
EndProject
Project("{9A19103F-16F7-4668-BE54-9A1E7A4F7556}") = "607 CS Higher Order Lambdas", "607 CS Higher Order Lambdas\607 CS Higher Order Lambdas.csproj", "{0CD55990-8D5F-47E9-869A-9D62EC93181E}"
EndProject
Project("{9A19103F-16F7-4668-BE54-9A1E7A4F7556}") = "606 CS ExpressionApp", "606 CS Expression\606 CS ExpressionApp.csproj", "{7189DD42-D837-49F4-9858-8E472C07A154}"
EndProject
Project("{9A19103F-16F7-4668-BE54-9A1E7A4F7556}") = "605 CS GetBuildVersion", "605 CS GetBuildVersion\605 CS GetBuildVersion.csproj", "{BD8E41E1-0C14-4061-8425-82454C297804}"
EndProject
Project("{9A19103F-16F7-4668-BE54-9A1E7A4F7556}") = "604 CS Win10 DotNet 4.6.2 Long Paths", "604 CS Very Long Paths\604 CS Win10 DotNet 4.6.2 Long Paths.csproj", "{BA898F9C-5722-4C8D-AF42-EA24894A79CB}"
EndProject
Project("{9A19103F-16F7-4668-BE54-9A1E7A4F7556}") = "603 CS Sort On", "603 CS Sort On\603 CS Sort On.csproj", "{E612B0AB-1EE2-46B7-89F3-5D3FADEC34FB}"
EndProject
Project("{778DAE3C-4631-46EA-AA77-85C1314464D9}") = "601 VB VS2017", "601 CS,VB Visual Studio 2017 New Features\601 VB\601 VB VS2017.vbproj", "{A0035ABA-D408-49F9-A63E-5AFC7A523CDF}"
EndProject
Project("{9A19103F-16F7-4668-BE54-9A1E7A4F7556}") = "601 CS VS2017", "601 CS,VB Visual Studio 2017 New Features\601 CS\601 CS VS2017.csproj", "{DAA96902-8F0C-4A33-AA58-E306E1B44019}"
EndProject
Global
	GlobalSection(SolutionConfigurationPlatforms) = preSolution
		Debug|Any CPU = Debug|Any CPU
		Debug|x64 = Debug|x64
		Debug|x86 = Debug|x86
		Release|Any CPU = Release|Any CPU
		Release|x64 = Release|x64
		Release|x86 = Release|x86
	EndGlobalSection
	GlobalSection(ProjectConfigurationPlatforms) = postSolution
		{EE31EDF9-BF3C-4B6E-97EF-0C242515D93D}.Debug|Any CPU.ActiveCfg = Debug|Win32
		{EE31EDF9-BF3C-4B6E-97EF-0C242515D93D}.Debug|x64.ActiveCfg = Debug|x64
		{EE31EDF9-BF3C-4B6E-97EF-0C242515D93D}.Debug|x64.Build.0 = Debug|x64
		{EE31EDF9-BF3C-4B6E-97EF-0C242515D93D}.Debug|x86.ActiveCfg = Debug|Win32
		{EE31EDF9-BF3C-4B6E-97EF-0C242515D93D}.Debug|x86.Build.0 = Debug|Win32
		{EE31EDF9-BF3C-4B6E-97EF-0C242515D93D}.Release|Any CPU.ActiveCfg = Release|Win32
		{EE31EDF9-BF3C-4B6E-97EF-0C242515D93D}.Release|x64.ActiveCfg = Release|x64
		{EE31EDF9-BF3C-4B6E-97EF-0C242515D93D}.Release|x64.Build.0 = Release|x64
		{EE31EDF9-BF3C-4B6E-97EF-0C242515D93D}.Release|x86.ActiveCfg = Release|Win32
		{EE31EDF9-BF3C-4B6E-97EF-0C242515D93D}.Release|x86.Build.0 = Release|Win32
		{F429E4D9-5481-4AC6-9C34-DBC60E749288}.Debug|Any CPU.ActiveCfg = Debug|Any CPU
		{F429E4D9-5481-4AC6-9C34-DBC60E749288}.Debug|Any CPU.Build.0 = Debug|Any CPU
		{F429E4D9-5481-4AC6-9C34-DBC60E749288}.Debug|x64.ActiveCfg = Debug|Any CPU
		{F429E4D9-5481-4AC6-9C34-DBC60E749288}.Debug|x64.Build.0 = Debug|Any CPU
		{F429E4D9-5481-4AC6-9C34-DBC60E749288}.Debug|x86.ActiveCfg = Debug|Any CPU
		{F429E4D9-5481-4AC6-9C34-DBC60E749288}.Debug|x86.Build.0 = Debug|Any CPU
		{F429E4D9-5481-4AC6-9C34-DBC60E749288}.Release|Any CPU.ActiveCfg = Release|Any CPU
		{F429E4D9-5481-4AC6-9C34-DBC60E749288}.Release|Any CPU.Build.0 = Release|Any CPU
		{F429E4D9-5481-4AC6-9C34-DBC60E749288}.Release|x64.ActiveCfg = Release|Any CPU
		{F429E4D9-5481-4AC6-9C34-DBC60E749288}.Release|x64.Build.0 = Release|Any CPU
		{F429E4D9-5481-4AC6-9C34-DBC60E749288}.Release|x86.ActiveCfg = Release|Any CPU
		{F429E4D9-5481-4AC6-9C34-DBC60E749288}.Release|x86.Build.0 = Release|Any CPU
		{0C6ECE4E-BB85-4F02-9346-0657281008CD}.Debug|Any CPU.ActiveCfg = Debug|Any CPU
		{0C6ECE4E-BB85-4F02-9346-0657281008CD}.Debug|Any CPU.Build.0 = Debug|Any CPU
		{0C6ECE4E-BB85-4F02-9346-0657281008CD}.Debug|x64.ActiveCfg = Debug|Any CPU
		{0C6ECE4E-BB85-4F02-9346-0657281008CD}.Debug|x64.Build.0 = Debug|Any CPU
		{0C6ECE4E-BB85-4F02-9346-0657281008CD}.Debug|x86.ActiveCfg = Debug|Any CPU
		{0C6ECE4E-BB85-4F02-9346-0657281008CD}.Debug|x86.Build.0 = Debug|Any CPU
		{0C6ECE4E-BB85-4F02-9346-0657281008CD}.Release|Any CPU.ActiveCfg = Release|Any CPU
		{0C6ECE4E-BB85-4F02-9346-0657281008CD}.Release|Any CPU.Build.0 = Release|Any CPU
		{0C6ECE4E-BB85-4F02-9346-0657281008CD}.Release|x64.ActiveCfg = Release|Any CPU
		{0C6ECE4E-BB85-4F02-9346-0657281008CD}.Release|x64.Build.0 = Release|Any CPU
		{0C6ECE4E-BB85-4F02-9346-0657281008CD}.Release|x86.ActiveCfg = Release|Any CPU
		{0C6ECE4E-BB85-4F02-9346-0657281008CD}.Release|x86.Build.0 = Release|Any CPU
		{680DB079-9266-4511-B7A5-1BD0D334C456}.Debug|Any CPU.ActiveCfg = Debug|Any CPU
		{680DB079-9266-4511-B7A5-1BD0D334C456}.Debug|Any CPU.Build.0 = Debug|Any CPU
		{680DB079-9266-4511-B7A5-1BD0D334C456}.Debug|x64.ActiveCfg = Debug|Any CPU
		{680DB079-9266-4511-B7A5-1BD0D334C456}.Debug|x64.Build.0 = Debug|Any CPU
		{680DB079-9266-4511-B7A5-1BD0D334C456}.Debug|x86.ActiveCfg = Debug|Any CPU
		{680DB079-9266-4511-B7A5-1BD0D334C456}.Debug|x86.Build.0 = Debug|Any CPU
		{680DB079-9266-4511-B7A5-1BD0D334C456}.Release|Any CPU.ActiveCfg = Release|Any CPU
		{680DB079-9266-4511-B7A5-1BD0D334C456}.Release|Any CPU.Build.0 = Release|Any CPU
		{680DB079-9266-4511-B7A5-1BD0D334C456}.Release|x64.ActiveCfg = Release|Any CPU
		{680DB079-9266-4511-B7A5-1BD0D334C456}.Release|x64.Build.0 = Release|Any CPU
		{680DB079-9266-4511-B7A5-1BD0D334C456}.Release|x86.ActiveCfg = Release|Any CPU
		{680DB079-9266-4511-B7A5-1BD0D334C456}.Release|x86.Build.0 = Release|Any CPU
		{92F00049-2670-471E-A5FA-FB342E11F03D}.Debug|Any CPU.ActiveCfg = Debug|Win32
		{92F00049-2670-471E-A5FA-FB342E11F03D}.Debug|x64.ActiveCfg = Debug|x64
		{92F00049-2670-471E-A5FA-FB342E11F03D}.Debug|x64.Build.0 = Debug|x64
		{92F00049-2670-471E-A5FA-FB342E11F03D}.Debug|x86.ActiveCfg = Debug|Win32
		{92F00049-2670-471E-A5FA-FB342E11F03D}.Debug|x86.Build.0 = Debug|Win32
		{92F00049-2670-471E-A5FA-FB342E11F03D}.Release|Any CPU.ActiveCfg = Release|Win32
		{92F00049-2670-471E-A5FA-FB342E11F03D}.Release|x64.ActiveCfg = Release|x64
		{92F00049-2670-471E-A5FA-FB342E11F03D}.Release|x64.Build.0 = Release|x64
		{92F00049-2670-471E-A5FA-FB342E11F03D}.Release|x86.ActiveCfg = Release|Win32
		{92F00049-2670-471E-A5FA-FB342E11F03D}.Release|x86.Build.0 = Release|Win32
		{E828271B-54EF-48FB-9B01-3E3AEA33489E}.Debug|Any CPU.ActiveCfg = Debug|Any CPU
		{E828271B-54EF-48FB-9B01-3E3AEA33489E}.Debug|Any CPU.Build.0 = Debug|Any CPU
		{E828271B-54EF-48FB-9B01-3E3AEA33489E}.Debug|x64.ActiveCfg = Debug|Any CPU
		{E828271B-54EF-48FB-9B01-3E3AEA33489E}.Debug|x64.Build.0 = Debug|Any CPU
		{E828271B-54EF-48FB-9B01-3E3AEA33489E}.Debug|x86.ActiveCfg = Debug|Any CPU
		{E828271B-54EF-48FB-9B01-3E3AEA33489E}.Debug|x86.Build.0 = Debug|Any CPU
		{E828271B-54EF-48FB-9B01-3E3AEA33489E}.Release|Any CPU.ActiveCfg = Release|Any CPU
		{E828271B-54EF-48FB-9B01-3E3AEA33489E}.Release|Any CPU.Build.0 = Release|Any CPU
		{E828271B-54EF-48FB-9B01-3E3AEA33489E}.Release|x64.ActiveCfg = Release|Any CPU
		{E828271B-54EF-48FB-9B01-3E3AEA33489E}.Release|x64.Build.0 = Release|Any CPU
		{E828271B-54EF-48FB-9B01-3E3AEA33489E}.Release|x86.ActiveCfg = Release|Any CPU
		{E828271B-54EF-48FB-9B01-3E3AEA33489E}.Release|x86.Build.0 = Release|Any CPU
		{0643E5FC-F1BA-4D34-B44D-64882F936488}.Debug|Any CPU.ActiveCfg = Debug|Any CPU
		{0643E5FC-F1BA-4D34-B44D-64882F936488}.Debug|Any CPU.Build.0 = Debug|Any CPU
		{0643E5FC-F1BA-4D34-B44D-64882F936488}.Debug|x64.ActiveCfg = Debug|Any CPU
		{0643E5FC-F1BA-4D34-B44D-64882F936488}.Debug|x64.Build.0 = Debug|Any CPU
		{0643E5FC-F1BA-4D34-B44D-64882F936488}.Debug|x86.ActiveCfg = Debug|Any CPU
		{0643E5FC-F1BA-4D34-B44D-64882F936488}.Debug|x86.Build.0 = Debug|Any CPU
		{0643E5FC-F1BA-4D34-B44D-64882F936488}.Release|Any CPU.ActiveCfg = Release|Any CPU
		{0643E5FC-F1BA-4D34-B44D-64882F936488}.Release|Any CPU.Build.0 = Release|Any CPU
		{0643E5FC-F1BA-4D34-B44D-64882F936488}.Release|x64.ActiveCfg = Release|Any CPU
		{0643E5FC-F1BA-4D34-B44D-64882F936488}.Release|x64.Build.0 = Release|Any CPU
		{0643E5FC-F1BA-4D34-B44D-64882F936488}.Release|x86.ActiveCfg = Release|Any CPU
		{0643E5FC-F1BA-4D34-B44D-64882F936488}.Release|x86.Build.0 = Release|Any CPU
		{DA9316BB-6B61-4549-AE8C-CCD11B56881A}.Debug|Any CPU.ActiveCfg = Debug|Any CPU
		{DA9316BB-6B61-4549-AE8C-CCD11B56881A}.Debug|Any CPU.Build.0 = Debug|Any CPU
		{DA9316BB-6B61-4549-AE8C-CCD11B56881A}.Debug|x64.ActiveCfg = Debug|Any CPU
		{DA9316BB-6B61-4549-AE8C-CCD11B56881A}.Debug|x64.Build.0 = Debug|Any CPU
		{DA9316BB-6B61-4549-AE8C-CCD11B56881A}.Debug|x86.ActiveCfg = Debug|Any CPU
		{DA9316BB-6B61-4549-AE8C-CCD11B56881A}.Debug|x86.Build.0 = Debug|Any CPU
		{DA9316BB-6B61-4549-AE8C-CCD11B56881A}.Release|Any CPU.ActiveCfg = Release|Any CPU
		{DA9316BB-6B61-4549-AE8C-CCD11B56881A}.Release|Any CPU.Build.0 = Release|Any CPU
		{DA9316BB-6B61-4549-AE8C-CCD11B56881A}.Release|x64.ActiveCfg = Release|Any CPU
		{DA9316BB-6B61-4549-AE8C-CCD11B56881A}.Release|x64.Build.0 = Release|Any CPU
		{DA9316BB-6B61-4549-AE8C-CCD11B56881A}.Release|x86.ActiveCfg = Release|Any CPU
		{DA9316BB-6B61-4549-AE8C-CCD11B56881A}.Release|x86.Build.0 = Release|Any CPU
		{D6A4F4EB-B8F9-4A40-8268-892A270B9DE4}.Debug|Any CPU.ActiveCfg = Debug|Any CPU
		{D6A4F4EB-B8F9-4A40-8268-892A270B9DE4}.Debug|Any CPU.Build.0 = Debug|Any CPU
		{D6A4F4EB-B8F9-4A40-8268-892A270B9DE4}.Debug|x64.ActiveCfg = Debug|Any CPU
		{D6A4F4EB-B8F9-4A40-8268-892A270B9DE4}.Debug|x64.Build.0 = Debug|Any CPU
		{D6A4F4EB-B8F9-4A40-8268-892A270B9DE4}.Debug|x86.ActiveCfg = Debug|Any CPU
		{D6A4F4EB-B8F9-4A40-8268-892A270B9DE4}.Debug|x86.Build.0 = Debug|Any CPU
		{D6A4F4EB-B8F9-4A40-8268-892A270B9DE4}.Release|Any CPU.ActiveCfg = Release|Any CPU
		{D6A4F4EB-B8F9-4A40-8268-892A270B9DE4}.Release|Any CPU.Build.0 = Release|Any CPU
		{D6A4F4EB-B8F9-4A40-8268-892A270B9DE4}.Release|x64.ActiveCfg = Release|Any CPU
		{D6A4F4EB-B8F9-4A40-8268-892A270B9DE4}.Release|x64.Build.0 = Release|Any CPU
		{D6A4F4EB-B8F9-4A40-8268-892A270B9DE4}.Release|x86.ActiveCfg = Release|Any CPU
		{D6A4F4EB-B8F9-4A40-8268-892A270B9DE4}.Release|x86.Build.0 = Release|Any CPU
		{44564D86-1F3E-4B2A-AF50-EB42D23799DE}.Debug|Any CPU.ActiveCfg = Debug|Any CPU
		{44564D86-1F3E-4B2A-AF50-EB42D23799DE}.Debug|Any CPU.Build.0 = Debug|Any CPU
		{44564D86-1F3E-4B2A-AF50-EB42D23799DE}.Debug|x64.ActiveCfg = Debug|Any CPU
		{44564D86-1F3E-4B2A-AF50-EB42D23799DE}.Debug|x64.Build.0 = Debug|Any CPU
		{44564D86-1F3E-4B2A-AF50-EB42D23799DE}.Debug|x86.ActiveCfg = Debug|Any CPU
		{44564D86-1F3E-4B2A-AF50-EB42D23799DE}.Debug|x86.Build.0 = Debug|Any CPU
		{44564D86-1F3E-4B2A-AF50-EB42D23799DE}.Release|Any CPU.ActiveCfg = Release|Any CPU
		{44564D86-1F3E-4B2A-AF50-EB42D23799DE}.Release|Any CPU.Build.0 = Release|Any CPU
		{44564D86-1F3E-4B2A-AF50-EB42D23799DE}.Release|x64.ActiveCfg = Release|Any CPU
		{44564D86-1F3E-4B2A-AF50-EB42D23799DE}.Release|x64.Build.0 = Release|Any CPU
		{44564D86-1F3E-4B2A-AF50-EB42D23799DE}.Release|x86.ActiveCfg = Release|Any CPU
		{44564D86-1F3E-4B2A-AF50-EB42D23799DE}.Release|x86.Build.0 = Release|Any CPU
		{2431761B-9EA4-4294-B3A3-824AE4CD66C4}.Debug|Any CPU.ActiveCfg = Debug|Any CPU
		{2431761B-9EA4-4294-B3A3-824AE4CD66C4}.Debug|Any CPU.Build.0 = Debug|Any CPU
		{2431761B-9EA4-4294-B3A3-824AE4CD66C4}.Debug|x64.ActiveCfg = Debug|Any CPU
		{2431761B-9EA4-4294-B3A3-824AE4CD66C4}.Debug|x64.Build.0 = Debug|Any CPU
		{2431761B-9EA4-4294-B3A3-824AE4CD66C4}.Debug|x86.ActiveCfg = Debug|Any CPU
		{2431761B-9EA4-4294-B3A3-824AE4CD66C4}.Debug|x86.Build.0 = Debug|Any CPU
		{2431761B-9EA4-4294-B3A3-824AE4CD66C4}.Release|Any CPU.ActiveCfg = Release|Any CPU
		{2431761B-9EA4-4294-B3A3-824AE4CD66C4}.Release|Any CPU.Build.0 = Release|Any CPU
		{2431761B-9EA4-4294-B3A3-824AE4CD66C4}.Release|x64.ActiveCfg = Release|Any CPU
		{2431761B-9EA4-4294-B3A3-824AE4CD66C4}.Release|x64.Build.0 = Release|Any CPU
		{2431761B-9EA4-4294-B3A3-824AE4CD66C4}.Release|x86.ActiveCfg = Release|Any CPU
		{2431761B-9EA4-4294-B3A3-824AE4CD66C4}.Release|x86.Build.0 = Release|Any CPU
		{C045EFA5-1111-4E67-80C2-9CD39B924F67}.Debug|Any CPU.ActiveCfg = Debug|Any CPU
		{C045EFA5-1111-4E67-80C2-9CD39B924F67}.Debug|Any CPU.Build.0 = Debug|Any CPU
		{C045EFA5-1111-4E67-80C2-9CD39B924F67}.Debug|x64.ActiveCfg = Debug|Any CPU
		{C045EFA5-1111-4E67-80C2-9CD39B924F67}.Debug|x64.Build.0 = Debug|Any CPU
		{C045EFA5-1111-4E67-80C2-9CD39B924F67}.Debug|x86.ActiveCfg = Debug|Any CPU
		{C045EFA5-1111-4E67-80C2-9CD39B924F67}.Debug|x86.Build.0 = Debug|Any CPU
		{C045EFA5-1111-4E67-80C2-9CD39B924F67}.Release|Any CPU.ActiveCfg = Release|Any CPU
		{C045EFA5-1111-4E67-80C2-9CD39B924F67}.Release|Any CPU.Build.0 = Release|Any CPU
		{C045EFA5-1111-4E67-80C2-9CD39B924F67}.Release|x64.ActiveCfg = Release|Any CPU
		{C045EFA5-1111-4E67-80C2-9CD39B924F67}.Release|x64.Build.0 = Release|Any CPU
		{C045EFA5-1111-4E67-80C2-9CD39B924F67}.Release|x86.ActiveCfg = Release|Any CPU
		{C045EFA5-1111-4E67-80C2-9CD39B924F67}.Release|x86.Build.0 = Release|Any CPU
		{EA622F73-E6F7-4725-A3D0-1BAA4C32EA89}.Debug|Any CPU.ActiveCfg = Debug|Any CPU
		{EA622F73-E6F7-4725-A3D0-1BAA4C32EA89}.Debug|Any CPU.Build.0 = Debug|Any CPU
		{EA622F73-E6F7-4725-A3D0-1BAA4C32EA89}.Debug|x64.ActiveCfg = Debug|Any CPU
		{EA622F73-E6F7-4725-A3D0-1BAA4C32EA89}.Debug|x64.Build.0 = Debug|Any CPU
		{EA622F73-E6F7-4725-A3D0-1BAA4C32EA89}.Debug|x86.ActiveCfg = Debug|Any CPU
		{EA622F73-E6F7-4725-A3D0-1BAA4C32EA89}.Debug|x86.Build.0 = Debug|Any CPU
		{EA622F73-E6F7-4725-A3D0-1BAA4C32EA89}.Release|Any CPU.ActiveCfg = Release|Any CPU
		{EA622F73-E6F7-4725-A3D0-1BAA4C32EA89}.Release|Any CPU.Build.0 = Release|Any CPU
		{EA622F73-E6F7-4725-A3D0-1BAA4C32EA89}.Release|x64.ActiveCfg = Release|Any CPU
		{EA622F73-E6F7-4725-A3D0-1BAA4C32EA89}.Release|x64.Build.0 = Release|Any CPU
		{EA622F73-E6F7-4725-A3D0-1BAA4C32EA89}.Release|x86.ActiveCfg = Release|Any CPU
		{EA622F73-E6F7-4725-A3D0-1BAA4C32EA89}.Release|x86.Build.0 = Release|Any CPU
		{8D041D71-CCAB-41E6-BFF3-FB544FE29B3F}.Debug|Any CPU.ActiveCfg = Debug|Any CPU
		{8D041D71-CCAB-41E6-BFF3-FB544FE29B3F}.Debug|Any CPU.Build.0 = Debug|Any CPU
		{8D041D71-CCAB-41E6-BFF3-FB544FE29B3F}.Debug|x64.ActiveCfg = Debug|Any CPU
		{8D041D71-CCAB-41E6-BFF3-FB544FE29B3F}.Debug|x64.Build.0 = Debug|Any CPU
		{8D041D71-CCAB-41E6-BFF3-FB544FE29B3F}.Debug|x86.ActiveCfg = Debug|Any CPU
		{8D041D71-CCAB-41E6-BFF3-FB544FE29B3F}.Debug|x86.Build.0 = Debug|Any CPU
		{8D041D71-CCAB-41E6-BFF3-FB544FE29B3F}.Release|Any CPU.ActiveCfg = Release|Any CPU
		{8D041D71-CCAB-41E6-BFF3-FB544FE29B3F}.Release|Any CPU.Build.0 = Release|Any CPU
		{8D041D71-CCAB-41E6-BFF3-FB544FE29B3F}.Release|x64.ActiveCfg = Release|Any CPU
		{8D041D71-CCAB-41E6-BFF3-FB544FE29B3F}.Release|x64.Build.0 = Release|Any CPU
		{8D041D71-CCAB-41E6-BFF3-FB544FE29B3F}.Release|x86.ActiveCfg = Release|Any CPU
		{8D041D71-CCAB-41E6-BFF3-FB544FE29B3F}.Release|x86.Build.0 = Release|Any CPU
		{5B2CFA63-5BAD-4B31-9BFE-6B8DE63B0C35}.Debug|Any CPU.ActiveCfg = Debug|Any CPU
		{5B2CFA63-5BAD-4B31-9BFE-6B8DE63B0C35}.Debug|Any CPU.Build.0 = Debug|Any CPU
		{5B2CFA63-5BAD-4B31-9BFE-6B8DE63B0C35}.Debug|x64.ActiveCfg = Debug|Any CPU
		{5B2CFA63-5BAD-4B31-9BFE-6B8DE63B0C35}.Debug|x64.Build.0 = Debug|Any CPU
		{5B2CFA63-5BAD-4B31-9BFE-6B8DE63B0C35}.Debug|x86.ActiveCfg = Debug|Any CPU
		{5B2CFA63-5BAD-4B31-9BFE-6B8DE63B0C35}.Debug|x86.Build.0 = Debug|Any CPU
		{5B2CFA63-5BAD-4B31-9BFE-6B8DE63B0C35}.Release|Any CPU.ActiveCfg = Release|Any CPU
		{5B2CFA63-5BAD-4B31-9BFE-6B8DE63B0C35}.Release|Any CPU.Build.0 = Release|Any CPU
		{5B2CFA63-5BAD-4B31-9BFE-6B8DE63B0C35}.Release|x64.ActiveCfg = Release|Any CPU
		{5B2CFA63-5BAD-4B31-9BFE-6B8DE63B0C35}.Release|x64.Build.0 = Release|Any CPU
		{5B2CFA63-5BAD-4B31-9BFE-6B8DE63B0C35}.Release|x86.ActiveCfg = Release|Any CPU
		{5B2CFA63-5BAD-4B31-9BFE-6B8DE63B0C35}.Release|x86.Build.0 = Release|Any CPU
		{0CD55990-8D5F-47E9-869A-9D62EC93181E}.Debug|Any CPU.ActiveCfg = Debug|Any CPU
		{0CD55990-8D5F-47E9-869A-9D62EC93181E}.Debug|Any CPU.Build.0 = Debug|Any CPU
		{0CD55990-8D5F-47E9-869A-9D62EC93181E}.Debug|x64.ActiveCfg = Debug|Any CPU
		{0CD55990-8D5F-47E9-869A-9D62EC93181E}.Debug|x64.Build.0 = Debug|Any CPU
		{0CD55990-8D5F-47E9-869A-9D62EC93181E}.Debug|x86.ActiveCfg = Debug|Any CPU
		{0CD55990-8D5F-47E9-869A-9D62EC93181E}.Debug|x86.Build.0 = Debug|Any CPU
		{0CD55990-8D5F-47E9-869A-9D62EC93181E}.Release|Any CPU.ActiveCfg = Release|Any CPU
		{0CD55990-8D5F-47E9-869A-9D62EC93181E}.Release|Any CPU.Build.0 = Release|Any CPU
		{0CD55990-8D5F-47E9-869A-9D62EC93181E}.Release|x64.ActiveCfg = Release|Any CPU
		{0CD55990-8D5F-47E9-869A-9D62EC93181E}.Release|x64.Build.0 = Release|Any CPU
		{0CD55990-8D5F-47E9-869A-9D62EC93181E}.Release|x86.ActiveCfg = Release|Any CPU
		{0CD55990-8D5F-47E9-869A-9D62EC93181E}.Release|x86.Build.0 = Release|Any CPU
		{7189DD42-D837-49F4-9858-8E472C07A154}.Debug|Any CPU.ActiveCfg = Debug|Any CPU
		{7189DD42-D837-49F4-9858-8E472C07A154}.Debug|Any CPU.Build.0 = Debug|Any CPU
		{7189DD42-D837-49F4-9858-8E472C07A154}.Debug|x64.ActiveCfg = Debug|Any CPU
		{7189DD42-D837-49F4-9858-8E472C07A154}.Debug|x64.Build.0 = Debug|Any CPU
		{7189DD42-D837-49F4-9858-8E472C07A154}.Debug|x86.ActiveCfg = Debug|Any CPU
		{7189DD42-D837-49F4-9858-8E472C07A154}.Debug|x86.Build.0 = Debug|Any CPU
		{7189DD42-D837-49F4-9858-8E472C07A154}.Release|Any CPU.ActiveCfg = Release|Any CPU
		{7189DD42-D837-49F4-9858-8E472C07A154}.Release|Any CPU.Build.0 = Release|Any CPU
		{7189DD42-D837-49F4-9858-8E472C07A154}.Release|x64.ActiveCfg = Release|Any CPU
		{7189DD42-D837-49F4-9858-8E472C07A154}.Release|x64.Build.0 = Release|Any CPU
		{7189DD42-D837-49F4-9858-8E472C07A154}.Release|x86.ActiveCfg = Release|Any CPU
		{7189DD42-D837-49F4-9858-8E472C07A154}.Release|x86.Build.0 = Release|Any CPU
		{BD8E41E1-0C14-4061-8425-82454C297804}.Debug|Any CPU.ActiveCfg = Debug|Any CPU
		{BD8E41E1-0C14-4061-8425-82454C297804}.Debug|Any CPU.Build.0 = Debug|Any CPU
		{BD8E41E1-0C14-4061-8425-82454C297804}.Debug|x64.ActiveCfg = Debug|Any CPU
		{BD8E41E1-0C14-4061-8425-82454C297804}.Debug|x64.Build.0 = Debug|Any CPU
		{BD8E41E1-0C14-4061-8425-82454C297804}.Debug|x86.ActiveCfg = Debug|Any CPU
		{BD8E41E1-0C14-4061-8425-82454C297804}.Debug|x86.Build.0 = Debug|Any CPU
		{BD8E41E1-0C14-4061-8425-82454C297804}.Release|Any CPU.ActiveCfg = Release|Any CPU
		{BD8E41E1-0C14-4061-8425-82454C297804}.Release|Any CPU.Build.0 = Release|Any CPU
		{BD8E41E1-0C14-4061-8425-82454C297804}.Release|x64.ActiveCfg = Release|Any CPU
		{BD8E41E1-0C14-4061-8425-82454C297804}.Release|x64.Build.0 = Release|Any CPU
		{BD8E41E1-0C14-4061-8425-82454C297804}.Release|x86.ActiveCfg = Release|Any CPU
		{BD8E41E1-0C14-4061-8425-82454C297804}.Release|x86.Build.0 = Release|Any CPU
		{BA898F9C-5722-4C8D-AF42-EA24894A79CB}.Debug|Any CPU.ActiveCfg = Debug|Any CPU
		{BA898F9C-5722-4C8D-AF42-EA24894A79CB}.Debug|Any CPU.Build.0 = Debug|Any CPU
		{BA898F9C-5722-4C8D-AF42-EA24894A79CB}.Debug|x64.ActiveCfg = Debug|Any CPU
		{BA898F9C-5722-4C8D-AF42-EA24894A79CB}.Debug|x64.Build.0 = Debug|Any CPU
		{BA898F9C-5722-4C8D-AF42-EA24894A79CB}.Debug|x86.ActiveCfg = Debug|Any CPU
		{BA898F9C-5722-4C8D-AF42-EA24894A79CB}.Debug|x86.Build.0 = Debug|Any CPU
		{BA898F9C-5722-4C8D-AF42-EA24894A79CB}.Release|Any CPU.ActiveCfg = Release|Any CPU
		{BA898F9C-5722-4C8D-AF42-EA24894A79CB}.Release|Any CPU.Build.0 = Release|Any CPU
		{BA898F9C-5722-4C8D-AF42-EA24894A79CB}.Release|x64.ActiveCfg = Release|Any CPU
		{BA898F9C-5722-4C8D-AF42-EA24894A79CB}.Release|x64.Build.0 = Release|Any CPU
		{BA898F9C-5722-4C8D-AF42-EA24894A79CB}.Release|x86.ActiveCfg = Release|Any CPU
		{BA898F9C-5722-4C8D-AF42-EA24894A79CB}.Release|x86.Build.0 = Release|Any CPU
		{E612B0AB-1EE2-46B7-89F3-5D3FADEC34FB}.Debug|Any CPU.ActiveCfg = Debug|Any CPU
		{E612B0AB-1EE2-46B7-89F3-5D3FADEC34FB}.Debug|Any CPU.Build.0 = Debug|Any CPU
		{E612B0AB-1EE2-46B7-89F3-5D3FADEC34FB}.Debug|x64.ActiveCfg = Debug|Any CPU
		{E612B0AB-1EE2-46B7-89F3-5D3FADEC34FB}.Debug|x64.Build.0 = Debug|Any CPU
		{E612B0AB-1EE2-46B7-89F3-5D3FADEC34FB}.Debug|x86.ActiveCfg = Debug|Any CPU
		{E612B0AB-1EE2-46B7-89F3-5D3FADEC34FB}.Debug|x86.Build.0 = Debug|Any CPU
		{E612B0AB-1EE2-46B7-89F3-5D3FADEC34FB}.Release|Any CPU.ActiveCfg = Release|Any CPU
		{E612B0AB-1EE2-46B7-89F3-5D3FADEC34FB}.Release|Any CPU.Build.0 = Release|Any CPU
		{E612B0AB-1EE2-46B7-89F3-5D3FADEC34FB}.Release|x64.ActiveCfg = Release|Any CPU
		{E612B0AB-1EE2-46B7-89F3-5D3FADEC34FB}.Release|x64.Build.0 = Release|Any CPU
		{E612B0AB-1EE2-46B7-89F3-5D3FADEC34FB}.Release|x86.ActiveCfg = Release|Any CPU
		{E612B0AB-1EE2-46B7-89F3-5D3FADEC34FB}.Release|x86.Build.0 = Release|Any CPU
		{A0035ABA-D408-49F9-A63E-5AFC7A523CDF}.Debug|Any CPU.ActiveCfg = Debug|Any CPU
		{A0035ABA-D408-49F9-A63E-5AFC7A523CDF}.Debug|Any CPU.Build.0 = Debug|Any CPU
		{A0035ABA-D408-49F9-A63E-5AFC7A523CDF}.Debug|x64.ActiveCfg = Debug|Any CPU
		{A0035ABA-D408-49F9-A63E-5AFC7A523CDF}.Debug|x64.Build.0 = Debug|Any CPU
		{A0035ABA-D408-49F9-A63E-5AFC7A523CDF}.Debug|x86.ActiveCfg = Debug|Any CPU
		{A0035ABA-D408-49F9-A63E-5AFC7A523CDF}.Debug|x86.Build.0 = Debug|Any CPU
		{A0035ABA-D408-49F9-A63E-5AFC7A523CDF}.Release|Any CPU.ActiveCfg = Release|Any CPU
		{A0035ABA-D408-49F9-A63E-5AFC7A523CDF}.Release|Any CPU.Build.0 = Release|Any CPU
		{A0035ABA-D408-49F9-A63E-5AFC7A523CDF}.Release|x64.ActiveCfg = Release|Any CPU
		{A0035ABA-D408-49F9-A63E-5AFC7A523CDF}.Release|x64.Build.0 = Release|Any CPU
		{A0035ABA-D408-49F9-A63E-5AFC7A523CDF}.Release|x86.ActiveCfg = Release|Any CPU
		{A0035ABA-D408-49F9-A63E-5AFC7A523CDF}.Release|x86.Build.0 = Release|Any CPU
		{DAA96902-8F0C-4A33-AA58-E306E1B44019}.Debug|Any CPU.ActiveCfg = Debug|Any CPU
		{DAA96902-8F0C-4A33-AA58-E306E1B44019}.Debug|Any CPU.Build.0 = Debug|Any CPU
		{DAA96902-8F0C-4A33-AA58-E306E1B44019}.Debug|x64.ActiveCfg = Debug|Any CPU
		{DAA96902-8F0C-4A33-AA58-E306E1B44019}.Debug|x64.Build.0 = Debug|Any CPU
		{DAA96902-8F0C-4A33-AA58-E306E1B44019}.Debug|x86.ActiveCfg = Debug|Any CPU
		{DAA96902-8F0C-4A33-AA58-E306E1B44019}.Debug|x86.Build.0 = Debug|Any CPU
		{DAA96902-8F0C-4A33-AA58-E306E1B44019}.Release|Any CPU.ActiveCfg = Release|Any CPU
		{DAA96902-8F0C-4A33-AA58-E306E1B44019}.Release|Any CPU.Build.0 = Release|Any CPU
		{DAA96902-8F0C-4A33-AA58-E306E1B44019}.Release|x64.ActiveCfg = Release|Any CPU
		{DAA96902-8F0C-4A33-AA58-E306E1B44019}.Release|x64.Build.0 = Release|Any CPU
		{DAA96902-8F0C-4A33-AA58-E306E1B44019}.Release|x86.ActiveCfg = Release|Any CPU
		{DAA96902-8F0C-4A33-AA58-E306E1B44019}.Release|x86.Build.0 = Release|Any CPU
	EndGlobalSection
	GlobalSection(SolutionProperties) = preSolution
		HideSolutionNode = FALSE
	EndGlobalSection
	GlobalSection(ExtensibilityGlobals) = postSolution
		SolutionGuid = {20276E94-620A-47A3-B712-DB6DC0D56F0E}
	EndGlobalSection
EndGlobal
