
Microsoft Visual Studio Solution File, Format Version 12.00
# Visual Studio Version 17
VisualStudioVersion = 17.0.31717.71
MinimumVisualStudioVersion = 10.0.40219.1
Project("{778DAE3C-4631-46EA-AA77-85C1314464D9}") = "509 VB Goldbach", "509 VB Goldbach\509 VB Goldbach.vbproj", "{9D4358D0-2587-4BF3-9C77-DA384896B447}"
EndProject
Project("{9A19103F-16F7-4668-BE54-9A1E7A4F7556}") = "519b CS SHA-1", "519b CS SHA-1\519b CS SHA-1.csproj", "{88A32779-DB9C-4A85-A750-E0154BE3D603}"
EndProject
Project("{9A19103F-16F7-4668-BE54-9A1E7A4F7556}") = "518 CS Serialization Helper", "518 CS Serialization Helper\518 CS Serialization Helper.csproj", "{35C52F5B-404D-43FB-8619-D4325BD7C32D}"
EndProject
Project("{9A19103F-16F7-4668-BE54-9A1E7A4F7556}") = "517 CS IsDerivedFromType", "517 CS IsDerivedFromType\517 CS IsDerivedFromType.csproj", "{A164751D-0144-494D-917B-ED8927CE4003}"
EndProject
Project("{9A19103F-16F7-4668-BE54-9A1E7A4F7556}") = "516 CS Dynamic Code Compilation", "516 CS Dynamic Code Compilation\516 CS Dynamic Code Compilation.csproj", "{9CE162A6-4AA4-4E50-A635-3EEB433E67C4}"
EndProject
Project("{9A19103F-16F7-4668-BE54-9A1E7A4F7556}") = "515 CS Equals and inheritance", "515 CS Equals and inheritance\515 CS Equals and inheritance.csproj", "{3958FFA7-F5B8-4C9F-A3CD-79A10DFED80A}"
EndProject
Project("{9A19103F-16F7-4668-BE54-9A1E7A4F7556}") = "514 CS Remap HR Extract Pics", "514 CS Remap HR Extract Pics\514 CS Remap HR Extract Pics.csproj", "{B5D4FA10-966F-4CCE-B9ED-AC2EB73E2D9D}"
EndProject
Project("{9A19103F-16F7-4668-BE54-9A1E7A4F7556}") = "513 DupMP3 Core", "513 CS DupMP3 Core\513 DupMP3 Core.csproj", "{34664004-7E3F-4E0E-8006-21209968E1E2}"
EndProject
Project("{9A19103F-16F7-4668-BE54-9A1E7A4F7556}") = "513 CS DupMP3", "513 CS DupMP3\513 CS DupMP3.csproj", "{D9BBB524-E4BD-4064-ADAD-239D41EF985D}"
EndProject
Project("{9A19103F-16F7-4668-BE54-9A1E7A4F7556}") = "511 CS RetailleImages 3.1 (GDI)", "511 CS RetailleImages 3.1 (GDI)\511 CS RetailleImages 3.1 (GDI).csproj", "{7EC09202-BBC0-4834-855D-4E341D930048}"
EndProject
Project("{9A19103F-16F7-4668-BE54-9A1E7A4F7556}") = "511 CS RetailleImages 3.0 (WPF)", "511 CS RetailleImages 3.0 (WPF)\511 CS RetailleImages 3.0 (WPF).csproj", "{B13A032F-3CCA-4851-9936-827047F2AADA}"
EndProject
Project("{9A19103F-16F7-4668-BE54-9A1E7A4F7556}") = "510 CS Rename Parentheses", "510 CS Rename Parentheses\510 CS Rename Parentheses.csproj", "{3D14A3C9-34AF-4F04-A4A7-D1B951AC77C3}"
EndProject
Project("{9A19103F-16F7-4668-BE54-9A1E7A4F7556}") = "508 CS ReadOnly Collections", "508 CS ReadOnly Collections\508 CS ReadOnly Collections.csproj", "{FD3A59EC-499E-4FB3-A0FB-1889DBAD731F}"
EndProject
Project("{9A19103F-16F7-4668-BE54-9A1E7A4F7556}") = "507 CS String Normalize", "507 CS String Normalize\507 CS String Normalize.csproj", "{E772679C-7FEA-43C2-B264-49F13B266657}"
EndProject
Project("{9A19103F-16F7-4668-BE54-9A1E7A4F7556}") = "506 CS Ribbon", "506 CS Ribbon\506 CS Ribbon.csproj", "{DC136242-C143-4ABF-ACE4-58BB172230F6}"
EndProject
Project("{9A19103F-16F7-4668-BE54-9A1E7A4F7556}") = "505 CS Caller Info", "505 CS Caller Info\505 CS Caller Info.csproj", "{01518BDA-6F84-477F-9FB1-85AD845E9372}"
EndProject
Project("{9A19103F-16F7-4668-BE54-9A1E7A4F7556}") = "504 CS Closure Example", "504 CS Closure Example\504 CS Closure Example.csproj", "{C474123D-1D1F-4B81-AD27-0D6281B06204}"
EndProject
Project("{9A19103F-16F7-4668-BE54-9A1E7A4F7556}") = "503 CS Tasks", "503 CS Tasks\503 CS Tasks.csproj", "{2D2DDCFC-AAD8-4D79-813D-7F632DB667C4}"
EndProject
Project("{9A19103F-16F7-4668-BE54-9A1E7A4F7556}") = "502 CS Tasks", "502 CS Tasks\502 CS Tasks.csproj", "{4312E9C8-8843-4D3E-93F3-C8AC2CCBBA06}"
EndProject
Project("{9A19103F-16F7-4668-BE54-9A1E7A4F7556}") = "501 CS async implementation", "501 CS async implementation\501 CS async implementation.csproj", "{0C158DD9-0DE1-4239-A1E6-22E47A6FE3F3}"
EndProject
Project("{9A19103F-16F7-4668-BE54-9A1E7A4F7556}") = "500 CS async Navigation", "500 CS async Navigation\500 CS async Navigation.csproj", "{FAA4D7CC-B29C-4E02-A26A-13AA47411B08}"
EndProject
Project("{9A19103F-16F7-4668-BE54-9A1E7A4F7556}") = "519a CS SHA-2", "519a CS SHA-2\519a CS SHA-2.csproj", "{7ECF9227-7E72-4822-AD48-EE8E2C2B70A0}"
EndProject
Project("{9A19103F-16F7-4668-BE54-9A1E7A4F7556}") = "511a CS CreateVignette1", "511 CS CreateVignette\511a CS CreateVignette1\511a CS CreateVignette1.csproj", "{D8303F2D-3B7E-457B-B808-BEC116B19AD0}"
EndProject
Project("{9A19103F-16F7-4668-BE54-9A1E7A4F7556}") = "511b CS CreateVignette2", "511 CS CreateVignette\511b CS CreateVignette2\511b CS CreateVignette2.csproj", "{97C48BC6-DA9A-4B01-964D-5F6222002726}"
EndProject
Project("{9A19103F-16F7-4668-BE54-9A1E7A4F7556}") = "511c CS CreateVignette3", "511 CS CreateVignette\511c CS CreateVignette3\511c CS CreateVignette3.csproj", "{E4150058-25F1-441C-8C06-C4D00C51F1FD}"
EndProject
Global
	GlobalSection(SolutionConfigurationPlatforms) = preSolution
		Debug|Any CPU = Debug|Any CPU
		Release|Any CPU = Release|Any CPU
	EndGlobalSection
	GlobalSection(ProjectConfigurationPlatforms) = postSolution
		{9D4358D0-2587-4BF3-9C77-DA384896B447}.Debug|Any CPU.ActiveCfg = Debug|Any CPU
		{9D4358D0-2587-4BF3-9C77-DA384896B447}.Debug|Any CPU.Build.0 = Debug|Any CPU
		{9D4358D0-2587-4BF3-9C77-DA384896B447}.Release|Any CPU.ActiveCfg = Release|Any CPU
		{9D4358D0-2587-4BF3-9C77-DA384896B447}.Release|Any CPU.Build.0 = Release|Any CPU
		{88A32779-DB9C-4A85-A750-E0154BE3D603}.Debug|Any CPU.ActiveCfg = Debug|Any CPU
		{88A32779-DB9C-4A85-A750-E0154BE3D603}.Debug|Any CPU.Build.0 = Debug|Any CPU
		{88A32779-DB9C-4A85-A750-E0154BE3D603}.Release|Any CPU.ActiveCfg = Release|Any CPU
		{88A32779-DB9C-4A85-A750-E0154BE3D603}.Release|Any CPU.Build.0 = Release|Any CPU
		{35C52F5B-404D-43FB-8619-D4325BD7C32D}.Debug|Any CPU.ActiveCfg = Debug|Any CPU
		{35C52F5B-404D-43FB-8619-D4325BD7C32D}.Debug|Any CPU.Build.0 = Debug|Any CPU
		{35C52F5B-404D-43FB-8619-D4325BD7C32D}.Release|Any CPU.ActiveCfg = Release|Any CPU
		{35C52F5B-404D-43FB-8619-D4325BD7C32D}.Release|Any CPU.Build.0 = Release|Any CPU
		{A164751D-0144-494D-917B-ED8927CE4003}.Debug|Any CPU.ActiveCfg = Debug|Any CPU
		{A164751D-0144-494D-917B-ED8927CE4003}.Debug|Any CPU.Build.0 = Debug|Any CPU
		{A164751D-0144-494D-917B-ED8927CE4003}.Release|Any CPU.ActiveCfg = Release|Any CPU
		{A164751D-0144-494D-917B-ED8927CE4003}.Release|Any CPU.Build.0 = Release|Any CPU
		{9CE162A6-4AA4-4E50-A635-3EEB433E67C4}.Debug|Any CPU.ActiveCfg = Debug|Any CPU
		{9CE162A6-4AA4-4E50-A635-3EEB433E67C4}.Debug|Any CPU.Build.0 = Debug|Any CPU
		{9CE162A6-4AA4-4E50-A635-3EEB433E67C4}.Release|Any CPU.ActiveCfg = Release|Any CPU
		{9CE162A6-4AA4-4E50-A635-3EEB433E67C4}.Release|Any CPU.Build.0 = Release|Any CPU
		{3958FFA7-F5B8-4C9F-A3CD-79A10DFED80A}.Debug|Any CPU.ActiveCfg = Debug|Any CPU
		{3958FFA7-F5B8-4C9F-A3CD-79A10DFED80A}.Debug|Any CPU.Build.0 = Debug|Any CPU
		{3958FFA7-F5B8-4C9F-A3CD-79A10DFED80A}.Release|Any CPU.ActiveCfg = Release|Any CPU
		{3958FFA7-F5B8-4C9F-A3CD-79A10DFED80A}.Release|Any CPU.Build.0 = Release|Any CPU
		{B5D4FA10-966F-4CCE-B9ED-AC2EB73E2D9D}.Debug|Any CPU.ActiveCfg = Debug|Any CPU
		{B5D4FA10-966F-4CCE-B9ED-AC2EB73E2D9D}.Debug|Any CPU.Build.0 = Debug|Any CPU
		{B5D4FA10-966F-4CCE-B9ED-AC2EB73E2D9D}.Release|Any CPU.ActiveCfg = Release|Any CPU
		{B5D4FA10-966F-4CCE-B9ED-AC2EB73E2D9D}.Release|Any CPU.Build.0 = Release|Any CPU
		{34664004-7E3F-4E0E-8006-21209968E1E2}.Debug|Any CPU.ActiveCfg = Debug|Any CPU
		{34664004-7E3F-4E0E-8006-21209968E1E2}.Debug|Any CPU.Build.0 = Debug|Any CPU
		{34664004-7E3F-4E0E-8006-21209968E1E2}.Release|Any CPU.ActiveCfg = Release|Any CPU
		{34664004-7E3F-4E0E-8006-21209968E1E2}.Release|Any CPU.Build.0 = Release|Any CPU
		{D9BBB524-E4BD-4064-ADAD-239D41EF985D}.Debug|Any CPU.ActiveCfg = Debug|Any CPU
		{D9BBB524-E4BD-4064-ADAD-239D41EF985D}.Debug|Any CPU.Build.0 = Debug|Any CPU
		{D9BBB524-E4BD-4064-ADAD-239D41EF985D}.Release|Any CPU.ActiveCfg = Release|Any CPU
		{D9BBB524-E4BD-4064-ADAD-239D41EF985D}.Release|Any CPU.Build.0 = Release|Any CPU
		{7EC09202-BBC0-4834-855D-4E341D930048}.Debug|Any CPU.ActiveCfg = Debug|Any CPU
		{7EC09202-BBC0-4834-855D-4E341D930048}.Debug|Any CPU.Build.0 = Debug|Any CPU
		{7EC09202-BBC0-4834-855D-4E341D930048}.Release|Any CPU.ActiveCfg = Release|Any CPU
		{7EC09202-BBC0-4834-855D-4E341D930048}.Release|Any CPU.Build.0 = Release|Any CPU
		{B13A032F-3CCA-4851-9936-827047F2AADA}.Debug|Any CPU.ActiveCfg = Debug|Any CPU
		{B13A032F-3CCA-4851-9936-827047F2AADA}.Debug|Any CPU.Build.0 = Debug|Any CPU
		{B13A032F-3CCA-4851-9936-827047F2AADA}.Release|Any CPU.ActiveCfg = Release|Any CPU
		{B13A032F-3CCA-4851-9936-827047F2AADA}.Release|Any CPU.Build.0 = Release|Any CPU
		{3D14A3C9-34AF-4F04-A4A7-D1B951AC77C3}.Debug|Any CPU.ActiveCfg = Debug|Any CPU
		{3D14A3C9-34AF-4F04-A4A7-D1B951AC77C3}.Debug|Any CPU.Build.0 = Debug|Any CPU
		{3D14A3C9-34AF-4F04-A4A7-D1B951AC77C3}.Release|Any CPU.ActiveCfg = Release|Any CPU
		{3D14A3C9-34AF-4F04-A4A7-D1B951AC77C3}.Release|Any CPU.Build.0 = Release|Any CPU
		{FD3A59EC-499E-4FB3-A0FB-1889DBAD731F}.Debug|Any CPU.ActiveCfg = Debug|Any CPU
		{FD3A59EC-499E-4FB3-A0FB-1889DBAD731F}.Debug|Any CPU.Build.0 = Debug|Any CPU
		{FD3A59EC-499E-4FB3-A0FB-1889DBAD731F}.Release|Any CPU.ActiveCfg = Release|Any CPU
		{FD3A59EC-499E-4FB3-A0FB-1889DBAD731F}.Release|Any CPU.Build.0 = Release|Any CPU
		{E772679C-7FEA-43C2-B264-49F13B266657}.Debug|Any CPU.ActiveCfg = Debug|Any CPU
		{E772679C-7FEA-43C2-B264-49F13B266657}.Debug|Any CPU.Build.0 = Debug|Any CPU
		{E772679C-7FEA-43C2-B264-49F13B266657}.Release|Any CPU.ActiveCfg = Release|Any CPU
		{E772679C-7FEA-43C2-B264-49F13B266657}.Release|Any CPU.Build.0 = Release|Any CPU
		{DC136242-C143-4ABF-ACE4-58BB172230F6}.Debug|Any CPU.ActiveCfg = Debug|Any CPU
		{DC136242-C143-4ABF-ACE4-58BB172230F6}.Debug|Any CPU.Build.0 = Debug|Any CPU
		{DC136242-C143-4ABF-ACE4-58BB172230F6}.Release|Any CPU.ActiveCfg = Release|Any CPU
		{DC136242-C143-4ABF-ACE4-58BB172230F6}.Release|Any CPU.Build.0 = Release|Any CPU
		{01518BDA-6F84-477F-9FB1-85AD845E9372}.Debug|Any CPU.ActiveCfg = Debug|Any CPU
		{01518BDA-6F84-477F-9FB1-85AD845E9372}.Debug|Any CPU.Build.0 = Debug|Any CPU
		{01518BDA-6F84-477F-9FB1-85AD845E9372}.Release|Any CPU.ActiveCfg = Release|Any CPU
		{01518BDA-6F84-477F-9FB1-85AD845E9372}.Release|Any CPU.Build.0 = Release|Any CPU
		{C474123D-1D1F-4B81-AD27-0D6281B06204}.Debug|Any CPU.ActiveCfg = Debug|Any CPU
		{C474123D-1D1F-4B81-AD27-0D6281B06204}.Debug|Any CPU.Build.0 = Debug|Any CPU
		{C474123D-1D1F-4B81-AD27-0D6281B06204}.Release|Any CPU.ActiveCfg = Release|Any CPU
		{C474123D-1D1F-4B81-AD27-0D6281B06204}.Release|Any CPU.Build.0 = Release|Any CPU
		{2D2DDCFC-AAD8-4D79-813D-7F632DB667C4}.Debug|Any CPU.ActiveCfg = Debug|Any CPU
		{2D2DDCFC-AAD8-4D79-813D-7F632DB667C4}.Debug|Any CPU.Build.0 = Debug|Any CPU
		{2D2DDCFC-AAD8-4D79-813D-7F632DB667C4}.Release|Any CPU.ActiveCfg = Release|Any CPU
		{2D2DDCFC-AAD8-4D79-813D-7F632DB667C4}.Release|Any CPU.Build.0 = Release|Any CPU
		{4312E9C8-8843-4D3E-93F3-C8AC2CCBBA06}.Debug|Any CPU.ActiveCfg = Debug|Any CPU
		{4312E9C8-8843-4D3E-93F3-C8AC2CCBBA06}.Debug|Any CPU.Build.0 = Debug|Any CPU
		{4312E9C8-8843-4D3E-93F3-C8AC2CCBBA06}.Release|Any CPU.ActiveCfg = Release|Any CPU
		{4312E9C8-8843-4D3E-93F3-C8AC2CCBBA06}.Release|Any CPU.Build.0 = Release|Any CPU
		{0C158DD9-0DE1-4239-A1E6-22E47A6FE3F3}.Debug|Any CPU.ActiveCfg = Debug|Any CPU
		{0C158DD9-0DE1-4239-A1E6-22E47A6FE3F3}.Debug|Any CPU.Build.0 = Debug|Any CPU
		{0C158DD9-0DE1-4239-A1E6-22E47A6FE3F3}.Release|Any CPU.ActiveCfg = Release|Any CPU
		{0C158DD9-0DE1-4239-A1E6-22E47A6FE3F3}.Release|Any CPU.Build.0 = Release|Any CPU
		{FAA4D7CC-B29C-4E02-A26A-13AA47411B08}.Debug|Any CPU.ActiveCfg = Debug|Any CPU
		{FAA4D7CC-B29C-4E02-A26A-13AA47411B08}.Debug|Any CPU.Build.0 = Debug|Any CPU
		{FAA4D7CC-B29C-4E02-A26A-13AA47411B08}.Release|Any CPU.ActiveCfg = Release|Any CPU
		{FAA4D7CC-B29C-4E02-A26A-13AA47411B08}.Release|Any CPU.Build.0 = Release|Any CPU
		{7ECF9227-7E72-4822-AD48-EE8E2C2B70A0}.Debug|Any CPU.ActiveCfg = Debug|Any CPU
		{7ECF9227-7E72-4822-AD48-EE8E2C2B70A0}.Debug|Any CPU.Build.0 = Debug|Any CPU
		{7ECF9227-7E72-4822-AD48-EE8E2C2B70A0}.Release|Any CPU.ActiveCfg = Release|Any CPU
		{7ECF9227-7E72-4822-AD48-EE8E2C2B70A0}.Release|Any CPU.Build.0 = Release|Any CPU
		{D8303F2D-3B7E-457B-B808-BEC116B19AD0}.Debug|Any CPU.ActiveCfg = Debug|Any CPU
		{D8303F2D-3B7E-457B-B808-BEC116B19AD0}.Debug|Any CPU.Build.0 = Debug|Any CPU
		{D8303F2D-3B7E-457B-B808-BEC116B19AD0}.Release|Any CPU.ActiveCfg = Release|Any CPU
		{D8303F2D-3B7E-457B-B808-BEC116B19AD0}.Release|Any CPU.Build.0 = Release|Any CPU
		{97C48BC6-DA9A-4B01-964D-5F6222002726}.Debug|Any CPU.ActiveCfg = Debug|Any CPU
		{97C48BC6-DA9A-4B01-964D-5F6222002726}.Debug|Any CPU.Build.0 = Debug|Any CPU
		{97C48BC6-DA9A-4B01-964D-5F6222002726}.Release|Any CPU.ActiveCfg = Release|Any CPU
		{97C48BC6-DA9A-4B01-964D-5F6222002726}.Release|Any CPU.Build.0 = Release|Any CPU
		{E4150058-25F1-441C-8C06-C4D00C51F1FD}.Debug|Any CPU.ActiveCfg = Debug|Any CPU
		{E4150058-25F1-441C-8C06-C4D00C51F1FD}.Debug|Any CPU.Build.0 = Debug|Any CPU
		{E4150058-25F1-441C-8C06-C4D00C51F1FD}.Release|Any CPU.ActiveCfg = Release|Any CPU
		{E4150058-25F1-441C-8C06-C4D00C51F1FD}.Release|Any CPU.Build.0 = Release|Any CPU
	EndGlobalSection
	GlobalSection(SolutionProperties) = preSolution
		HideSolutionNode = FALSE
	EndGlobalSection
	GlobalSection(ExtensibilityGlobals) = postSolution
		SolutionGuid = {EACCCBB7-4CDC-427D-BAA9-9703A8F19694}
	EndGlobalSection
EndGlobal
