
Microsoft Visual Studio Solution File, Format Version 12.00
# Visual Studio Version 16
VisualStudioVersion = 16.0.31702.278
MinimumVisualStudioVersion = 10.0.40219.1
Project("{9A19103F-16F7-4668-BE54-9A1E7A4F7556}") = "524b CS Cordic HalfTrig", "524b CS Cordic HalfTrig.csproj", "{EBB92240-799F-4B9A-8746-98C42E421899}"
EndProject
Global
	GlobalSection(SolutionConfigurationPlatforms) = preSolution
		Debug|Any CPU = Debug|Any CPU
		Release|Any CPU = Release|Any CPU
	EndGlobalSection
	GlobalSection(ProjectConfigurationPlatforms) = postSolution
		{EBB92240-799F-4B9A-8746-98C42E421899}.Debug|Any CPU.ActiveCfg = Debug|Any CPU
		{EBB92240-799F-4B9A-8746-98C42E421899}.Debug|Any CPU.Build.0 = Debug|Any CPU
		{EBB92240-799F-4B9A-8746-98C42E421899}.Release|Any CPU.ActiveCfg = Release|Any CPU
		{EBB92240-799F-4B9A-8746-98C42E421899}.Release|Any CPU.Build.0 = Release|Any CPU
	EndGlobalSection
	GlobalSection(SolutionProperties) = preSolution
		HideSolutionNode = FALSE
	EndGlobalSection
	GlobalSection(ExtensibilityGlobals) = postSolution
		SolutionGuid = {A78E10F0-746A-4FFB-BFC8-74A4AE760E2A}
	EndGlobalSection
EndGlobal
