
Microsoft Visual Studio Solution File, Format Version 12.00
# Visual Studio Version 16
VisualStudioVersion = 16.0.31702.278
MinimumVisualStudioVersion = 10.0.40219.1
Project("{9A19103F-16F7-4668-BE54-9A1E7A4F7556}") = "511 CS RetailleImages 3.0 (WPF)", "511 CS RetailleImages 3.0 (WPF).csproj", "{7DBDA920-9E3B-441E-9D8E-BC67729DF40D}"
EndProject
Global
	GlobalSection(SolutionConfigurationPlatforms) = preSolution
		Debug|Any CPU = Debug|Any CPU
		Release|Any CPU = Release|Any CPU
	EndGlobalSection
	GlobalSection(ProjectConfigurationPlatforms) = postSolution
		{7DBDA920-9E3B-441E-9D8E-BC67729DF40D}.Debug|Any CPU.ActiveCfg = Debug|Any CPU
		{7DBDA920-9E3B-441E-9D8E-BC67729DF40D}.Debug|Any CPU.Build.0 = Debug|Any CPU
		{7DBDA920-9E3B-441E-9D8E-BC67729DF40D}.Release|Any CPU.ActiveCfg = Release|Any CPU
		{7DBDA920-9E3B-441E-9D8E-BC67729DF40D}.Release|Any CPU.Build.0 = Release|Any CPU
	EndGlobalSection
	GlobalSection(SolutionProperties) = preSolution
		HideSolutionNode = FALSE
	EndGlobalSection
	GlobalSection(ExtensibilityGlobals) = postSolution
		SolutionGuid = {FC6A3F7D-3C78-4069-B163-1ABE00A44033}
	EndGlobalSection
EndGlobal
