
Microsoft Visual Studio Solution File, Format Version 12.00
# Visual Studio Version 16
VisualStudioVersion = 16.0.31702.278
MinimumVisualStudioVersion = 10.0.40219.1
Project("{9A19103F-16F7-4668-BE54-9A1E7A4F7556}") = "422 CS Closures", "422 CS Closures.csproj", "{BB72F15D-82AE-46BD-9216-AA5AE0878305}"
EndProject
Global
	GlobalSection(SolutionConfigurationPlatforms) = preSolution
		Debug|Any CPU = Debug|Any CPU
		Release|Any CPU = Release|Any CPU
	EndGlobalSection
	GlobalSection(ProjectConfigurationPlatforms) = postSolution
		{BB72F15D-82AE-46BD-9216-AA5AE0878305}.Debug|Any CPU.ActiveCfg = Debug|Any CPU
		{BB72F15D-82AE-46BD-9216-AA5AE0878305}.Debug|Any CPU.Build.0 = Debug|Any CPU
		{BB72F15D-82AE-46BD-9216-AA5AE0878305}.Release|Any CPU.ActiveCfg = Release|Any CPU
		{BB72F15D-82AE-46BD-9216-AA5AE0878305}.Release|Any CPU.Build.0 = Release|Any CPU
	EndGlobalSection
	GlobalSection(SolutionProperties) = preSolution
		HideSolutionNode = FALSE
	EndGlobalSection
	GlobalSection(ExtensibilityGlobals) = postSolution
		SolutionGuid = {03E7AE8B-B66F-4410-9870-1F90E235D452}
	EndGlobalSection
EndGlobal
