
Microsoft Visual Studio Solution File, Format Version 12.00
# Visual Studio Version 16
VisualStudioVersion = 16.0.31702.278
MinimumVisualStudioVersion = 10.0.40219.1
Project("{9A19103F-16F7-4668-BE54-9A1E7A4F7556}") = "510 CS Rename Parentheses", "510 CS Rename Parentheses.csproj", "{BEC71ED8-2456-4463-BD4F-66AD5080EFE3}"
EndProject
Global
	GlobalSection(SolutionConfigurationPlatforms) = preSolution
		Debug|Any CPU = Debug|Any CPU
		Release|Any CPU = Release|Any CPU
	EndGlobalSection
	GlobalSection(ProjectConfigurationPlatforms) = postSolution
		{BEC71ED8-2456-4463-BD4F-66AD5080EFE3}.Debug|Any CPU.ActiveCfg = Debug|Any CPU
		{BEC71ED8-2456-4463-BD4F-66AD5080EFE3}.Debug|Any CPU.Build.0 = Debug|Any CPU
		{BEC71ED8-2456-4463-BD4F-66AD5080EFE3}.Release|Any CPU.ActiveCfg = Release|Any CPU
		{BEC71ED8-2456-4463-BD4F-66AD5080EFE3}.Release|Any CPU.Build.0 = Release|Any CPU
	EndGlobalSection
	GlobalSection(SolutionProperties) = preSolution
		HideSolutionNode = FALSE
	EndGlobalSection
	GlobalSection(ExtensibilityGlobals) = postSolution
		SolutionGuid = {43A1839E-FF07-45E0-9B33-F966A6ED420B}
	EndGlobalSection
EndGlobal
