
Microsoft Visual Studio Solution File, Format Version 12.00
# Visual Studio Version 17
VisualStudioVersion = 17.13.36105.23 d17.13
MinimumVisualStudioVersion = 10.0.40219.1
Project("{FAE04EC0-301F-11D3-BF4B-00C04F79EFBC}") = "039 CS App", "039 CS App.csproj", "{5F844D0E-E6E6-4F29-8DE7-16D1705054CE}"
EndProject
Project("{FAE04EC0-301F-11D3-BF4B-00C04F79EFBC}") = "039 CS Lib", "039 CS Lib.csproj", "{0FF8D880-D4EF-477D-A332-318256D32B18}"
EndProject
Global
	GlobalSection(SolutionConfigurationPlatforms) = preSolution
		Debug|Any CPU = Debug|Any CPU
		Release|Any CPU = Release|Any CPU
	EndGlobalSection
	GlobalSection(ProjectConfigurationPlatforms) = postSolution
		{5F844D0E-E6E6-4F29-8DE7-16D1705054CE}.Debug|Any CPU.ActiveCfg = Debug|Any CPU
		{5F844D0E-E6E6-4F29-8DE7-16D1705054CE}.Debug|Any CPU.Build.0 = Debug|Any CPU
		{5F844D0E-E6E6-4F29-8DE7-16D1705054CE}.Release|Any CPU.ActiveCfg = Release|Any CPU
		{5F844D0E-E6E6-4F29-8DE7-16D1705054CE}.Release|Any CPU.Build.0 = Release|Any CPU
		{0FF8D880-D4EF-477D-A332-318256D32B18}.Debug|Any CPU.ActiveCfg = Debug|Any CPU
		{0FF8D880-D4EF-477D-A332-318256D32B18}.Debug|Any CPU.Build.0 = Debug|Any CPU
		{0FF8D880-D4EF-477D-A332-318256D32B18}.Release|Any CPU.ActiveCfg = Release|Any CPU
		{0FF8D880-D4EF-477D-A332-318256D32B18}.Release|Any CPU.Build.0 = Release|Any CPU
	EndGlobalSection
	GlobalSection(SolutionProperties) = preSolution
		HideSolutionNode = FALSE
	EndGlobalSection
EndGlobal
