
Microsoft Visual Studio Solution File, Format Version 11.00
# Visual Studio 2010
Project("{F184B08F-C81C-45F6-A57F-5ABD9991F28F}") = "310 VB Lambda functions and Select projections", "310 VB Lambda functions and Select projections.vbproj", "{7E6B34BF-CD2E-4E14-B4E4-323AE0A2AF78}"
EndProject
Global
	GlobalSection(SolutionConfigurationPlatforms) = preSolution
		Debug|Any CPU = Debug|Any CPU
		Release|Any CPU = Release|Any CPU
	EndGlobalSection
	GlobalSection(ProjectConfigurationPlatforms) = postSolution
		{7E6B34BF-CD2E-4E14-B4E4-323AE0A2AF78}.Debug|Any CPU.ActiveCfg = Debug|Any CPU
		{7E6B34BF-CD2E-4E14-B4E4-323AE0A2AF78}.Debug|Any CPU.Build.0 = Debug|Any CPU
		{7E6B34BF-CD2E-4E14-B4E4-323AE0A2AF78}.Release|Any CPU.ActiveCfg = Release|Any CPU
		{7E6B34BF-CD2E-4E14-B4E4-323AE0A2AF78}.Release|Any CPU.Build.0 = Release|Any CPU
	EndGlobalSection
	GlobalSection(SolutionProperties) = preSolution
		HideSolutionNode = FALSE
	EndGlobalSection
EndGlobal
