
Microsoft Visual Studio Solution File, Format Version 12.00
# Visual Studio Version 17
VisualStudioVersion = 17.0.31710.8
MinimumVisualStudioVersion = 10.0.40219.1
Project("{778DAE3C-4631-46EA-AA77-85C1314464D9}") = "102 VB AnalyseComputers", "102 VB AnalyseComputers.vbproj", "{6816A6FD-0A26-44C8-AFB2-9DE2AAFBE456}"
EndProject
Global
	GlobalSection(SolutionConfigurationPlatforms) = preSolution
		Debug|Any CPU = Debug|Any CPU
		Release|Any CPU = Release|Any CPU
	EndGlobalSection
	GlobalSection(ProjectConfigurationPlatforms) = postSolution
		{6816A6FD-0A26-44C8-AFB2-9DE2AAFBE456}.Debug|Any CPU.ActiveCfg = Debug|Any CPU
		{6816A6FD-0A26-44C8-AFB2-9DE2AAFBE456}.Debug|Any CPU.Build.0 = Debug|Any CPU
		{6816A6FD-0A26-44C8-AFB2-9DE2AAFBE456}.Release|Any CPU.ActiveCfg = Release|Any CPU
		{6816A6FD-0A26-44C8-AFB2-9DE2AAFBE456}.Release|Any CPU.Build.0 = Release|Any CPU
	EndGlobalSection
	GlobalSection(SolutionProperties) = preSolution
		HideSolutionNode = FALSE
	EndGlobalSection
	GlobalSection(ExtensibilityGlobals) = postSolution
		SolutionGuid = {0A84024F-0D10-497D-B77E-63507E7EA9FE}
	EndGlobalSection
EndGlobal
