
Microsoft Visual Studio Solution File, Format Version 12.00
# Visual Studio Version 16
VisualStudioVersion = 16.0.31702.278
MinimumVisualStudioVersion = 10.0.40219.1
Project("{9A19103F-16F7-4668-BE54-9A1E7A4F7556}") = "636 CS SelectMany", "636 CS SelectMany.csproj", "{77DC40A8-D4B2-4509-83EA-BD6A115A3936}"
EndProject
Global
	GlobalSection(SolutionConfigurationPlatforms) = preSolution
		Debug|Any CPU = Debug|Any CPU
		Release|Any CPU = Release|Any CPU
	EndGlobalSection
	GlobalSection(ProjectConfigurationPlatforms) = postSolution
		{77DC40A8-D4B2-4509-83EA-BD6A115A3936}.Debug|Any CPU.ActiveCfg = Debug|Any CPU
		{77DC40A8-D4B2-4509-83EA-BD6A115A3936}.Debug|Any CPU.Build.0 = Debug|Any CPU
		{77DC40A8-D4B2-4509-83EA-BD6A115A3936}.Release|Any CPU.ActiveCfg = Release|Any CPU
		{77DC40A8-D4B2-4509-83EA-BD6A115A3936}.Release|Any CPU.Build.0 = Release|Any CPU
	EndGlobalSection
	GlobalSection(SolutionProperties) = preSolution
		HideSolutionNode = FALSE
	EndGlobalSection
	GlobalSection(ExtensibilityGlobals) = postSolution
		SolutionGuid = {2ACF2E80-553F-41CD-B835-D86A74781E50}
	EndGlobalSection
EndGlobal
