
Microsoft Visual Studio Solution File, Format Version 12.00
# Visual Studio 14
VisualStudioVersion = 14.0.25420.1
MinimumVisualStudioVersion = 10.0.40219.1
Project("{FAE04EC0-301F-11D3-BF4B-00C04F79EFBC}") = "549 CS Strcmp Accent and Case insensitive", "549 CS Strcmp Accent and Case insensitive.csproj", "{1889A38B-2624-4DEC-998F-686289159767}"
EndProject
Global
	GlobalSection(SolutionConfigurationPlatforms) = preSolution
		Debug|Any CPU = Debug|Any CPU
		Release|Any CPU = Release|Any CPU
	EndGlobalSection
	GlobalSection(ProjectConfigurationPlatforms) = postSolution
		{1889A38B-2624-4DEC-998F-686289159767}.Debug|Any CPU.ActiveCfg = Debug|Any CPU
		{1889A38B-2624-4DEC-998F-686289159767}.Debug|Any CPU.Build.0 = Debug|Any CPU
		{1889A38B-2624-4DEC-998F-686289159767}.Release|Any CPU.ActiveCfg = Release|Any CPU
		{1889A38B-2624-4DEC-998F-686289159767}.Release|Any CPU.Build.0 = Release|Any CPU
	EndGlobalSection
	GlobalSection(SolutionProperties) = preSolution
		HideSolutionNode = FALSE
	EndGlobalSection
EndGlobal
