
Microsoft Visual Studio Solution File, Format Version 12.00
# Visual Studio Version 16
VisualStudioVersion = 16.0.31702.278
MinimumVisualStudioVersion = 10.0.40219.1
Project("{9A19103F-16F7-4668-BE54-9A1E7A4F7556}") = "540 CS Synchronization", "540 CS Synchronization.csproj", "{E5325EDB-4641-4697-8BF3-92B6DD7AFABB}"
EndProject
Global
	GlobalSection(SolutionConfigurationPlatforms) = preSolution
		Debug|Any CPU = Debug|Any CPU
		Release|Any CPU = Release|Any CPU
	EndGlobalSection
	GlobalSection(ProjectConfigurationPlatforms) = postSolution
		{E5325EDB-4641-4697-8BF3-92B6DD7AFABB}.Debug|Any CPU.ActiveCfg = Debug|Any CPU
		{E5325EDB-4641-4697-8BF3-92B6DD7AFABB}.Debug|Any CPU.Build.0 = Debug|Any CPU
		{E5325EDB-4641-4697-8BF3-92B6DD7AFABB}.Release|Any CPU.ActiveCfg = Release|Any CPU
		{E5325EDB-4641-4697-8BF3-92B6DD7AFABB}.Release|Any CPU.Build.0 = Release|Any CPU
	EndGlobalSection
	GlobalSection(SolutionProperties) = preSolution
		HideSolutionNode = FALSE
	EndGlobalSection
	GlobalSection(ExtensibilityGlobals) = postSolution
		SolutionGuid = {4C7C6AEC-6669-4219-8297-7329910536BC}
	EndGlobalSection
EndGlobal
