
Microsoft Visual Studio Solution File, Format Version 12.00
# Visual Studio 15
VisualStudioVersion = 15.0.26206.0
MinimumVisualStudioVersion = 10.0.40219.1
Project("{FAE04EC0-301F-11D3-BF4B-00C04F79EFBC}") = "CS611 NewLaby", "611 CS NewLaby\CS611 NewLaby.csproj", "{5D1334B2-E3FA-46C9-A98A-491FF64917B5}"
EndProject
Project("{FAE04EC0-301F-11D3-BF4B-00C04F79EFBC}") = "NewLaby UnitTests", "NewLaby UnitTests\611b CS NewLaby LiveTest.csproj", "{EF6BC631-4024-4C90-B190-C84C7956B80C}"
EndProject
Global
	GlobalSection(SolutionConfigurationPlatforms) = preSolution
		Debug|Any CPU = Debug|Any CPU
		Release|Any CPU = Release|Any CPU
	EndGlobalSection
	GlobalSection(ProjectConfigurationPlatforms) = postSolution
		{5D1334B2-E3FA-46C9-A98A-491FF64917B5}.Debug|Any CPU.ActiveCfg = Debug|Any CPU
		{5D1334B2-E3FA-46C9-A98A-491FF64917B5}.Debug|Any CPU.Build.0 = Debug|Any CPU
		{5D1334B2-E3FA-46C9-A98A-491FF64917B5}.Release|Any CPU.ActiveCfg = Release|Any CPU
		{5D1334B2-E3FA-46C9-A98A-491FF64917B5}.Release|Any CPU.Build.0 = Release|Any CPU
		{EF6BC631-4024-4C90-B190-C84C7956B80C}.Debug|Any CPU.ActiveCfg = Debug|Any CPU
		{EF6BC631-4024-4C90-B190-C84C7956B80C}.Debug|Any CPU.Build.0 = Debug|Any CPU
		{EF6BC631-4024-4C90-B190-C84C7956B80C}.Release|Any CPU.ActiveCfg = Release|Any CPU
		{EF6BC631-4024-4C90-B190-C84C7956B80C}.Release|Any CPU.Build.0 = Release|Any CPU
	EndGlobalSection
	GlobalSection(SolutionProperties) = preSolution
		HideSolutionNode = FALSE
	EndGlobalSection
EndGlobal
