
Microsoft Visual Studio Solution File, Format Version 12.00
# Visual Studio Version 16
VisualStudioVersion = 16.0.31702.278
MinimumVisualStudioVersion = 10.0.40219.1
Project("{9A19103F-16F7-4668-BE54-9A1E7A4F7556}") = "033 CS ILDASM", "033 CS ILDASM.csproj", "{791EB94D-4EA1-41F5-BAA8-1874F8C8798E}"
EndProject
Global
	GlobalSection(SolutionConfigurationPlatforms) = preSolution
		Debug|Any CPU = Debug|Any CPU
		Release|Any CPU = Release|Any CPU
	EndGlobalSection
	GlobalSection(ProjectConfigurationPlatforms) = postSolution
		{791EB94D-4EA1-41F5-BAA8-1874F8C8798E}.Debug|Any CPU.ActiveCfg = Debug|Any CPU
		{791EB94D-4EA1-41F5-BAA8-1874F8C8798E}.Debug|Any CPU.Build.0 = Debug|Any CPU
		{791EB94D-4EA1-41F5-BAA8-1874F8C8798E}.Release|Any CPU.ActiveCfg = Release|Any CPU
		{791EB94D-4EA1-41F5-BAA8-1874F8C8798E}.Release|Any CPU.Build.0 = Release|Any CPU
	EndGlobalSection
	GlobalSection(SolutionProperties) = preSolution
		HideSolutionNode = FALSE
	EndGlobalSection
	GlobalSection(ExtensibilityGlobals) = postSolution
		SolutionGuid = {1438D7BC-217A-43F8-B345-C233D6F18C68}
	EndGlobalSection
EndGlobal
