Microsoft Visual Studio Solution File, Format Version 11.00
# Visual Studio 2010
Project("{FAE04EC0-301F-11D3-BF4B-00C04F79EFBC}") = "39App", "39App.csproj", "{883567B4-C1B7-487A-99FE-92DAD41253D0}"
EndProject
Project("{FAE04EC0-301F-11D3-BF4B-00C04F79EFBC}") = "39Lib", "39Lib.csproj", "{FAADE683-DCA3-46DE-8A78-136EF8AF0D19}"
EndProject
Global
	GlobalSection(SolutionConfigurationPlatforms) = preSolution
		Debug|Any CPU = Debug|Any CPU
		Release|Any CPU = Release|Any CPU
	EndGlobalSection
	GlobalSection(ProjectConfigurationPlatforms) = postSolution
		{883567B4-C1B7-487A-99FE-92DAD41253D0}.Debug|Any CPU.ActiveCfg = Debug|Any CPU
		{883567B4-C1B7-487A-99FE-92DAD41253D0}.Debug|Any CPU.Build.0 = Debug|Any CPU
		{883567B4-C1B7-487A-99FE-92DAD41253D0}.Release|Any CPU.ActiveCfg = Release|Any CPU
		{883567B4-C1B7-487A-99FE-92DAD41253D0}.Release|Any CPU.Build.0 = Release|Any CPU
		{FAADE683-DCA3-46DE-8A78-136EF8AF0D19}.Debug|Any CPU.ActiveCfg = Debug|Any CPU
		{FAADE683-DCA3-46DE-8A78-136EF8AF0D19}.Debug|Any CPU.Build.0 = Debug|Any CPU
		{FAADE683-DCA3-46DE-8A78-136EF8AF0D19}.Release|Any CPU.ActiveCfg = Release|Any CPU
		{FAADE683-DCA3-46DE-8A78-136EF8AF0D19}.Release|Any CPU.Build.0 = Release|Any CPU
	EndGlobalSection
	GlobalSection(SolutionProperties) = preSolution
		HideSolutionNode = FALSE
	EndGlobalSection
EndGlobal
