
Microsoft Visual Studio Solution File, Format Version 12.00
# Visual Studio Version 16
VisualStudioVersion = 16.0.31702.278
MinimumVisualStudioVersion = 10.0.40219.1
Project("{9A19103F-16F7-4668-BE54-9A1E7A4F7556}") = "516 CS Dynamic Code Compilation", "516 CS Dynamic Code Compilation.csproj", "{36A56BA8-28F8-4AA9-9428-5F06A16708FB}"
EndProject
Global
	GlobalSection(SolutionConfigurationPlatforms) = preSolution
		Debug|Any CPU = Debug|Any CPU
		Release|Any CPU = Release|Any CPU
	EndGlobalSection
	GlobalSection(ProjectConfigurationPlatforms) = postSolution
		{36A56BA8-28F8-4AA9-9428-5F06A16708FB}.Debug|Any CPU.ActiveCfg = Debug|Any CPU
		{36A56BA8-28F8-4AA9-9428-5F06A16708FB}.Debug|Any CPU.Build.0 = Debug|Any CPU
		{36A56BA8-28F8-4AA9-9428-5F06A16708FB}.Release|Any CPU.ActiveCfg = Release|Any CPU
		{36A56BA8-28F8-4AA9-9428-5F06A16708FB}.Release|Any CPU.Build.0 = Release|Any CPU
	EndGlobalSection
	GlobalSection(SolutionProperties) = preSolution
		HideSolutionNode = FALSE
	EndGlobalSection
	GlobalSection(ExtensibilityGlobals) = postSolution
		SolutionGuid = {765F57B8-1395-48D6-95C2-D98048D78625}
	EndGlobalSection
EndGlobal
