
Microsoft Visual Studio Solution File, Format Version 12.00
# Visual Studio Version 17
VisualStudioVersion = 17.0.31710.8
MinimumVisualStudioVersion = 10.0.40219.1
Project("{9A19103F-16F7-4668-BE54-9A1E7A4F7556}") = "056 CS Pentamino", "056 CS Pentamino.csproj", "{7B7ACD19-529C-4554-AC9A-68F7C5FFE0EF}"
EndProject
Global
	GlobalSection(SolutionConfigurationPlatforms) = preSolution
		Debug|Any CPU = Debug|Any CPU
		Release|Any CPU = Release|Any CPU
	EndGlobalSection
	GlobalSection(ProjectConfigurationPlatforms) = postSolution
		{7B7ACD19-529C-4554-AC9A-68F7C5FFE0EF}.Debug|Any CPU.ActiveCfg = Debug|Any CPU
		{7B7ACD19-529C-4554-AC9A-68F7C5FFE0EF}.Debug|Any CPU.Build.0 = Debug|Any CPU
		{7B7ACD19-529C-4554-AC9A-68F7C5FFE0EF}.Release|Any CPU.ActiveCfg = Release|Any CPU
		{7B7ACD19-529C-4554-AC9A-68F7C5FFE0EF}.Release|Any CPU.Build.0 = Release|Any CPU
	EndGlobalSection
	GlobalSection(SolutionProperties) = preSolution
		HideSolutionNode = FALSE
	EndGlobalSection
	GlobalSection(ExtensibilityGlobals) = postSolution
		SolutionGuid = {DF04343A-D153-4588-A9E4-6E4289CBA42A}
	EndGlobalSection
EndGlobal
