
Microsoft Visual Studio Solution File, Format Version 12.00
# Visual Studio 14
VisualStudioVersion = 14.0.25420.1
MinimumVisualStudioVersion = 10.0.40219.1
Project("{FAE04EC0-301F-11D3-BF4B-00C04F79EFBC}") = "541 CS BitVector32", "541 CS BitVector32.csproj", "{7A64B676-3F7B-4DEC-B28A-8196B29E117B}"
EndProject
Global
	GlobalSection(SolutionConfigurationPlatforms) = preSolution
		Debug|Any CPU = Debug|Any CPU
		Release|Any CPU = Release|Any CPU
	EndGlobalSection
	GlobalSection(ProjectConfigurationPlatforms) = postSolution
		{7A64B676-3F7B-4DEC-B28A-8196B29E117B}.Debug|Any CPU.ActiveCfg = Debug|Any CPU
		{7A64B676-3F7B-4DEC-B28A-8196B29E117B}.Debug|Any CPU.Build.0 = Debug|Any CPU
		{7A64B676-3F7B-4DEC-B28A-8196B29E117B}.Release|Any CPU.ActiveCfg = Release|Any CPU
		{7A64B676-3F7B-4DEC-B28A-8196B29E117B}.Release|Any CPU.Build.0 = Release|Any CPU
	EndGlobalSection
	GlobalSection(SolutionProperties) = preSolution
		HideSolutionNode = FALSE
	EndGlobalSection
EndGlobal
