
Microsoft Visual Studio Solution File, Format Version 12.00
# Visual Studio Version 17
VisualStudioVersion = 17.0.31717.71
MinimumVisualStudioVersion = 10.0.40219.1
Project("{9A19103F-16F7-4668-BE54-9A1E7A4F7556}") = "601 CS VS2017", "601 CS VS2017.csproj", "{A0D47405-D690-4D4A-859C-7A00FECE7DC3}"
EndProject
Global
	GlobalSection(SolutionConfigurationPlatforms) = preSolution
		Debug|Any CPU = Debug|Any CPU
		Release|Any CPU = Release|Any CPU
	EndGlobalSection
	GlobalSection(ProjectConfigurationPlatforms) = postSolution
		{A0D47405-D690-4D4A-859C-7A00FECE7DC3}.Debug|Any CPU.ActiveCfg = Debug|Any CPU
		{A0D47405-D690-4D4A-859C-7A00FECE7DC3}.Debug|Any CPU.Build.0 = Debug|Any CPU
		{A0D47405-D690-4D4A-859C-7A00FECE7DC3}.Release|Any CPU.ActiveCfg = Release|Any CPU
		{A0D47405-D690-4D4A-859C-7A00FECE7DC3}.Release|Any CPU.Build.0 = Release|Any CPU
	EndGlobalSection
	GlobalSection(SolutionProperties) = preSolution
		HideSolutionNode = FALSE
	EndGlobalSection
	GlobalSection(ExtensibilityGlobals) = postSolution
		SolutionGuid = {A177659E-9E5F-44C5-9A6C-AA4269608DB0}
	EndGlobalSection
EndGlobal
