
Microsoft Visual Studio Solution File, Format Version 12.00
# Visual Studio Version 16
VisualStudioVersion = 16.0.31702.278
MinimumVisualStudioVersion = 10.0.40219.1
Project("{9A19103F-16F7-4668-BE54-9A1E7A4F7556}") = "092 CS Complex", "092 CS Complex.csproj", "{31A5F710-FEBA-4055-8237-C7616007ED53}"
EndProject
Global
	GlobalSection(SolutionConfigurationPlatforms) = preSolution
		Debug|Any CPU = Debug|Any CPU
		Release|Any CPU = Release|Any CPU
	EndGlobalSection
	GlobalSection(ProjectConfigurationPlatforms) = postSolution
		{31A5F710-FEBA-4055-8237-C7616007ED53}.Debug|Any CPU.ActiveCfg = Debug|Any CPU
		{31A5F710-FEBA-4055-8237-C7616007ED53}.Debug|Any CPU.Build.0 = Debug|Any CPU
		{31A5F710-FEBA-4055-8237-C7616007ED53}.Release|Any CPU.ActiveCfg = Release|Any CPU
		{31A5F710-FEBA-4055-8237-C7616007ED53}.Release|Any CPU.Build.0 = Release|Any CPU
	EndGlobalSection
	GlobalSection(SolutionProperties) = preSolution
		HideSolutionNode = FALSE
	EndGlobalSection
	GlobalSection(ExtensibilityGlobals) = postSolution
		SolutionGuid = {C13D0434-BD0A-4F77-868B-2AC4ACD53F42}
	EndGlobalSection
EndGlobal
