
Microsoft Visual Studio Solution File, Format Version 12.00
# Visual Studio Version 17
VisualStudioVersion = 17.9.34723.18
MinimumVisualStudioVersion = 10.0.40219.1
Project("{8BC9CEB8-8B4A-11D0-8D11-00A0C91BC942}") = "034 CPP Application", "034 MCPP Application\34 MCPP Application.vcxproj", "{B55D1957-7DCE-4448-BCCB-CCB1BEA00693}"
EndProject
Project("{778DAE3C-4631-46EA-AA77-85C1314464D9}") = "037 VB ADO over ODBC", "037 VB ADO over ODBC\037 VB ADO over ODBC.vbproj", "{08D89249-1C83-4D54-8A99-22A8BEEA8AAC}"
EndProject
Project("{778DAE3C-4631-46EA-AA77-85C1314464D9}") = "036 VB Interfaces", "036 VB Interfaces\036 VB Interfaces.vbproj", "{D32A070F-3D00-4475-91AD-D5AAACD4B86C}"
EndProject
Project("{778DAE3C-4631-46EA-AA77-85C1314464D9}") = "033 VB ILDASM", "033 VB ILDASM\033 VB ILDASM.vbproj", "{38F741C0-758C-45B8-9F7F-E5A74C9CA7B6}"
EndProject
Project("{778DAE3C-4631-46EA-AA77-85C1314464D9}") = "029 VB Data", "029 VB Data\029 VB Data.vbproj", "{76F08FDD-2C75-4A90-A997-5376E66ADB2F}"
EndProject
Project("{778DAE3C-4631-46EA-AA77-85C1314464D9}") = "026 VB string", "026 VB string\026 VB string.vbproj", "{59C11B3B-F446-49B8-A7AC-BE4485E7CE2D}"
EndProject
Project("{778DAE3C-4631-46EA-AA77-85C1314464D9}") = "024 VB Multicast Delegate", "024 VB Multicast Delegate\024 VB Multicast Delegate.vbproj", "{BDD23A1B-88B9-48FA-AD79-41C9937C0F05}"
EndProject
Project("{778DAE3C-4631-46EA-AA77-85C1314464D9}") = "022 VB Boxing", "022 VB Boxing\022 VB Boxing.vbproj", "{69DCB5D0-8F34-4F32-8071-C8942EE78E11}"
EndProject
Project("{778DAE3C-4631-46EA-AA77-85C1314464D9}") = "021 VB WinForms Inheritance", "021 VB WinForms Inheritance\021 VB WinForms Inheritance.vbproj", "{CF92DD08-DD21-4FB9-ACAF-8F77B7F98DD0}"
EndProject
Project("{9A19103F-16F7-4668-BE54-9A1E7A4F7556}") = "039 CS Lib", "039 CS Deployment\039 CS Lib.csproj", "{FAADE683-DCA3-46DE-8A78-136EF8AF0D19}"
EndProject
Project("{9A19103F-16F7-4668-BE54-9A1E7A4F7556}") = "039 CS App", "039 CS Deployment\039 CS App.csproj", "{883567B4-C1B7-487A-99FE-92DAD41253D0}"
EndProject
Project("{9A19103F-16F7-4668-BE54-9A1E7A4F7556}") = "038 CS Tableaux", "038 CS Tableaux\038 CS Tableaux.csproj", "{E4D3FD2A-58A6-4CB6-BD76-63BA7C84491A}"
EndProject
Project("{9A19103F-16F7-4668-BE54-9A1E7A4F7556}") = "033 CS ILDASM", "033 CS ILDASM\033 CS ILDASM.csproj", "{D2FF24C5-79EF-426A-8C4F-472B9A41E875}"
EndProject
Project("{9A19103F-16F7-4668-BE54-9A1E7A4F7556}") = "032 CS TuneTown", "032 CS TuneTown\032 CS TuneTown.csproj", "{06934C10-3FD7-4DF9-BE81-DCA12030386C}"
EndProject
Project("{9A19103F-16F7-4668-BE54-9A1E7A4F7556}") = "031 XML", "031 XML\031 XML.csproj", "{DE77D40C-0DC2-4FCF-983A-895F82629B03}"
EndProject
Project("{9A19103F-16F7-4668-BE54-9A1E7A4F7556}") = "030 CS ImageView", "030 CS ImageView\030 CS ImageView.csproj", "{63848DE8-2EE0-45EE-A40E-8CB99088D3B0}"
EndProject
Project("{9A19103F-16F7-4668-BE54-9A1E7A4F7556}") = "025 CS Gradient Button", "025 CS Gradient Button\025 CS Gradient Button.csproj", "{F48069E6-5443-4E71-881C-C167A48814E2}"
EndProject
Project("{9A19103F-16F7-4668-BE54-9A1E7A4F7556}") = "024 CS Multicast Delegate", "024 CS Multicast Delegate\024 CS Multicast Delegate.csproj", "{E61B1A79-19EF-4302-84C5-B1B37EE2CBE4}"
EndProject
Project("{9A19103F-16F7-4668-BE54-9A1E7A4F7556}") = "021 CS WinForms Inheritance", "021 CS WinForms Inheritance\021 CS WinForms Inheritance.csproj", "{F64D996B-A971-49F1-93F0-3BEA74D28D6E}"
EndProject
Project("{9A19103F-16F7-4668-BE54-9A1E7A4F7556}") = "033b CS Bibliothèque", "033 CS ILDASM\033b CS Bibliothèque.csproj", "{057F102C-7E59-4192-AE68-35D539EBBD34}"
EndProject
Project("{8BC9CEB8-8B4A-11D0-8D11-00A0C91BC942}") = "020 Multi CPP", "020 CS et VB et CPP\CPP\CPP.vcxproj", "{D720D8C3-A1BF-4CCA-88B8-15B8CEFB71E0}"
EndProject
Project("{778DAE3C-4631-46EA-AA77-85C1314464D9}") = "020 Multi VB", "020 CS et VB et CPP\VB\020 Multi VB.vbproj", "{181DDFA1-8B47-47D0-873B-46DF6357B344}"
EndProject
Project("{9A19103F-16F7-4668-BE54-9A1E7A4F7556}") = "020 Multi CS", "020 CS et VB et CPP\CS\020 Multi CS.csproj", "{A1B33338-1EC7-42D3-86D4-CE630C987A9F}"
EndProject
Global
	GlobalSection(SolutionConfigurationPlatforms) = preSolution
		Debug|Any CPU = Debug|Any CPU
		Debug|x64 = Debug|x64
		Debug|x86 = Debug|x86
		Release|Any CPU = Release|Any CPU
		Release|x64 = Release|x64
		Release|x86 = Release|x86
	EndGlobalSection
	GlobalSection(ProjectConfigurationPlatforms) = postSolution
		{B55D1957-7DCE-4448-BCCB-CCB1BEA00693}.Debug|Any CPU.ActiveCfg = Debug|Win32
		{B55D1957-7DCE-4448-BCCB-CCB1BEA00693}.Debug|x64.ActiveCfg = Debug|Win32
		{B55D1957-7DCE-4448-BCCB-CCB1BEA00693}.Debug|x64.Build.0 = Debug|Win32
		{B55D1957-7DCE-4448-BCCB-CCB1BEA00693}.Debug|x86.ActiveCfg = Debug|Win32
		{B55D1957-7DCE-4448-BCCB-CCB1BEA00693}.Debug|x86.Build.0 = Debug|Win32
		{B55D1957-7DCE-4448-BCCB-CCB1BEA00693}.Release|Any CPU.ActiveCfg = Release|Win32
		{B55D1957-7DCE-4448-BCCB-CCB1BEA00693}.Release|x64.ActiveCfg = Release|Win32
		{B55D1957-7DCE-4448-BCCB-CCB1BEA00693}.Release|x64.Build.0 = Release|Win32
		{B55D1957-7DCE-4448-BCCB-CCB1BEA00693}.Release|x86.ActiveCfg = Release|Win32
		{B55D1957-7DCE-4448-BCCB-CCB1BEA00693}.Release|x86.Build.0 = Release|Win32
		{08D89249-1C83-4D54-8A99-22A8BEEA8AAC}.Debug|Any CPU.ActiveCfg = Debug|Any CPU
		{08D89249-1C83-4D54-8A99-22A8BEEA8AAC}.Debug|Any CPU.Build.0 = Debug|Any CPU
		{08D89249-1C83-4D54-8A99-22A8BEEA8AAC}.Debug|x64.ActiveCfg = Debug|Any CPU
		{08D89249-1C83-4D54-8A99-22A8BEEA8AAC}.Debug|x64.Build.0 = Debug|Any CPU
		{08D89249-1C83-4D54-8A99-22A8BEEA8AAC}.Debug|x86.ActiveCfg = Debug|Any CPU
		{08D89249-1C83-4D54-8A99-22A8BEEA8AAC}.Debug|x86.Build.0 = Debug|Any CPU
		{08D89249-1C83-4D54-8A99-22A8BEEA8AAC}.Release|Any CPU.ActiveCfg = Release|Any CPU
		{08D89249-1C83-4D54-8A99-22A8BEEA8AAC}.Release|Any CPU.Build.0 = Release|Any CPU
		{08D89249-1C83-4D54-8A99-22A8BEEA8AAC}.Release|x64.ActiveCfg = Release|Any CPU
		{08D89249-1C83-4D54-8A99-22A8BEEA8AAC}.Release|x64.Build.0 = Release|Any CPU
		{08D89249-1C83-4D54-8A99-22A8BEEA8AAC}.Release|x86.ActiveCfg = Release|Any CPU
		{08D89249-1C83-4D54-8A99-22A8BEEA8AAC}.Release|x86.Build.0 = Release|Any CPU
		{D32A070F-3D00-4475-91AD-D5AAACD4B86C}.Debug|Any CPU.ActiveCfg = Debug|Any CPU
		{D32A070F-3D00-4475-91AD-D5AAACD4B86C}.Debug|Any CPU.Build.0 = Debug|Any CPU
		{D32A070F-3D00-4475-91AD-D5AAACD4B86C}.Debug|x64.ActiveCfg = Debug|Any CPU
		{D32A070F-3D00-4475-91AD-D5AAACD4B86C}.Debug|x64.Build.0 = Debug|Any CPU
		{D32A070F-3D00-4475-91AD-D5AAACD4B86C}.Debug|x86.ActiveCfg = Debug|Any CPU
		{D32A070F-3D00-4475-91AD-D5AAACD4B86C}.Debug|x86.Build.0 = Debug|Any CPU
		{D32A070F-3D00-4475-91AD-D5AAACD4B86C}.Release|Any CPU.ActiveCfg = Release|Any CPU
		{D32A070F-3D00-4475-91AD-D5AAACD4B86C}.Release|Any CPU.Build.0 = Release|Any CPU
		{D32A070F-3D00-4475-91AD-D5AAACD4B86C}.Release|x64.ActiveCfg = Release|Any CPU
		{D32A070F-3D00-4475-91AD-D5AAACD4B86C}.Release|x64.Build.0 = Release|Any CPU
		{D32A070F-3D00-4475-91AD-D5AAACD4B86C}.Release|x86.ActiveCfg = Release|Any CPU
		{D32A070F-3D00-4475-91AD-D5AAACD4B86C}.Release|x86.Build.0 = Release|Any CPU
		{38F741C0-758C-45B8-9F7F-E5A74C9CA7B6}.Debug|Any CPU.ActiveCfg = Debug|Any CPU
		{38F741C0-758C-45B8-9F7F-E5A74C9CA7B6}.Debug|Any CPU.Build.0 = Debug|Any CPU
		{38F741C0-758C-45B8-9F7F-E5A74C9CA7B6}.Debug|x64.ActiveCfg = Debug|Any CPU
		{38F741C0-758C-45B8-9F7F-E5A74C9CA7B6}.Debug|x64.Build.0 = Debug|Any CPU
		{38F741C0-758C-45B8-9F7F-E5A74C9CA7B6}.Debug|x86.ActiveCfg = Debug|Any CPU
		{38F741C0-758C-45B8-9F7F-E5A74C9CA7B6}.Debug|x86.Build.0 = Debug|Any CPU
		{38F741C0-758C-45B8-9F7F-E5A74C9CA7B6}.Release|Any CPU.ActiveCfg = Release|Any CPU
		{38F741C0-758C-45B8-9F7F-E5A74C9CA7B6}.Release|Any CPU.Build.0 = Release|Any CPU
		{38F741C0-758C-45B8-9F7F-E5A74C9CA7B6}.Release|x64.ActiveCfg = Release|Any CPU
		{38F741C0-758C-45B8-9F7F-E5A74C9CA7B6}.Release|x64.Build.0 = Release|Any CPU
		{38F741C0-758C-45B8-9F7F-E5A74C9CA7B6}.Release|x86.ActiveCfg = Release|Any CPU
		{38F741C0-758C-45B8-9F7F-E5A74C9CA7B6}.Release|x86.Build.0 = Release|Any CPU
		{76F08FDD-2C75-4A90-A997-5376E66ADB2F}.Debug|Any CPU.ActiveCfg = Debug|Any CPU
		{76F08FDD-2C75-4A90-A997-5376E66ADB2F}.Debug|Any CPU.Build.0 = Debug|Any CPU
		{76F08FDD-2C75-4A90-A997-5376E66ADB2F}.Debug|x64.ActiveCfg = Debug|Any CPU
		{76F08FDD-2C75-4A90-A997-5376E66ADB2F}.Debug|x64.Build.0 = Debug|Any CPU
		{76F08FDD-2C75-4A90-A997-5376E66ADB2F}.Debug|x86.ActiveCfg = Debug|Any CPU
		{76F08FDD-2C75-4A90-A997-5376E66ADB2F}.Debug|x86.Build.0 = Debug|Any CPU
		{76F08FDD-2C75-4A90-A997-5376E66ADB2F}.Release|Any CPU.ActiveCfg = Release|Any CPU
		{76F08FDD-2C75-4A90-A997-5376E66ADB2F}.Release|Any CPU.Build.0 = Release|Any CPU
		{76F08FDD-2C75-4A90-A997-5376E66ADB2F}.Release|x64.ActiveCfg = Release|Any CPU
		{76F08FDD-2C75-4A90-A997-5376E66ADB2F}.Release|x64.Build.0 = Release|Any CPU
		{76F08FDD-2C75-4A90-A997-5376E66ADB2F}.Release|x86.ActiveCfg = Release|Any CPU
		{76F08FDD-2C75-4A90-A997-5376E66ADB2F}.Release|x86.Build.0 = Release|Any CPU
		{59C11B3B-F446-49B8-A7AC-BE4485E7CE2D}.Debug|Any CPU.ActiveCfg = Debug|Any CPU
		{59C11B3B-F446-49B8-A7AC-BE4485E7CE2D}.Debug|Any CPU.Build.0 = Debug|Any CPU
		{59C11B3B-F446-49B8-A7AC-BE4485E7CE2D}.Debug|x64.ActiveCfg = Debug|Any CPU
		{59C11B3B-F446-49B8-A7AC-BE4485E7CE2D}.Debug|x64.Build.0 = Debug|Any CPU
		{59C11B3B-F446-49B8-A7AC-BE4485E7CE2D}.Debug|x86.ActiveCfg = Debug|Any CPU
		{59C11B3B-F446-49B8-A7AC-BE4485E7CE2D}.Debug|x86.Build.0 = Debug|Any CPU
		{59C11B3B-F446-49B8-A7AC-BE4485E7CE2D}.Release|Any CPU.ActiveCfg = Release|Any CPU
		{59C11B3B-F446-49B8-A7AC-BE4485E7CE2D}.Release|Any CPU.Build.0 = Release|Any CPU
		{59C11B3B-F446-49B8-A7AC-BE4485E7CE2D}.Release|x64.ActiveCfg = Release|Any CPU
		{59C11B3B-F446-49B8-A7AC-BE4485E7CE2D}.Release|x64.Build.0 = Release|Any CPU
		{59C11B3B-F446-49B8-A7AC-BE4485E7CE2D}.Release|x86.ActiveCfg = Release|Any CPU
		{59C11B3B-F446-49B8-A7AC-BE4485E7CE2D}.Release|x86.Build.0 = Release|Any CPU
		{BDD23A1B-88B9-48FA-AD79-41C9937C0F05}.Debug|Any CPU.ActiveCfg = Debug|Any CPU
		{BDD23A1B-88B9-48FA-AD79-41C9937C0F05}.Debug|Any CPU.Build.0 = Debug|Any CPU
		{BDD23A1B-88B9-48FA-AD79-41C9937C0F05}.Debug|x64.ActiveCfg = Debug|Any CPU
		{BDD23A1B-88B9-48FA-AD79-41C9937C0F05}.Debug|x64.Build.0 = Debug|Any CPU
		{BDD23A1B-88B9-48FA-AD79-41C9937C0F05}.Debug|x86.ActiveCfg = Debug|Any CPU
		{BDD23A1B-88B9-48FA-AD79-41C9937C0F05}.Debug|x86.Build.0 = Debug|Any CPU
		{BDD23A1B-88B9-48FA-AD79-41C9937C0F05}.Release|Any CPU.ActiveCfg = Release|Any CPU
		{BDD23A1B-88B9-48FA-AD79-41C9937C0F05}.Release|Any CPU.Build.0 = Release|Any CPU
		{BDD23A1B-88B9-48FA-AD79-41C9937C0F05}.Release|x64.ActiveCfg = Release|Any CPU
		{BDD23A1B-88B9-48FA-AD79-41C9937C0F05}.Release|x64.Build.0 = Release|Any CPU
		{BDD23A1B-88B9-48FA-AD79-41C9937C0F05}.Release|x86.ActiveCfg = Release|Any CPU
		{BDD23A1B-88B9-48FA-AD79-41C9937C0F05}.Release|x86.Build.0 = Release|Any CPU
		{69DCB5D0-8F34-4F32-8071-C8942EE78E11}.Debug|Any CPU.ActiveCfg = Debug|Any CPU
		{69DCB5D0-8F34-4F32-8071-C8942EE78E11}.Debug|Any CPU.Build.0 = Debug|Any CPU
		{69DCB5D0-8F34-4F32-8071-C8942EE78E11}.Debug|x64.ActiveCfg = Debug|Any CPU
		{69DCB5D0-8F34-4F32-8071-C8942EE78E11}.Debug|x64.Build.0 = Debug|Any CPU
		{69DCB5D0-8F34-4F32-8071-C8942EE78E11}.Debug|x86.ActiveCfg = Debug|Any CPU
		{69DCB5D0-8F34-4F32-8071-C8942EE78E11}.Debug|x86.Build.0 = Debug|Any CPU
		{69DCB5D0-8F34-4F32-8071-C8942EE78E11}.Release|Any CPU.ActiveCfg = Release|Any CPU
		{69DCB5D0-8F34-4F32-8071-C8942EE78E11}.Release|Any CPU.Build.0 = Release|Any CPU
		{69DCB5D0-8F34-4F32-8071-C8942EE78E11}.Release|x64.ActiveCfg = Release|Any CPU
		{69DCB5D0-8F34-4F32-8071-C8942EE78E11}.Release|x64.Build.0 = Release|Any CPU
		{69DCB5D0-8F34-4F32-8071-C8942EE78E11}.Release|x86.ActiveCfg = Release|Any CPU
		{69DCB5D0-8F34-4F32-8071-C8942EE78E11}.Release|x86.Build.0 = Release|Any CPU
		{CF92DD08-DD21-4FB9-ACAF-8F77B7F98DD0}.Debug|Any CPU.ActiveCfg = Debug|Any CPU
		{CF92DD08-DD21-4FB9-ACAF-8F77B7F98DD0}.Debug|Any CPU.Build.0 = Debug|Any CPU
		{CF92DD08-DD21-4FB9-ACAF-8F77B7F98DD0}.Debug|x64.ActiveCfg = Debug|Any CPU
		{CF92DD08-DD21-4FB9-ACAF-8F77B7F98DD0}.Debug|x64.Build.0 = Debug|Any CPU
		{CF92DD08-DD21-4FB9-ACAF-8F77B7F98DD0}.Debug|x86.ActiveCfg = Debug|Any CPU
		{CF92DD08-DD21-4FB9-ACAF-8F77B7F98DD0}.Debug|x86.Build.0 = Debug|Any CPU
		{CF92DD08-DD21-4FB9-ACAF-8F77B7F98DD0}.Release|Any CPU.ActiveCfg = Release|Any CPU
		{CF92DD08-DD21-4FB9-ACAF-8F77B7F98DD0}.Release|Any CPU.Build.0 = Release|Any CPU
		{CF92DD08-DD21-4FB9-ACAF-8F77B7F98DD0}.Release|x64.ActiveCfg = Release|Any CPU
		{CF92DD08-DD21-4FB9-ACAF-8F77B7F98DD0}.Release|x64.Build.0 = Release|Any CPU
		{CF92DD08-DD21-4FB9-ACAF-8F77B7F98DD0}.Release|x86.ActiveCfg = Release|Any CPU
		{CF92DD08-DD21-4FB9-ACAF-8F77B7F98DD0}.Release|x86.Build.0 = Release|Any CPU
		{FAADE683-DCA3-46DE-8A78-136EF8AF0D19}.Debug|Any CPU.ActiveCfg = Debug|Any CPU
		{FAADE683-DCA3-46DE-8A78-136EF8AF0D19}.Debug|Any CPU.Build.0 = Debug|Any CPU
		{FAADE683-DCA3-46DE-8A78-136EF8AF0D19}.Debug|x64.ActiveCfg = Debug|Any CPU
		{FAADE683-DCA3-46DE-8A78-136EF8AF0D19}.Debug|x64.Build.0 = Debug|Any CPU
		{FAADE683-DCA3-46DE-8A78-136EF8AF0D19}.Debug|x86.ActiveCfg = Debug|Any CPU
		{FAADE683-DCA3-46DE-8A78-136EF8AF0D19}.Debug|x86.Build.0 = Debug|Any CPU
		{FAADE683-DCA3-46DE-8A78-136EF8AF0D19}.Release|Any CPU.ActiveCfg = Release|Any CPU
		{FAADE683-DCA3-46DE-8A78-136EF8AF0D19}.Release|Any CPU.Build.0 = Release|Any CPU
		{FAADE683-DCA3-46DE-8A78-136EF8AF0D19}.Release|x64.ActiveCfg = Release|Any CPU
		{FAADE683-DCA3-46DE-8A78-136EF8AF0D19}.Release|x64.Build.0 = Release|Any CPU
		{FAADE683-DCA3-46DE-8A78-136EF8AF0D19}.Release|x86.ActiveCfg = Release|x86
		{FAADE683-DCA3-46DE-8A78-136EF8AF0D19}.Release|x86.Build.0 = Release|x86
		{883567B4-C1B7-487A-99FE-92DAD41253D0}.Debug|Any CPU.ActiveCfg = Debug|Any CPU
		{883567B4-C1B7-487A-99FE-92DAD41253D0}.Debug|Any CPU.Build.0 = Debug|Any CPU
		{883567B4-C1B7-487A-99FE-92DAD41253D0}.Debug|x64.ActiveCfg = Debug|Any CPU
		{883567B4-C1B7-487A-99FE-92DAD41253D0}.Debug|x64.Build.0 = Debug|Any CPU
		{883567B4-C1B7-487A-99FE-92DAD41253D0}.Debug|x86.ActiveCfg = Debug|Any CPU
		{883567B4-C1B7-487A-99FE-92DAD41253D0}.Debug|x86.Build.0 = Debug|Any CPU
		{883567B4-C1B7-487A-99FE-92DAD41253D0}.Release|Any CPU.ActiveCfg = Release|Any CPU
		{883567B4-C1B7-487A-99FE-92DAD41253D0}.Release|Any CPU.Build.0 = Release|Any CPU
		{883567B4-C1B7-487A-99FE-92DAD41253D0}.Release|x64.ActiveCfg = Release|Any CPU
		{883567B4-C1B7-487A-99FE-92DAD41253D0}.Release|x64.Build.0 = Release|Any CPU
		{883567B4-C1B7-487A-99FE-92DAD41253D0}.Release|x86.ActiveCfg = Release|x86
		{883567B4-C1B7-487A-99FE-92DAD41253D0}.Release|x86.Build.0 = Release|x86
		{E4D3FD2A-58A6-4CB6-BD76-63BA7C84491A}.Debug|Any CPU.ActiveCfg = Debug|Any CPU
		{E4D3FD2A-58A6-4CB6-BD76-63BA7C84491A}.Debug|Any CPU.Build.0 = Debug|Any CPU
		{E4D3FD2A-58A6-4CB6-BD76-63BA7C84491A}.Debug|x64.ActiveCfg = Debug|Any CPU
		{E4D3FD2A-58A6-4CB6-BD76-63BA7C84491A}.Debug|x64.Build.0 = Debug|Any CPU
		{E4D3FD2A-58A6-4CB6-BD76-63BA7C84491A}.Debug|x86.ActiveCfg = Debug|Any CPU
		{E4D3FD2A-58A6-4CB6-BD76-63BA7C84491A}.Debug|x86.Build.0 = Debug|Any CPU
		{E4D3FD2A-58A6-4CB6-BD76-63BA7C84491A}.Release|Any CPU.ActiveCfg = Release|Any CPU
		{E4D3FD2A-58A6-4CB6-BD76-63BA7C84491A}.Release|Any CPU.Build.0 = Release|Any CPU
		{E4D3FD2A-58A6-4CB6-BD76-63BA7C84491A}.Release|x64.ActiveCfg = Release|Any CPU
		{E4D3FD2A-58A6-4CB6-BD76-63BA7C84491A}.Release|x64.Build.0 = Release|Any CPU
		{E4D3FD2A-58A6-4CB6-BD76-63BA7C84491A}.Release|x86.ActiveCfg = Release|Any CPU
		{E4D3FD2A-58A6-4CB6-BD76-63BA7C84491A}.Release|x86.Build.0 = Release|Any CPU
		{D2FF24C5-79EF-426A-8C4F-472B9A41E875}.Debug|Any CPU.ActiveCfg = Debug|Any CPU
		{D2FF24C5-79EF-426A-8C4F-472B9A41E875}.Debug|Any CPU.Build.0 = Debug|Any CPU
		{D2FF24C5-79EF-426A-8C4F-472B9A41E875}.Debug|x64.ActiveCfg = Debug|Any CPU
		{D2FF24C5-79EF-426A-8C4F-472B9A41E875}.Debug|x64.Build.0 = Debug|Any CPU
		{D2FF24C5-79EF-426A-8C4F-472B9A41E875}.Debug|x86.ActiveCfg = Debug|Any CPU
		{D2FF24C5-79EF-426A-8C4F-472B9A41E875}.Debug|x86.Build.0 = Debug|Any CPU
		{D2FF24C5-79EF-426A-8C4F-472B9A41E875}.Release|Any CPU.ActiveCfg = Release|Any CPU
		{D2FF24C5-79EF-426A-8C4F-472B9A41E875}.Release|Any CPU.Build.0 = Release|Any CPU
		{D2FF24C5-79EF-426A-8C4F-472B9A41E875}.Release|x64.ActiveCfg = Release|Any CPU
		{D2FF24C5-79EF-426A-8C4F-472B9A41E875}.Release|x64.Build.0 = Release|Any CPU
		{D2FF24C5-79EF-426A-8C4F-472B9A41E875}.Release|x86.ActiveCfg = Release|x86
		{D2FF24C5-79EF-426A-8C4F-472B9A41E875}.Release|x86.Build.0 = Release|x86
		{06934C10-3FD7-4DF9-BE81-DCA12030386C}.Debug|Any CPU.ActiveCfg = Debug|Any CPU
		{06934C10-3FD7-4DF9-BE81-DCA12030386C}.Debug|Any CPU.Build.0 = Debug|Any CPU
		{06934C10-3FD7-4DF9-BE81-DCA12030386C}.Debug|x64.ActiveCfg = Debug|Any CPU
		{06934C10-3FD7-4DF9-BE81-DCA12030386C}.Debug|x64.Build.0 = Debug|Any CPU
		{06934C10-3FD7-4DF9-BE81-DCA12030386C}.Debug|x86.ActiveCfg = Debug|Any CPU
		{06934C10-3FD7-4DF9-BE81-DCA12030386C}.Debug|x86.Build.0 = Debug|Any CPU
		{06934C10-3FD7-4DF9-BE81-DCA12030386C}.Release|Any CPU.ActiveCfg = Release|Any CPU
		{06934C10-3FD7-4DF9-BE81-DCA12030386C}.Release|Any CPU.Build.0 = Release|Any CPU
		{06934C10-3FD7-4DF9-BE81-DCA12030386C}.Release|x64.ActiveCfg = Release|Any CPU
		{06934C10-3FD7-4DF9-BE81-DCA12030386C}.Release|x64.Build.0 = Release|Any CPU
		{06934C10-3FD7-4DF9-BE81-DCA12030386C}.Release|x86.ActiveCfg = Release|Any CPU
		{06934C10-3FD7-4DF9-BE81-DCA12030386C}.Release|x86.Build.0 = Release|Any CPU
		{DE77D40C-0DC2-4FCF-983A-895F82629B03}.Debug|Any CPU.ActiveCfg = Debug|Any CPU
		{DE77D40C-0DC2-4FCF-983A-895F82629B03}.Debug|Any CPU.Build.0 = Debug|Any CPU
		{DE77D40C-0DC2-4FCF-983A-895F82629B03}.Debug|x64.ActiveCfg = Debug|Any CPU
		{DE77D40C-0DC2-4FCF-983A-895F82629B03}.Debug|x64.Build.0 = Debug|Any CPU
		{DE77D40C-0DC2-4FCF-983A-895F82629B03}.Debug|x86.ActiveCfg = Debug|Any CPU
		{DE77D40C-0DC2-4FCF-983A-895F82629B03}.Debug|x86.Build.0 = Debug|Any CPU
		{DE77D40C-0DC2-4FCF-983A-895F82629B03}.Release|Any CPU.ActiveCfg = Release|Any CPU
		{DE77D40C-0DC2-4FCF-983A-895F82629B03}.Release|Any CPU.Build.0 = Release|Any CPU
		{DE77D40C-0DC2-4FCF-983A-895F82629B03}.Release|x64.ActiveCfg = Release|Any CPU
		{DE77D40C-0DC2-4FCF-983A-895F82629B03}.Release|x64.Build.0 = Release|Any CPU
		{DE77D40C-0DC2-4FCF-983A-895F82629B03}.Release|x86.ActiveCfg = Release|Any CPU
		{DE77D40C-0DC2-4FCF-983A-895F82629B03}.Release|x86.Build.0 = Release|Any CPU
		{63848DE8-2EE0-45EE-A40E-8CB99088D3B0}.Debug|Any CPU.ActiveCfg = Debug|Any CPU
		{63848DE8-2EE0-45EE-A40E-8CB99088D3B0}.Debug|Any CPU.Build.0 = Debug|Any CPU
		{63848DE8-2EE0-45EE-A40E-8CB99088D3B0}.Debug|x64.ActiveCfg = Debug|Any CPU
		{63848DE8-2EE0-45EE-A40E-8CB99088D3B0}.Debug|x64.Build.0 = Debug|Any CPU
		{63848DE8-2EE0-45EE-A40E-8CB99088D3B0}.Debug|x86.ActiveCfg = Debug|Any CPU
		{63848DE8-2EE0-45EE-A40E-8CB99088D3B0}.Debug|x86.Build.0 = Debug|Any CPU
		{63848DE8-2EE0-45EE-A40E-8CB99088D3B0}.Release|Any CPU.ActiveCfg = Release|Any CPU
		{63848DE8-2EE0-45EE-A40E-8CB99088D3B0}.Release|Any CPU.Build.0 = Release|Any CPU
		{63848DE8-2EE0-45EE-A40E-8CB99088D3B0}.Release|x64.ActiveCfg = Release|Any CPU
		{63848DE8-2EE0-45EE-A40E-8CB99088D3B0}.Release|x64.Build.0 = Release|Any CPU
		{63848DE8-2EE0-45EE-A40E-8CB99088D3B0}.Release|x86.ActiveCfg = Release|Any CPU
		{63848DE8-2EE0-45EE-A40E-8CB99088D3B0}.Release|x86.Build.0 = Release|Any CPU
		{F48069E6-5443-4E71-881C-C167A48814E2}.Debug|Any CPU.ActiveCfg = Debug|Any CPU
		{F48069E6-5443-4E71-881C-C167A48814E2}.Debug|Any CPU.Build.0 = Debug|Any CPU
		{F48069E6-5443-4E71-881C-C167A48814E2}.Debug|x64.ActiveCfg = Debug|Any CPU
		{F48069E6-5443-4E71-881C-C167A48814E2}.Debug|x64.Build.0 = Debug|Any CPU
		{F48069E6-5443-4E71-881C-C167A48814E2}.Debug|x86.ActiveCfg = Debug|Any CPU
		{F48069E6-5443-4E71-881C-C167A48814E2}.Debug|x86.Build.0 = Debug|Any CPU
		{F48069E6-5443-4E71-881C-C167A48814E2}.Release|Any CPU.ActiveCfg = Release|Any CPU
		{F48069E6-5443-4E71-881C-C167A48814E2}.Release|Any CPU.Build.0 = Release|Any CPU
		{F48069E6-5443-4E71-881C-C167A48814E2}.Release|x64.ActiveCfg = Release|Any CPU
		{F48069E6-5443-4E71-881C-C167A48814E2}.Release|x64.Build.0 = Release|Any CPU
		{F48069E6-5443-4E71-881C-C167A48814E2}.Release|x86.ActiveCfg = Release|Any CPU
		{F48069E6-5443-4E71-881C-C167A48814E2}.Release|x86.Build.0 = Release|Any CPU
		{E61B1A79-19EF-4302-84C5-B1B37EE2CBE4}.Debug|Any CPU.ActiveCfg = Debug|Any CPU
		{E61B1A79-19EF-4302-84C5-B1B37EE2CBE4}.Debug|Any CPU.Build.0 = Debug|Any CPU
		{E61B1A79-19EF-4302-84C5-B1B37EE2CBE4}.Debug|x64.ActiveCfg = Debug|Any CPU
		{E61B1A79-19EF-4302-84C5-B1B37EE2CBE4}.Debug|x64.Build.0 = Debug|Any CPU
		{E61B1A79-19EF-4302-84C5-B1B37EE2CBE4}.Debug|x86.ActiveCfg = Debug|Any CPU
		{E61B1A79-19EF-4302-84C5-B1B37EE2CBE4}.Debug|x86.Build.0 = Debug|Any CPU
		{E61B1A79-19EF-4302-84C5-B1B37EE2CBE4}.Release|Any CPU.ActiveCfg = Release|Any CPU
		{E61B1A79-19EF-4302-84C5-B1B37EE2CBE4}.Release|Any CPU.Build.0 = Release|Any CPU
		{E61B1A79-19EF-4302-84C5-B1B37EE2CBE4}.Release|x64.ActiveCfg = Release|Any CPU
		{E61B1A79-19EF-4302-84C5-B1B37EE2CBE4}.Release|x64.Build.0 = Release|Any CPU
		{E61B1A79-19EF-4302-84C5-B1B37EE2CBE4}.Release|x86.ActiveCfg = Release|Any CPU
		{E61B1A79-19EF-4302-84C5-B1B37EE2CBE4}.Release|x86.Build.0 = Release|Any CPU
		{F64D996B-A971-49F1-93F0-3BEA74D28D6E}.Debug|Any CPU.ActiveCfg = Debug|Any CPU
		{F64D996B-A971-49F1-93F0-3BEA74D28D6E}.Debug|Any CPU.Build.0 = Debug|Any CPU
		{F64D996B-A971-49F1-93F0-3BEA74D28D6E}.Debug|x64.ActiveCfg = Debug|Any CPU
		{F64D996B-A971-49F1-93F0-3BEA74D28D6E}.Debug|x64.Build.0 = Debug|Any CPU
		{F64D996B-A971-49F1-93F0-3BEA74D28D6E}.Debug|x86.ActiveCfg = Debug|Any CPU
		{F64D996B-A971-49F1-93F0-3BEA74D28D6E}.Debug|x86.Build.0 = Debug|Any CPU
		{F64D996B-A971-49F1-93F0-3BEA74D28D6E}.Release|Any CPU.ActiveCfg = Release|Any CPU
		{F64D996B-A971-49F1-93F0-3BEA74D28D6E}.Release|Any CPU.Build.0 = Release|Any CPU
		{F64D996B-A971-49F1-93F0-3BEA74D28D6E}.Release|x64.ActiveCfg = Release|Any CPU
		{F64D996B-A971-49F1-93F0-3BEA74D28D6E}.Release|x64.Build.0 = Release|Any CPU
		{F64D996B-A971-49F1-93F0-3BEA74D28D6E}.Release|x86.ActiveCfg = Release|Any CPU
		{F64D996B-A971-49F1-93F0-3BEA74D28D6E}.Release|x86.Build.0 = Release|Any CPU
		{057F102C-7E59-4192-AE68-35D539EBBD34}.Debug|Any CPU.ActiveCfg = Debug|Any CPU
		{057F102C-7E59-4192-AE68-35D539EBBD34}.Debug|Any CPU.Build.0 = Debug|Any CPU
		{057F102C-7E59-4192-AE68-35D539EBBD34}.Debug|x64.ActiveCfg = Debug|Any CPU
		{057F102C-7E59-4192-AE68-35D539EBBD34}.Debug|x64.Build.0 = Debug|Any CPU
		{057F102C-7E59-4192-AE68-35D539EBBD34}.Debug|x86.ActiveCfg = Debug|Any CPU
		{057F102C-7E59-4192-AE68-35D539EBBD34}.Debug|x86.Build.0 = Debug|Any CPU
		{057F102C-7E59-4192-AE68-35D539EBBD34}.Release|Any CPU.ActiveCfg = Release|Any CPU
		{057F102C-7E59-4192-AE68-35D539EBBD34}.Release|Any CPU.Build.0 = Release|Any CPU
		{057F102C-7E59-4192-AE68-35D539EBBD34}.Release|x64.ActiveCfg = Release|Any CPU
		{057F102C-7E59-4192-AE68-35D539EBBD34}.Release|x64.Build.0 = Release|Any CPU
		{057F102C-7E59-4192-AE68-35D539EBBD34}.Release|x86.ActiveCfg = Release|Any CPU
		{057F102C-7E59-4192-AE68-35D539EBBD34}.Release|x86.Build.0 = Release|Any CPU
		{D720D8C3-A1BF-4CCA-88B8-15B8CEFB71E0}.Debug|Any CPU.ActiveCfg = Debug|x64
		{D720D8C3-A1BF-4CCA-88B8-15B8CEFB71E0}.Debug|Any CPU.Build.0 = Debug|x64
		{D720D8C3-A1BF-4CCA-88B8-15B8CEFB71E0}.Debug|x64.ActiveCfg = Debug|x64
		{D720D8C3-A1BF-4CCA-88B8-15B8CEFB71E0}.Debug|x64.Build.0 = Debug|x64
		{D720D8C3-A1BF-4CCA-88B8-15B8CEFB71E0}.Debug|x86.ActiveCfg = Debug|Win32
		{D720D8C3-A1BF-4CCA-88B8-15B8CEFB71E0}.Debug|x86.Build.0 = Debug|Win32
		{D720D8C3-A1BF-4CCA-88B8-15B8CEFB71E0}.Release|Any CPU.ActiveCfg = Release|x64
		{D720D8C3-A1BF-4CCA-88B8-15B8CEFB71E0}.Release|Any CPU.Build.0 = Release|x64
		{D720D8C3-A1BF-4CCA-88B8-15B8CEFB71E0}.Release|x64.ActiveCfg = Release|x64
		{D720D8C3-A1BF-4CCA-88B8-15B8CEFB71E0}.Release|x64.Build.0 = Release|x64
		{D720D8C3-A1BF-4CCA-88B8-15B8CEFB71E0}.Release|x86.ActiveCfg = Release|Win32
		{D720D8C3-A1BF-4CCA-88B8-15B8CEFB71E0}.Release|x86.Build.0 = Release|Win32
		{181DDFA1-8B47-47D0-873B-46DF6357B344}.Debug|Any CPU.ActiveCfg = Debug|x64
		{181DDFA1-8B47-47D0-873B-46DF6357B344}.Debug|Any CPU.Build.0 = Debug|x64
		{181DDFA1-8B47-47D0-873B-46DF6357B344}.Debug|x64.ActiveCfg = Debug|x64
		{181DDFA1-8B47-47D0-873B-46DF6357B344}.Debug|x64.Build.0 = Debug|x64
		{181DDFA1-8B47-47D0-873B-46DF6357B344}.Debug|x86.ActiveCfg = Debug|x64
		{181DDFA1-8B47-47D0-873B-46DF6357B344}.Debug|x86.Build.0 = Debug|x64
		{181DDFA1-8B47-47D0-873B-46DF6357B344}.Release|Any CPU.ActiveCfg = Release|x64
		{181DDFA1-8B47-47D0-873B-46DF6357B344}.Release|Any CPU.Build.0 = Release|x64
		{181DDFA1-8B47-47D0-873B-46DF6357B344}.Release|x64.ActiveCfg = Release|x64
		{181DDFA1-8B47-47D0-873B-46DF6357B344}.Release|x64.Build.0 = Release|x64
		{181DDFA1-8B47-47D0-873B-46DF6357B344}.Release|x86.ActiveCfg = Release|x64
		{181DDFA1-8B47-47D0-873B-46DF6357B344}.Release|x86.Build.0 = Release|x64
		{A1B33338-1EC7-42D3-86D4-CE630C987A9F}.Debug|Any CPU.ActiveCfg = Debug|x64
		{A1B33338-1EC7-42D3-86D4-CE630C987A9F}.Debug|Any CPU.Build.0 = Debug|x64
		{A1B33338-1EC7-42D3-86D4-CE630C987A9F}.Debug|x64.ActiveCfg = Debug|x64
		{A1B33338-1EC7-42D3-86D4-CE630C987A9F}.Debug|x64.Build.0 = Debug|x64
		{A1B33338-1EC7-42D3-86D4-CE630C987A9F}.Debug|x86.ActiveCfg = Debug|x64
		{A1B33338-1EC7-42D3-86D4-CE630C987A9F}.Debug|x86.Build.0 = Debug|x64
		{A1B33338-1EC7-42D3-86D4-CE630C987A9F}.Release|Any CPU.ActiveCfg = Release|x64
		{A1B33338-1EC7-42D3-86D4-CE630C987A9F}.Release|Any CPU.Build.0 = Release|x64
		{A1B33338-1EC7-42D3-86D4-CE630C987A9F}.Release|x64.ActiveCfg = Release|x64
		{A1B33338-1EC7-42D3-86D4-CE630C987A9F}.Release|x64.Build.0 = Release|x64
		{A1B33338-1EC7-42D3-86D4-CE630C987A9F}.Release|x86.ActiveCfg = Release|x64
		{A1B33338-1EC7-42D3-86D4-CE630C987A9F}.Release|x86.Build.0 = Release|x64
	EndGlobalSection
	GlobalSection(SolutionProperties) = preSolution
		HideSolutionNode = FALSE
	EndGlobalSection
	GlobalSection(ExtensibilityGlobals) = postSolution
		SolutionGuid = {3E578B18-4055-4981-94FB-AAFCDA4C9B67}
	EndGlobalSection
EndGlobal
