
Microsoft Visual Studio Solution File, Format Version 12.00
# Visual Studio Version 16
VisualStudioVersion = 16.0.31702.278
MinimumVisualStudioVersion = 10.0.40219.1
Project("{9A19103F-16F7-4668-BE54-9A1E7A4F7556}") = "427 CS DynamicObject", "427 CS DynamicObject.csproj", "{1C7C6DCE-8C57-4253-9C5D-68F41299354F}"
EndProject
Global
	GlobalSection(SolutionConfigurationPlatforms) = preSolution
		Debug|Any CPU = Debug|Any CPU
		Release|Any CPU = Release|Any CPU
	EndGlobalSection
	GlobalSection(ProjectConfigurationPlatforms) = postSolution
		{1C7C6DCE-8C57-4253-9C5D-68F41299354F}.Debug|Any CPU.ActiveCfg = Debug|Any CPU
		{1C7C6DCE-8C57-4253-9C5D-68F41299354F}.Debug|Any CPU.Build.0 = Debug|Any CPU
		{1C7C6DCE-8C57-4253-9C5D-68F41299354F}.Release|Any CPU.ActiveCfg = Release|Any CPU
		{1C7C6DCE-8C57-4253-9C5D-68F41299354F}.Release|Any CPU.Build.0 = Release|Any CPU
	EndGlobalSection
	GlobalSection(SolutionProperties) = preSolution
		HideSolutionNode = FALSE
	EndGlobalSection
	GlobalSection(ExtensibilityGlobals) = postSolution
		SolutionGuid = {7A1657C5-E51A-4D37-9A9D-47AED48B8300}
	EndGlobalSection
EndGlobal
