
Microsoft Visual Studio Solution File, Format Version 12.00
# Visual Studio Version 16
VisualStudioVersion = 16.0.31702.278
MinimumVisualStudioVersion = 10.0.40219.1
Project("{9A19103F-16F7-4668-BE54-9A1E7A4F7556}") = "637 CS Enumerate", "637 CS Enumerate.csproj", "{DDEDEC5C-3E01-4F20-8A79-C603C764A17B}"
EndProject
Global
	GlobalSection(SolutionConfigurationPlatforms) = preSolution
		Debug|Any CPU = Debug|Any CPU
		Release|Any CPU = Release|Any CPU
	EndGlobalSection
	GlobalSection(ProjectConfigurationPlatforms) = postSolution
		{DDEDEC5C-3E01-4F20-8A79-C603C764A17B}.Debug|Any CPU.ActiveCfg = Debug|Any CPU
		{DDEDEC5C-3E01-4F20-8A79-C603C764A17B}.Debug|Any CPU.Build.0 = Debug|Any CPU
		{DDEDEC5C-3E01-4F20-8A79-C603C764A17B}.Release|Any CPU.ActiveCfg = Release|Any CPU
		{DDEDEC5C-3E01-4F20-8A79-C603C764A17B}.Release|Any CPU.Build.0 = Release|Any CPU
	EndGlobalSection
	GlobalSection(SolutionProperties) = preSolution
		HideSolutionNode = FALSE
	EndGlobalSection
	GlobalSection(ExtensibilityGlobals) = postSolution
		SolutionGuid = {2F337507-CF71-4E2B-B1FE-0C0B371DE861}
	EndGlobalSection
EndGlobal
