
Microsoft Visual Studio Solution File, Format Version 11.00
# Visual Studio 2010
Project("{FAE04EC0-301F-11D3-BF4B-00C04F79EFBC}") = "424 CS Delegates Contravariance", "424 CS Delegates Contravariance.csproj", "{26E2814F-1AF5-449C-8E27-4870CAF241A1}"
EndProject
Global
	GlobalSection(SolutionConfigurationPlatforms) = preSolution
		Debug|x86 = Debug|x86
		Release|x86 = Release|x86
	EndGlobalSection
	GlobalSection(ProjectConfigurationPlatforms) = postSolution
		{26E2814F-1AF5-449C-8E27-4870CAF241A1}.Debug|x86.ActiveCfg = Debug|x86
		{26E2814F-1AF5-449C-8E27-4870CAF241A1}.Debug|x86.Build.0 = Debug|x86
		{26E2814F-1AF5-449C-8E27-4870CAF241A1}.Release|x86.ActiveCfg = Release|x86
		{26E2814F-1AF5-449C-8E27-4870CAF241A1}.Release|x86.Build.0 = Release|x86
	EndGlobalSection
	GlobalSection(SolutionProperties) = preSolution
		HideSolutionNode = FALSE
	EndGlobalSection
EndGlobal
