
Microsoft Visual Studio Solution File, Format Version 12.00
# Visual Studio Version 16
VisualStudioVersion = 16.0.31702.278
MinimumVisualStudioVersion = 10.0.40219.1
Project("{9A19103F-16F7-4668-BE54-9A1E7A4F7556}") = "535 CS DoubleAlmostEqual", "535 CS DoubleAlmostEqual.csproj", "{36CEF4C0-A116-4541-80F6-B44F643C8648}"
EndProject
Global
	GlobalSection(SolutionConfigurationPlatforms) = preSolution
		Debug|Any CPU = Debug|Any CPU
		Release|Any CPU = Release|Any CPU
	EndGlobalSection
	GlobalSection(ProjectConfigurationPlatforms) = postSolution
		{36CEF4C0-A116-4541-80F6-B44F643C8648}.Debug|Any CPU.ActiveCfg = Debug|Any CPU
		{36CEF4C0-A116-4541-80F6-B44F643C8648}.Debug|Any CPU.Build.0 = Debug|Any CPU
		{36CEF4C0-A116-4541-80F6-B44F643C8648}.Release|Any CPU.ActiveCfg = Release|Any CPU
		{36CEF4C0-A116-4541-80F6-B44F643C8648}.Release|Any CPU.Build.0 = Release|Any CPU
	EndGlobalSection
	GlobalSection(SolutionProperties) = preSolution
		HideSolutionNode = FALSE
	EndGlobalSection
	GlobalSection(ExtensibilityGlobals) = postSolution
		SolutionGuid = {8C4B215D-FF87-41F4-97D2-5A221573FA48}
	EndGlobalSection
EndGlobal
