
Microsoft Visual Studio Solution File, Format Version 12.00
# Visual Studio Version 16
VisualStudioVersion = 16.0.31702.278
MinimumVisualStudioVersion = 10.0.40219.1
Project("{9A19103F-16F7-4668-BE54-9A1E7A4F7556}") = "531 CS Vietnamese Puzzle", "531 CS Vietnamese Puzzle.csproj", "{2060F603-CB7F-4B08-8530-6C99FDB4C08A}"
EndProject
Global
	GlobalSection(SolutionConfigurationPlatforms) = preSolution
		Debug|Any CPU = Debug|Any CPU
		Release|Any CPU = Release|Any CPU
	EndGlobalSection
	GlobalSection(ProjectConfigurationPlatforms) = postSolution
		{2060F603-CB7F-4B08-8530-6C99FDB4C08A}.Debug|Any CPU.ActiveCfg = Debug|Any CPU
		{2060F603-CB7F-4B08-8530-6C99FDB4C08A}.Debug|Any CPU.Build.0 = Debug|Any CPU
		{2060F603-CB7F-4B08-8530-6C99FDB4C08A}.Release|Any CPU.ActiveCfg = Release|Any CPU
		{2060F603-CB7F-4B08-8530-6C99FDB4C08A}.Release|Any CPU.Build.0 = Release|Any CPU
	EndGlobalSection
	GlobalSection(SolutionProperties) = preSolution
		HideSolutionNode = FALSE
	EndGlobalSection
	GlobalSection(ExtensibilityGlobals) = postSolution
		SolutionGuid = {76AF685A-B6AB-4CC9-9857-87EB2C719AC3}
	EndGlobalSection
EndGlobal
