
Microsoft Visual Studio Solution File, Format Version 12.00
# Visual Studio Version 16
VisualStudioVersion = 16.0.31702.278
MinimumVisualStudioVersion = 10.0.40219.1
Project("{9A19103F-16F7-4668-BE54-9A1E7A4F7556}") = "401 CS SortedSet", "401 CS SortedSet.csproj", "{F5384C6B-B988-43BD-A5AB-3E8855A0CD2F}"
EndProject
Global
	GlobalSection(SolutionConfigurationPlatforms) = preSolution
		Debug|Any CPU = Debug|Any CPU
		Release|Any CPU = Release|Any CPU
	EndGlobalSection
	GlobalSection(ProjectConfigurationPlatforms) = postSolution
		{F5384C6B-B988-43BD-A5AB-3E8855A0CD2F}.Debug|Any CPU.ActiveCfg = Debug|Any CPU
		{F5384C6B-B988-43BD-A5AB-3E8855A0CD2F}.Debug|Any CPU.Build.0 = Debug|Any CPU
		{F5384C6B-B988-43BD-A5AB-3E8855A0CD2F}.Release|Any CPU.ActiveCfg = Release|Any CPU
		{F5384C6B-B988-43BD-A5AB-3E8855A0CD2F}.Release|Any CPU.Build.0 = Release|Any CPU
	EndGlobalSection
	GlobalSection(SolutionProperties) = preSolution
		HideSolutionNode = FALSE
	EndGlobalSection
	GlobalSection(ExtensibilityGlobals) = postSolution
		SolutionGuid = {7C69A4F1-E054-49FE-827D-696B8E66DBE6}
	EndGlobalSection
EndGlobal
