
Microsoft Visual Studio Solution File, Format Version 12.00
# Visual Studio Version 17
VisualStudioVersion = 17.0.31710.8
MinimumVisualStudioVersion = 10.0.40219.1
Project("{9A19103F-16F7-4668-BE54-9A1E7A4F7556}") = "044 CS Attributes", "044 CS Attributes.csproj", "{1E1E8ADB-330A-426E-82C5-448FA77CEE7C}"
EndProject
Global
	GlobalSection(SolutionConfigurationPlatforms) = preSolution
		Debug|Any CPU = Debug|Any CPU
		Release|Any CPU = Release|Any CPU
	EndGlobalSection
	GlobalSection(ProjectConfigurationPlatforms) = postSolution
		{1E1E8ADB-330A-426E-82C5-448FA77CEE7C}.Debug|Any CPU.ActiveCfg = Debug|Any CPU
		{1E1E8ADB-330A-426E-82C5-448FA77CEE7C}.Debug|Any CPU.Build.0 = Debug|Any CPU
		{1E1E8ADB-330A-426E-82C5-448FA77CEE7C}.Release|Any CPU.ActiveCfg = Release|Any CPU
		{1E1E8ADB-330A-426E-82C5-448FA77CEE7C}.Release|Any CPU.Build.0 = Release|Any CPU
	EndGlobalSection
	GlobalSection(SolutionProperties) = preSolution
		HideSolutionNode = FALSE
	EndGlobalSection
	GlobalSection(ExtensibilityGlobals) = postSolution
		SolutionGuid = {49B80D9F-8108-4ECD-BBCC-7B2A592172A1}
	EndGlobalSection
EndGlobal
