
Microsoft Visual Studio Solution File, Format Version 12.00
# Visual Studio Version 17
VisualStudioVersion = 17.0.31710.8
MinimumVisualStudioVersion = 10.0.40219.1
Project("{9A19103F-16F7-4668-BE54-9A1E7A4F7556}") = "047 CS System Namespace", "047 CS System Namespace.csproj", "{764AA6AA-6BA8-40EB-8950-30C56C4EC7C0}"
EndProject
Global
	GlobalSection(SolutionConfigurationPlatforms) = preSolution
		Debug|Any CPU = Debug|Any CPU
		Debug|x64 = Debug|x64
		Release|Any CPU = Release|Any CPU
		Release|x64 = Release|x64
	EndGlobalSection
	GlobalSection(ProjectConfigurationPlatforms) = postSolution
		{764AA6AA-6BA8-40EB-8950-30C56C4EC7C0}.Debug|Any CPU.ActiveCfg = Debug|Any CPU
		{764AA6AA-6BA8-40EB-8950-30C56C4EC7C0}.Debug|Any CPU.Build.0 = Debug|Any CPU
		{764AA6AA-6BA8-40EB-8950-30C56C4EC7C0}.Debug|x64.ActiveCfg = Debug|x64
		{764AA6AA-6BA8-40EB-8950-30C56C4EC7C0}.Debug|x64.Build.0 = Debug|x64
		{764AA6AA-6BA8-40EB-8950-30C56C4EC7C0}.Release|Any CPU.ActiveCfg = Release|Any CPU
		{764AA6AA-6BA8-40EB-8950-30C56C4EC7C0}.Release|Any CPU.Build.0 = Release|Any CPU
		{764AA6AA-6BA8-40EB-8950-30C56C4EC7C0}.Release|x64.ActiveCfg = Release|x64
		{764AA6AA-6BA8-40EB-8950-30C56C4EC7C0}.Release|x64.Build.0 = Release|x64
	EndGlobalSection
	GlobalSection(SolutionProperties) = preSolution
		HideSolutionNode = FALSE
	EndGlobalSection
	GlobalSection(ExtensibilityGlobals) = postSolution
		SolutionGuid = {926364D8-EFBC-417C-B39C-F1ED80E3B1BC}
	EndGlobalSection
EndGlobal
