
Microsoft Visual Studio Solution File, Format Version 12.00
# Visual Studio Version 16
VisualStudioVersion = 16.0.31702.278
MinimumVisualStudioVersion = 10.0.40219.1
Project("{9A19103F-16F7-4668-BE54-9A1E7A4F7556}") = "544 CS SkipAt Choice GetRange Shuffle", "544 CS SkipAt Choice GetRange Shuffle.csproj", "{3555A806-B72F-467B-A7F4-7E167ADE3039}"
EndProject
Global
	GlobalSection(SolutionConfigurationPlatforms) = preSolution
		Debug|Any CPU = Debug|Any CPU
		Release|Any CPU = Release|Any CPU
	EndGlobalSection
	GlobalSection(ProjectConfigurationPlatforms) = postSolution
		{3555A806-B72F-467B-A7F4-7E167ADE3039}.Debug|Any CPU.ActiveCfg = Debug|Any CPU
		{3555A806-B72F-467B-A7F4-7E167ADE3039}.Debug|Any CPU.Build.0 = Debug|Any CPU
		{3555A806-B72F-467B-A7F4-7E167ADE3039}.Release|Any CPU.ActiveCfg = Release|Any CPU
		{3555A806-B72F-467B-A7F4-7E167ADE3039}.Release|Any CPU.Build.0 = Release|Any CPU
	EndGlobalSection
	GlobalSection(SolutionProperties) = preSolution
		HideSolutionNode = FALSE
	EndGlobalSection
	GlobalSection(ExtensibilityGlobals) = postSolution
		SolutionGuid = {9ABFE87C-ABE1-4073-9F0F-51E3507AEED3}
	EndGlobalSection
EndGlobal
