
Microsoft Visual Studio Solution File, Format Version 11.00
# Visual Studio 2010
Project("{F184B08F-C81C-45F6-A57F-5ABD9991F28F}") = "327 VB KeepTeraAlive", "327 VB KeepTeraAlive.vbproj", "{CE61D31E-2572-4167-AC35-0FC12AD3BD2A}"
EndProject
Global
	GlobalSection(SolutionConfigurationPlatforms) = preSolution
		Debug|Any CPU = Debug|Any CPU
		Release|Any CPU = Release|Any CPU
	EndGlobalSection
	GlobalSection(ProjectConfigurationPlatforms) = postSolution
		{CE61D31E-2572-4167-AC35-0FC12AD3BD2A}.Debug|Any CPU.ActiveCfg = Debug|Any CPU
		{CE61D31E-2572-4167-AC35-0FC12AD3BD2A}.Debug|Any CPU.Build.0 = Debug|Any CPU
		{CE61D31E-2572-4167-AC35-0FC12AD3BD2A}.Release|Any CPU.ActiveCfg = Release|Any CPU
		{CE61D31E-2572-4167-AC35-0FC12AD3BD2A}.Release|Any CPU.Build.0 = Release|Any CPU
	EndGlobalSection
	GlobalSection(SolutionProperties) = preSolution
		HideSolutionNode = FALSE
	EndGlobalSection
EndGlobal
