
Microsoft Visual Studio Solution File, Format Version 12.00
# Visual Studio Version 16
VisualStudioVersion = 16.0.31702.278
MinimumVisualStudioVersion = 10.0.40219.1
Project("{9A19103F-16F7-4668-BE54-9A1E7A4F7556}") = "514 CS Remap HR Extract Pics", "514 CS Remap HR Extract Pics.csproj", "{F19BD760-C70F-4A12-85B9-02AF508A042B}"
EndProject
Global
	GlobalSection(SolutionConfigurationPlatforms) = preSolution
		Debug|Any CPU = Debug|Any CPU
		Release|Any CPU = Release|Any CPU
	EndGlobalSection
	GlobalSection(ProjectConfigurationPlatforms) = postSolution
		{F19BD760-C70F-4A12-85B9-02AF508A042B}.Debug|Any CPU.ActiveCfg = Debug|Any CPU
		{F19BD760-C70F-4A12-85B9-02AF508A042B}.Debug|Any CPU.Build.0 = Debug|Any CPU
		{F19BD760-C70F-4A12-85B9-02AF508A042B}.Release|Any CPU.ActiveCfg = Release|Any CPU
		{F19BD760-C70F-4A12-85B9-02AF508A042B}.Release|Any CPU.Build.0 = Release|Any CPU
	EndGlobalSection
	GlobalSection(SolutionProperties) = preSolution
		HideSolutionNode = FALSE
	EndGlobalSection
	GlobalSection(ExtensibilityGlobals) = postSolution
		SolutionGuid = {DEB46DAC-7CBC-491E-8FF1-24F1C85975D3}
	EndGlobalSection
EndGlobal
