
Microsoft Visual Studio Solution File, Format Version 12.00
# Visual Studio Version 16
VisualStudioVersion = 16.0.31702.278
MinimumVisualStudioVersion = 10.0.40219.1
Project("{778DAE3C-4631-46EA-AA77-85C1314464D9}") = "329 VB Wow64DisableWow64FsRedirection", "329 VB Wow64DisableWow64FsRedirection.vbproj", "{C425B7A6-FF09-46FE-821A-D2F7E6DE2D85}"
EndProject
Global
	GlobalSection(SolutionConfigurationPlatforms) = preSolution
		Debug|Any CPU = Debug|Any CPU
		Release|Any CPU = Release|Any CPU
	EndGlobalSection
	GlobalSection(ProjectConfigurationPlatforms) = postSolution
		{C425B7A6-FF09-46FE-821A-D2F7E6DE2D85}.Debug|Any CPU.ActiveCfg = Debug|Any CPU
		{C425B7A6-FF09-46FE-821A-D2F7E6DE2D85}.Debug|Any CPU.Build.0 = Debug|Any CPU
		{C425B7A6-FF09-46FE-821A-D2F7E6DE2D85}.Release|Any CPU.ActiveCfg = Release|Any CPU
		{C425B7A6-FF09-46FE-821A-D2F7E6DE2D85}.Release|Any CPU.Build.0 = Release|Any CPU
	EndGlobalSection
	GlobalSection(SolutionProperties) = preSolution
		HideSolutionNode = FALSE
	EndGlobalSection
	GlobalSection(ExtensibilityGlobals) = postSolution
		SolutionGuid = {FC1A2FCB-A998-4392-86DF-42A19A6ED2E0}
	EndGlobalSection
EndGlobal
