
Microsoft Visual Studio Solution File, Format Version 12.00
# Visual Studio Version 16
VisualStudioVersion = 16.0.31702.278
MinimumVisualStudioVersion = 10.0.40219.1
Project("{9A19103F-16F7-4668-BE54-9A1E7A4F7556}") = "093 CS Path", "093 CS Path.csproj", "{71078339-D471-4690-81E8-724C8F4DDAAA}"
EndProject
Global
	GlobalSection(SolutionConfigurationPlatforms) = preSolution
		Debug|Any CPU = Debug|Any CPU
		Release|Any CPU = Release|Any CPU
	EndGlobalSection
	GlobalSection(ProjectConfigurationPlatforms) = postSolution
		{71078339-D471-4690-81E8-724C8F4DDAAA}.Debug|Any CPU.ActiveCfg = Debug|Any CPU
		{71078339-D471-4690-81E8-724C8F4DDAAA}.Debug|Any CPU.Build.0 = Debug|Any CPU
		{71078339-D471-4690-81E8-724C8F4DDAAA}.Release|Any CPU.ActiveCfg = Release|Any CPU
		{71078339-D471-4690-81E8-724C8F4DDAAA}.Release|Any CPU.Build.0 = Release|Any CPU
	EndGlobalSection
	GlobalSection(SolutionProperties) = preSolution
		HideSolutionNode = FALSE
	EndGlobalSection
	GlobalSection(ExtensibilityGlobals) = postSolution
		SolutionGuid = {D664A905-C22F-47E9-A055-ED9DC9BAB4BD}
	EndGlobalSection
EndGlobal
