
Microsoft Visual Studio Solution File, Format Version 12.00
# Visual Studio Version 16
VisualStudioVersion = 16.0.31702.278
MinimumVisualStudioVersion = 10.0.40219.1
Project("{9A19103F-16F7-4668-BE54-9A1E7A4F7556}") = "523_1 CS UnblockMe Solver", "523_1 CS UnblockMe Solver.csproj", "{A57ACBF5-2179-4BDD-AAFF-9E9352D111A9}"
EndProject
Global
	GlobalSection(SolutionConfigurationPlatforms) = preSolution
		Debug|Any CPU = Debug|Any CPU
		Release|Any CPU = Release|Any CPU
	EndGlobalSection
	GlobalSection(ProjectConfigurationPlatforms) = postSolution
		{A57ACBF5-2179-4BDD-AAFF-9E9352D111A9}.Debug|Any CPU.ActiveCfg = Debug|Any CPU
		{A57ACBF5-2179-4BDD-AAFF-9E9352D111A9}.Debug|Any CPU.Build.0 = Debug|Any CPU
		{A57ACBF5-2179-4BDD-AAFF-9E9352D111A9}.Release|Any CPU.ActiveCfg = Release|Any CPU
		{A57ACBF5-2179-4BDD-AAFF-9E9352D111A9}.Release|Any CPU.Build.0 = Release|Any CPU
	EndGlobalSection
	GlobalSection(SolutionProperties) = preSolution
		HideSolutionNode = FALSE
	EndGlobalSection
	GlobalSection(ExtensibilityGlobals) = postSolution
		SolutionGuid = {0D891E80-6D7D-4B96-9258-AA1A77D59EE4}
	EndGlobalSection
EndGlobal
