
Microsoft Visual Studio Solution File, Format Version 12.00
# Visual Studio Version 16
VisualStudioVersion = 16.0.31702.278
MinimumVisualStudioVersion = 10.0.40219.1
Project("{9A19103F-16F7-4668-BE54-9A1E7A4F7556}") = "CS611 NewLaby", "611 CS NewLaby\CS611 NewLaby.csproj", "{05BD5D00-5CDC-4E5C-8139-BB0641A7AA21}"
EndProject
Project("{9A19103F-16F7-4668-BE54-9A1E7A4F7556}") = "611b CS NewLaby LiveTest", "NewLaby UnitTests\611b CS NewLaby LiveTest.csproj", "{E0960C27-23F1-4B55-879D-7F7210BC9404}"
EndProject
Global
	GlobalSection(SolutionConfigurationPlatforms) = preSolution
		Debug|Any CPU = Debug|Any CPU
		Release|Any CPU = Release|Any CPU
	EndGlobalSection
	GlobalSection(ProjectConfigurationPlatforms) = postSolution
		{05BD5D00-5CDC-4E5C-8139-BB0641A7AA21}.Debug|Any CPU.ActiveCfg = Debug|Any CPU
		{05BD5D00-5CDC-4E5C-8139-BB0641A7AA21}.Debug|Any CPU.Build.0 = Debug|Any CPU
		{05BD5D00-5CDC-4E5C-8139-BB0641A7AA21}.Release|Any CPU.ActiveCfg = Release|Any CPU
		{05BD5D00-5CDC-4E5C-8139-BB0641A7AA21}.Release|Any CPU.Build.0 = Release|Any CPU
		{E0960C27-23F1-4B55-879D-7F7210BC9404}.Debug|Any CPU.ActiveCfg = Debug|Any CPU
		{E0960C27-23F1-4B55-879D-7F7210BC9404}.Debug|Any CPU.Build.0 = Debug|Any CPU
		{E0960C27-23F1-4B55-879D-7F7210BC9404}.Release|Any CPU.ActiveCfg = Release|Any CPU
		{E0960C27-23F1-4B55-879D-7F7210BC9404}.Release|Any CPU.Build.0 = Release|Any CPU
	EndGlobalSection
	GlobalSection(SolutionProperties) = preSolution
		HideSolutionNode = FALSE
	EndGlobalSection
	GlobalSection(ExtensibilityGlobals) = postSolution
		SolutionGuid = {E072D406-53DE-433F-A9D9-99D663E9DE81}
	EndGlobalSection
EndGlobal
