Microsoft Visual Studio Solution File, Format Version 11.00
# Visual Studio 2010
Project("{F184B08F-C81C-45F6-A57F-5ABD9991F28F}") = "60 VB Assembly Info", "60 VB Assembly Info.vbproj", "{958040A7-594D-42AC-B276-BEAC5DF9BF17}"
EndProject
Global
	GlobalSection(SolutionConfigurationPlatforms) = preSolution
		Debug|Any CPU = Debug|Any CPU
		Release|Any CPU = Release|Any CPU
	EndGlobalSection
	GlobalSection(ProjectConfigurationPlatforms) = postSolution
		{958040A7-594D-42AC-B276-BEAC5DF9BF17}.Debug|Any CPU.ActiveCfg = Debug|Any CPU
		{958040A7-594D-42AC-B276-BEAC5DF9BF17}.Debug|Any CPU.Build.0 = Debug|Any CPU
		{958040A7-594D-42AC-B276-BEAC5DF9BF17}.Release|Any CPU.ActiveCfg = Release|Any CPU
		{958040A7-594D-42AC-B276-BEAC5DF9BF17}.Release|Any CPU.Build.0 = Release|Any CPU
	EndGlobalSection
	GlobalSection(SolutionProperties) = preSolution
		HideSolutionNode = FALSE
	EndGlobalSection
EndGlobal
