
Microsoft Visual Studio Solution File, Format Version 12.00
# Visual Studio Version 16
VisualStudioVersion = 16.0.31702.278
MinimumVisualStudioVersion = 10.0.40219.1
Project("{9A19103F-16F7-4668-BE54-9A1E7A4F7556}") = "524 CS Cordic", "524 CS Cordic.csproj", "{0B5C1FDF-835D-4EA9-B053-45E71B1A2096}"
EndProject
Global
	GlobalSection(SolutionConfigurationPlatforms) = preSolution
		Debug|Any CPU = Debug|Any CPU
		Release|Any CPU = Release|Any CPU
	EndGlobalSection
	GlobalSection(ProjectConfigurationPlatforms) = postSolution
		{0B5C1FDF-835D-4EA9-B053-45E71B1A2096}.Debug|Any CPU.ActiveCfg = Debug|Any CPU
		{0B5C1FDF-835D-4EA9-B053-45E71B1A2096}.Debug|Any CPU.Build.0 = Debug|Any CPU
		{0B5C1FDF-835D-4EA9-B053-45E71B1A2096}.Release|Any CPU.ActiveCfg = Release|Any CPU
		{0B5C1FDF-835D-4EA9-B053-45E71B1A2096}.Release|Any CPU.Build.0 = Release|Any CPU
	EndGlobalSection
	GlobalSection(SolutionProperties) = preSolution
		HideSolutionNode = FALSE
	EndGlobalSection
	GlobalSection(ExtensibilityGlobals) = postSolution
		SolutionGuid = {0084B3C5-64C3-4442-86B5-D74984A4D473}
	EndGlobalSection
EndGlobal
