
Microsoft Visual Studio Solution File, Format Version 12.00
# Visual Studio Version 16
VisualStudioVersion = 16.0.31702.278
MinimumVisualStudioVersion = 10.0.40219.1
Project("{9A19103F-16F7-4668-BE54-9A1E7A4F7556}") = "310 CS Lambda functions and Select projections", "310 CS Lambda functions and Select projections.csproj", "{EA107E00-954E-43F8-A724-C4CCA08D02C8}"
EndProject
Global
	GlobalSection(SolutionConfigurationPlatforms) = preSolution
		Debug|Any CPU = Debug|Any CPU
		Release|Any CPU = Release|Any CPU
	EndGlobalSection
	GlobalSection(ProjectConfigurationPlatforms) = postSolution
		{EA107E00-954E-43F8-A724-C4CCA08D02C8}.Debug|Any CPU.ActiveCfg = Debug|Any CPU
		{EA107E00-954E-43F8-A724-C4CCA08D02C8}.Debug|Any CPU.Build.0 = Debug|Any CPU
		{EA107E00-954E-43F8-A724-C4CCA08D02C8}.Release|Any CPU.ActiveCfg = Release|Any CPU
		{EA107E00-954E-43F8-A724-C4CCA08D02C8}.Release|Any CPU.Build.0 = Release|Any CPU
	EndGlobalSection
	GlobalSection(SolutionProperties) = preSolution
		HideSolutionNode = FALSE
	EndGlobalSection
	GlobalSection(ExtensibilityGlobals) = postSolution
		SolutionGuid = {FD32B1BE-9438-40E2-934A-E986A1E48509}
	EndGlobalSection
EndGlobal
