
Microsoft Visual Studio Solution File, Format Version 12.00
# Visual Studio Version 16
VisualStudioVersion = 16.0.31702.278
MinimumVisualStudioVersion = 10.0.40219.1
Project("{9A19103F-16F7-4668-BE54-9A1E7A4F7556}") = "611 CS NewLaby", "611 CS NewLaby.csproj", "{0FC2B219-8CA6-485A-B9AE-7912CD30754F}"
EndProject
Global
	GlobalSection(SolutionConfigurationPlatforms) = preSolution
		Debug|Any CPU = Debug|Any CPU
		Release|Any CPU = Release|Any CPU
	EndGlobalSection
	GlobalSection(ProjectConfigurationPlatforms) = postSolution
		{0FC2B219-8CA6-485A-B9AE-7912CD30754F}.Debug|Any CPU.ActiveCfg = Debug|Any CPU
		{0FC2B219-8CA6-485A-B9AE-7912CD30754F}.Debug|Any CPU.Build.0 = Debug|Any CPU
		{0FC2B219-8CA6-485A-B9AE-7912CD30754F}.Release|Any CPU.ActiveCfg = Release|Any CPU
		{0FC2B219-8CA6-485A-B9AE-7912CD30754F}.Release|Any CPU.Build.0 = Release|Any CPU
	EndGlobalSection
	GlobalSection(SolutionProperties) = preSolution
		HideSolutionNode = FALSE
	EndGlobalSection
	GlobalSection(ExtensibilityGlobals) = postSolution
		SolutionGuid = {3A89331D-6985-4B4A-872D-B9BF47028CD7}
	EndGlobalSection
EndGlobal
